// !$*UTF8*$!
{
	archiveVersion = 1;
	classes = {
	};
	objectVersion = 55;
	objects = {

/* Begin PBXBuildFile section */
		2C2A78F51687175396EA8B0C /* Pods_VoiceConsultingAppTests.framework in Frameworks */ = {isa = PBXBuildFile; fileRef = A9E06F32FFA15B113F930121 /* Pods_VoiceConsultingAppTests.framework */; };
		3500F74229DC07770080AC4F /* Extension+UIView.swift in Sources */ = {isa = PBXBuildFile; fileRef = 3500F74129DC07770080AC4F /* Extension+UIView.swift */; };
		3504E2A829E3A4F2006AEED6 /* PlainHeaderView.swift in Sources */ = {isa = PBXBuildFile; fileRef = 3504E2A729E3A4F2006AEED6 /* PlainHeaderView.swift */; };
		3504E2AE29E3A669006AEED6 /* HeaderType.swift in Sources */ = {isa = PBXBuildFile; fileRef = 3504E2AD29E3A669006AEED6 /* HeaderType.swift */; };
		3504E2B029E3A887006AEED6 /* MoreFitWellVC.swift in Sources */ = {isa = PBXBuildFile; fileRef = 3504E2AF29E3A887006AEED6 /* MoreFitWellVC.swift */; };
		3504E2B229E3A894006AEED6 /* MorePopularVC.swift in Sources */ = {isa = PBXBuildFile; fileRef = 3504E2B129E3A894006AEED6 /* MorePopularVC.swift */; };
		3504E2B429E3A8A0006AEED6 /* MoreLiveVC.swift in Sources */ = {isa = PBXBuildFile; fileRef = 3504E2B329E3A8A0006AEED6 /* MoreLiveVC.swift */; };
		3504E2B629E3A8B1006AEED6 /* MoreFitWellV.swift in Sources */ = {isa = PBXBuildFile; fileRef = 3504E2B529E3A8B1006AEED6 /* MoreFitWellV.swift */; };
		3504E2B829E3A8C4006AEED6 /* MorePopularV.swift in Sources */ = {isa = PBXBuildFile; fileRef = 3504E2B729E3A8C4006AEED6 /* MorePopularV.swift */; };
		3504E2BA29E3A8CE006AEED6 /* MoreLiveV.swift in Sources */ = {isa = PBXBuildFile; fileRef = 3504E2B929E3A8CE006AEED6 /* MoreLiveV.swift */; };
		3504E2BC29E3B1B4006AEED6 /* MorePopularCell.swift in Sources */ = {isa = PBXBuildFile; fileRef = 3504E2BB29E3B1B4006AEED6 /* MorePopularCell.swift */; };
		3504E2BE29E3B1C1006AEED6 /* MoreFitWellCell.swift in Sources */ = {isa = PBXBuildFile; fileRef = 3504E2BD29E3B1C1006AEED6 /* MoreFitWellCell.swift */; };
		3509F82D29D5755800AD880C /* ColorSet.swift in Sources */ = {isa = PBXBuildFile; fileRef = 3509F82C29D5755800AD880C /* ColorSet.swift */; };
		351684E029E9521A00E0CF44 /* BuyCoinCell.swift in Sources */ = {isa = PBXBuildFile; fileRef = 351684DF29E9521A00E0CF44 /* BuyCoinCell.swift */; };
		351684E229E9621F00E0CF44 /* CoinInformationUse.swift in Sources */ = {isa = PBXBuildFile; fileRef = 351684E129E9621F00E0CF44 /* CoinInformationUse.swift */; };
		35188F672A09FC830040804E /* CounselorField.swift in Sources */ = {isa = PBXBuildFile; fileRef = 35188F662A09FC830040804E /* CounselorField.swift */; };
		35188F6A2A0A01490040804E /* FBError.swift in Sources */ = {isa = PBXBuildFile; fileRef = 35188F692A0A01490040804E /* FBError.swift */; };
		351BB88A29FA72300050105F /* ChatManager.swift in Sources */ = {isa = PBXBuildFile; fileRef = 351BB88929FA72300050105F /* ChatManager.swift */; };
		3523AF8B2A09055300D51B8A /* CounselorInfo.swift in Sources */ = {isa = PBXBuildFile; fileRef = 3523AF8A2A09055300D51B8A /* CounselorInfo.swift */; };
		3523AF8E2A09079700D51B8A /* FBCollection.swift in Sources */ = {isa = PBXBuildFile; fileRef = 3523AF8D2A09079700D51B8A /* FBCollection.swift */; };
		3523AF902A0908F800D51B8A /* Extenstion+CollectionReference.swift in Sources */ = {isa = PBXBuildFile; fileRef = 3523AF8F2A0908F800D51B8A /* Extenstion+CollectionReference.swift */; };
		35277D1629DA6A66002A2A14 /* CoinBlock.swift in Sources */ = {isa = PBXBuildFile; fileRef = 35277D1529DA6A66002A2A14 /* CoinBlock.swift */; };
		35277D1829DA6BC9002A2A14 /* MainHeaderView.swift in Sources */ = {isa = PBXBuildFile; fileRef = 35277D1729DA6BC9002A2A14 /* MainHeaderView.swift */; };
		35277D1A29DA74B0002A2A14 /* Inter-Bold.ttf in Resources */ = {isa = PBXBuildFile; fileRef = 35277D1929DA73DD002A2A14 /* Inter-Bold.ttf */; };
		35277D1C29DA84E4002A2A14 /* MainListSection.swift in Sources */ = {isa = PBXBuildFile; fileRef = 35277D1B29DA84E4002A2A14 /* MainListSection.swift */; };
		35277D1E29DA8662002A2A14 /* MainListHeader.swift in Sources */ = {isa = PBXBuildFile; fileRef = 35277D1D29DA8662002A2A14 /* MainListHeader.swift */; };
		35277D2129DA8A95002A2A14 /* BannerCell.swift in Sources */ = {isa = PBXBuildFile; fileRef = 35277D2029DA8A95002A2A14 /* BannerCell.swift */; };
		35277D2329DA8AB9002A2A14 /* LiveCell.swift in Sources */ = {isa = PBXBuildFile; fileRef = 35277D2229DA8AB9002A2A14 /* LiveCell.swift */; };
		35277D2529DA8ACD002A2A14 /* PopularCell.swift in Sources */ = {isa = PBXBuildFile; fileRef = 35277D2429DA8ACD002A2A14 /* PopularCell.swift */; };
		35277D2729DA8ADA002A2A14 /* FitWellCell.swift in Sources */ = {isa = PBXBuildFile; fileRef = 35277D2629DA8ADA002A2A14 /* FitWellCell.swift */; };
		35308FAE29E4F5F4008FB343 /* MyPageMenu.swift in Sources */ = {isa = PBXBuildFile; fileRef = 35308FAD29E4F5F4008FB343 /* MyPageMenu.swift */; };
		35308FB029E4F77A008FB343 /* MyPageVM.swift in Sources */ = {isa = PBXBuildFile; fileRef = 35308FAF29E4F77A008FB343 /* MyPageVM.swift */; };
		35308FB229E4F83C008FB343 /* MenuCell.swift in Sources */ = {isa = PBXBuildFile; fileRef = 35308FB129E4F83C008FB343 /* MenuCell.swift */; };
		35308FB429E503CE008FB343 /* ChattingListV.swift in Sources */ = {isa = PBXBuildFile; fileRef = 35308FB329E503CE008FB343 /* ChattingListV.swift */; };
		35308FB629E50784008FB343 /* ChattingListHeader.swift in Sources */ = {isa = PBXBuildFile; fileRef = 35308FB529E50784008FB343 /* ChattingListHeader.swift */; };
		35308FB829E50E2F008FB343 /* ChattingCell.swift in Sources */ = {isa = PBXBuildFile; fileRef = 35308FB729E50E2F008FB343 /* ChattingCell.swift */; };
		35308FBA29E51126008FB343 /* ChattingListVM.swift in Sources */ = {isa = PBXBuildFile; fileRef = 35308FB929E51126008FB343 /* ChattingListVM.swift */; };
		35364FDB2A029D7D00C4BC8D /* PushManager.swift in Sources */ = {isa = PBXBuildFile; fileRef = 35364FDA2A029D7D00C4BC8D /* PushManager.swift */; };
		354609EC29D6EBA000FC5ABB /* CategoryCell.swift in Sources */ = {isa = PBXBuildFile; fileRef = 354609EB29D6EBA000FC5ABB /* CategoryCell.swift */; };
		354609F029D6F19500FC5ABB /* AssetImage.swift in Sources */ = {isa = PBXBuildFile; fileRef = 354609EF29D6F19500FC5ABB /* AssetImage.swift */; };
		354609F229D6F46700FC5ABB /* Category.swift in Sources */ = {isa = PBXBuildFile; fileRef = 354609F129D6F46700FC5ABB /* Category.swift */; };
		354609F529D70D8500FC5ABB /* LoginV.swift in Sources */ = {isa = PBXBuildFile; fileRef = 354609F429D70D8500FC5ABB /* LoginV.swift */; };
		354609F729D70DA600FC5ABB /* LoginVC.swift in Sources */ = {isa = PBXBuildFile; fileRef = 354609F629D70DA600FC5ABB /* LoginVC.swift */; };
		354609F929D70DF300FC5ABB /* LoginVM.swift in Sources */ = {isa = PBXBuildFile; fileRef = 354609F829D70DF300FC5ABB /* LoginVM.swift */; };
		354609FD29D70EEB00FC5ABB /* LoginType.swift in Sources */ = {isa = PBXBuildFile; fileRef = 354609FC29D70EEB00FC5ABB /* LoginType.swift */; };
		354664AF29E425EA0055375F /* ChattingListVC.swift in Sources */ = {isa = PBXBuildFile; fileRef = 354664AE29E425EA0055375F /* ChattingListVC.swift */; };
		354664B129E4262D0055375F /* MyPageVC.swift in Sources */ = {isa = PBXBuildFile; fileRef = 354664B029E4262D0055375F /* MyPageVC.swift */; };
		354664B329E42C1A0055375F /* CustomTabBarController.swift in Sources */ = {isa = PBXBuildFile; fileRef = 354664B229E42C1A0055375F /* CustomTabBarController.swift */; };
		354664B529E4359E0055375F /* MyPageV.swift in Sources */ = {isa = PBXBuildFile; fileRef = 354664B429E4359E0055375F /* MyPageV.swift */; };
		354664B729E436200055375F /* MyPageHeader.swift in Sources */ = {isa = PBXBuildFile; fileRef = 354664B629E436200055375F /* MyPageHeader.swift */; };
		354664B929E43ADF0055375F /* BigCoinBlock.swift in Sources */ = {isa = PBXBuildFile; fileRef = 354664B829E43ADF0055375F /* BigCoinBlock.swift */; };
		354664BB29E43FC50055375F /* ServiceCenterBlock.swift in Sources */ = {isa = PBXBuildFile; fileRef = 354664BA29E43FC50055375F /* ServiceCenterBlock.swift */; };
		354664BD29E441130055375F /* Inter-Medium.ttf in Resources */ = {isa = PBXBuildFile; fileRef = 354664BC29E441120055375F /* Inter-Medium.ttf */; };
		354B73C92A0B88AA00651EF9 /* CellTouchable.swift in Sources */ = {isa = PBXBuildFile; fileRef = 354B73C82A0B88AA00651EF9 /* CellTouchable.swift */; };
		354B73CB2A0B92BC00651EF9 /* NillLiveCounselorCell.swift in Sources */ = {isa = PBXBuildFile; fileRef = 354B73CA2A0B92BC00651EF9 /* NillLiveCounselorCell.swift */; };
		354B73CD2A0BAEB200651EF9 /* MoreButtonTouchable.swift in Sources */ = {isa = PBXBuildFile; fileRef = 354B73CC2A0BAEB200651EF9 /* MoreButtonTouchable.swift */; };
		355CAE592A0A27E500C121BF /* Counselor.swift in Sources */ = {isa = PBXBuildFile; fileRef = 355CAE582A0A27E500C121BF /* Counselor.swift */; };
		355EDEC629D5C43D00F9BD5D /* Fonts.swift in Sources */ = {isa = PBXBuildFile; fileRef = 355EDEC529D5C43D00F9BD5D /* Fonts.swift */; };
		355EDED329D5C6C600F9BD5D /* NotoSansKR-Regular.otf in Resources */ = {isa = PBXBuildFile; fileRef = 355EDECD29D5C6C500F9BD5D /* NotoSansKR-Regular.otf */; };
		355EDED429D5C6C600F9BD5D /* NotoSansKR-Thin.otf in Resources */ = {isa = PBXBuildFile; fileRef = 355EDECE29D5C6C500F9BD5D /* NotoSansKR-Thin.otf */; };
		355EDED529D5C6C600F9BD5D /* NotoSansKR-Black.otf in Resources */ = {isa = PBXBuildFile; fileRef = 355EDECF29D5C6C600F9BD5D /* NotoSansKR-Black.otf */; };
		355EDED629D5C6C600F9BD5D /* NotoSansKR-Bold.otf in Resources */ = {isa = PBXBuildFile; fileRef = 355EDED029D5C6C600F9BD5D /* NotoSansKR-Bold.otf */; };
		355EDED729D5C6C600F9BD5D /* NotoSansKR-Light.otf in Resources */ = {isa = PBXBuildFile; fileRef = 355EDED129D5C6C600F9BD5D /* NotoSansKR-Light.otf */; };
		355EDED829D5C6C600F9BD5D /* NotoSansKR-Medium.otf in Resources */ = {isa = PBXBuildFile; fileRef = 355EDED229D5C6C600F9BD5D /* NotoSansKR-Medium.otf */; };
		355EDEDB29D5C98800F9BD5D /* CompleteButton.swift in Sources */ = {isa = PBXBuildFile; fileRef = 355EDEDA29D5C98800F9BD5D /* CompleteButton.swift */; };
		355EDEDE29D5CD0300F9BD5D /* SelectCategoryVC.swift in Sources */ = {isa = PBXBuildFile; fileRef = 355EDEDD29D5CD0300F9BD5D /* SelectCategoryVC.swift */; };
		355EDEE029D5CD3600F9BD5D /* SelectCategoryVM.swift in Sources */ = {isa = PBXBuildFile; fileRef = 355EDEDF29D5CD3600F9BD5D /* SelectCategoryVM.swift */; };
		355EDEE229D5CD7A00F9BD5D /* SelectCategoryV.swift in Sources */ = {isa = PBXBuildFile; fileRef = 355EDEE129D5CD7A00F9BD5D /* SelectCategoryV.swift */; };
		3560437229DEB943001CDA77 /* CounselorBadge.swift in Sources */ = {isa = PBXBuildFile; fileRef = 3560437129DEB943001CDA77 /* CounselorBadge.swift */; };
		3560437429DEBAD7001CDA77 /* PopularCounselorCell.swift in Sources */ = {isa = PBXBuildFile; fileRef = 3560437329DEBAD7001CDA77 /* PopularCounselorCell.swift */; };
		3560437629DECB6A001CDA77 /* FitWellCounselorCell.swift in Sources */ = {isa = PBXBuildFile; fileRef = 3560437529DECB6A001CDA77 /* FitWellCounselorCell.swift */; };
		3560437829DECBFD001CDA77 /* CategoryBlock.swift in Sources */ = {isa = PBXBuildFile; fileRef = 3560437729DECBFD001CDA77 /* CategoryBlock.swift */; };
		356F7BCD2A07770100C536D8 /* InfoSectionHeader.swift in Sources */ = {isa = PBXBuildFile; fileRef = 356F7BCC2A07770100C536D8 /* InfoSectionHeader.swift */; };
		356F7BCF2A0779AE00C536D8 /* CounselorInfoSection.swift in Sources */ = {isa = PBXBuildFile; fileRef = 356F7BCE2A0779AE00C536D8 /* CounselorInfoSection.swift */; };
		356F7BD22A0790E300C536D8 /* AffiliationCell.swift in Sources */ = {isa = PBXBuildFile; fileRef = 356F7BD12A0790E300C536D8 /* AffiliationCell.swift */; };
		356F7BD42A07920A00C536D8 /* CollectionViewLeftAlignFlowLayout.swift in Sources */ = {isa = PBXBuildFile; fileRef = 356F7BD32A07920A00C536D8 /* CollectionViewLeftAlignFlowLayout.swift */; };
		356F7BD72A07934A00C536D8 /* AffiliationContentCell.swift in Sources */ = {isa = PBXBuildFile; fileRef = 356F7BD62A07934A00C536D8 /* AffiliationContentCell.swift */; };
		356F7BD92A0794D500C536D8 /* CertificateCell.swift in Sources */ = {isa = PBXBuildFile; fileRef = 356F7BD82A0794D500C536D8 /* CertificateCell.swift */; };
		356F7BDB2A07958F00C536D8 /* CertificateContentCell.swift in Sources */ = {isa = PBXBuildFile; fileRef = 356F7BDA2A07958F00C536D8 /* CertificateContentCell.swift */; };
		356F7BDD2A07ADDF00C536D8 /* ReviewCell.swift in Sources */ = {isa = PBXBuildFile; fileRef = 356F7BDC2A07ADDF00C536D8 /* ReviewCell.swift */; };
		356F7BDF2A07B47800C536D8 /* Extension+UISCrollView.swift in Sources */ = {isa = PBXBuildFile; fileRef = 356F7BDE2A07B47800C536D8 /* Extension+UISCrollView.swift */; };
		356F7BE22A07BF4600C536D8 /* PureLayout in Frameworks */ = {isa = PBXBuildFile; productRef = 356F7BE12A07BF4600C536D8 /* PureLayout */; };
		356F7BE52A07E45600C536D8 /* VoiceRoomV.swift in Sources */ = {isa = PBXBuildFile; fileRef = 356F7BE42A07E45600C536D8 /* VoiceRoomV.swift */; };
		356F7BE82A07E4A000C536D8 /* WriteReviewV.swift in Sources */ = {isa = PBXBuildFile; fileRef = 356F7BE72A07E4A000C536D8 /* WriteReviewV.swift */; };
		35726F322A05F556008E28D0 /* CounselorManager.swift in Sources */ = {isa = PBXBuildFile; fileRef = 35726F312A05F556008E28D0 /* CounselorManager.swift */; };
		35726F342A05F7A3008E28D0 /* DateCustomCell.swift in Sources */ = {isa = PBXBuildFile; fileRef = 35726F332A05F7A3008E28D0 /* DateCustomCell.swift */; };
		35726F362A066966008E28D0 /* CustomTabBar.swift in Sources */ = {isa = PBXBuildFile; fileRef = 35726F352A066966008E28D0 /* CustomTabBar.swift */; };
		357D84ED2A0A7196003DB1FC /* LiveCellVM.swift in Sources */ = {isa = PBXBuildFile; fileRef = 357D84EC2A0A7196003DB1FC /* LiveCellVM.swift */; };
		35962E8029F9253A0059CF17 /* ChatRoomHeader.swift in Sources */ = {isa = PBXBuildFile; fileRef = 35962E7F29F9253A0059CF17 /* ChatRoomHeader.swift */; };
		359933C629D077E50098A0FC /* GoogleService-Info.plist in Resources */ = {isa = PBXBuildFile; fileRef = 359933C529D077E50098A0FC /* GoogleService-Info.plist */; };
		359933C929D07A520098A0FC /* MainVC.swift in Sources */ = {isa = PBXBuildFile; fileRef = 359933C829D07A520098A0FC /* MainVC.swift */; };
		359933CB29D07A690098A0FC /* MainV.swift in Sources */ = {isa = PBXBuildFile; fileRef = 359933CA29D07A690098A0FC /* MainV.swift */; };
		359933CD29D07A750098A0FC /* MainVM.swift in Sources */ = {isa = PBXBuildFile; fileRef = 359933CC29D07A750098A0FC /* MainVM.swift */; };
		359D326529E550AC005BF86C /* CoinManagementVC.swift in Sources */ = {isa = PBXBuildFile; fileRef = 359D326429E550AC005BF86C /* CoinManagementVC.swift */; };
		359D326729E5514B005BF86C /* CoinManagementV.swift in Sources */ = {isa = PBXBuildFile; fileRef = 359D326629E5514B005BF86C /* CoinManagementV.swift */; };
		359D326A29E574FE005BF86C /* BuyCoinVC.swift in Sources */ = {isa = PBXBuildFile; fileRef = 359D326929E574FE005BF86C /* BuyCoinVC.swift */; };
		359D326C29E5751D005BF86C /* BuyHistoryVC.swift in Sources */ = {isa = PBXBuildFile; fileRef = 359D326B29E5751D005BF86C /* BuyHistoryVC.swift */; };
		359D326E29E57530005BF86C /* UseHistoryVC.swift in Sources */ = {isa = PBXBuildFile; fileRef = 359D326D29E57530005BF86C /* UseHistoryVC.swift */; };
		359D327529E57601005BF86C /* BuyCoinV.swift in Sources */ = {isa = PBXBuildFile; fileRef = 359D327429E57601005BF86C /* BuyCoinV.swift */; };
		359D327729E57D4E005BF86C /* BuyHistoryCell.swift in Sources */ = {isa = PBXBuildFile; fileRef = 359D327629E57D4E005BF86C /* BuyHistoryCell.swift */; };
		359D327929E58002005BF86C /* BuyHistoryV.swift in Sources */ = {isa = PBXBuildFile; fileRef = 359D327829E58002005BF86C /* BuyHistoryV.swift */; };
		359D327B29E58230005BF86C /* UseHistoryV.swift in Sources */ = {isa = PBXBuildFile; fileRef = 359D327A29E58230005BF86C /* UseHistoryV.swift */; };
		359D327D29E582C8005BF86C /* UseHistoryCell.swift in Sources */ = {isa = PBXBuildFile; fileRef = 359D327C29E582C8005BF86C /* UseHistoryCell.swift */; };
		359F7FBA29FD4B7000274108 /* CounselorDetailV.swift in Sources */ = {isa = PBXBuildFile; fileRef = 359F7FB929FD4B7000274108 /* CounselorDetailV.swift */; };
		359F7FBD29FD4CE600274108 /* CounselorDetailVC.swift in Sources */ = {isa = PBXBuildFile; fileRef = 359F7FBC29FD4CE600274108 /* CounselorDetailVC.swift */; };
		359F7FBF29FD571000274108 /* CounselorDetailHeader.swift in Sources */ = {isa = PBXBuildFile; fileRef = 359F7FBE29FD571000274108 /* CounselorDetailHeader.swift */; };
		359F7FC129FD589C00274108 /* NotificationName.swift in Sources */ = {isa = PBXBuildFile; fileRef = 359F7FC029FD589C00274108 /* NotificationName.swift */; };
		35BC511929D1950F00BEA034 /* SelectUseTypeV.swift in Sources */ = {isa = PBXBuildFile; fileRef = 35BC511829D1950F00BEA034 /* SelectUseTypeV.swift */; };
		35BC511B29D1968B00BEA034 /* SelectUseTypeVC.swift in Sources */ = {isa = PBXBuildFile; fileRef = 35BC511A29D1968B00BEA034 /* SelectUseTypeVC.swift */; };
		35BC511D29D196FB00BEA034 /* SelectUseTypeVM.swift in Sources */ = {isa = PBXBuildFile; fileRef = 35BC511C29D196FB00BEA034 /* SelectUseTypeVM.swift */; };
		35C29FF229ECE1830018FE04 /* MessageKit in Frameworks */ = {isa = PBXBuildFile; productRef = 35C29FF129ECE1830018FE04 /* MessageKit */; };
		35C29FF529ECE1C30018FE04 /* ChatRoomVC.swift in Sources */ = {isa = PBXBuildFile; fileRef = 35C29FF429ECE1C30018FE04 /* ChatRoomVC.swift */; };
		35C29FF829ECF1D60018FE04 /* ChatChannel.swift in Sources */ = {isa = PBXBuildFile; fileRef = 35C29FF729ECF1D60018FE04 /* ChatChannel.swift */; };
		35C29FFB29ECF2580018FE04 /* ImageMediaItem.swift in Sources */ = {isa = PBXBuildFile; fileRef = 35C29FFA29ECF2580018FE04 /* ImageMediaItem.swift */; };
		35C29FFD29ECF2A20018FE04 /* Message.swift in Sources */ = {isa = PBXBuildFile; fileRef = 35C29FFC29ECF2A20018FE04 /* Message.swift */; };
		35C29FFF29ECF3E40018FE04 /* Sender.swift in Sources */ = {isa = PBXBuildFile; fileRef = 35C29FFE29ECF3E40018FE04 /* Sender.swift */; };
		35CAB92C2A03AD6A00FB4AB9 /* AgoraPushManager.swift in Sources */ = {isa = PBXBuildFile; fileRef = 35CAB92B2A03AD6A00FB4AB9 /* AgoraPushManager.swift */; };
		35DECCB829DBD26800DE5BE3 /* LiveCounselorCell.swift in Sources */ = {isa = PBXBuildFile; fileRef = 35DECCB729DBD26800DE5BE3 /* LiveCounselorCell.swift */; };
		35E2987C29CBEC2D00847F49 /* SplashV.swift in Sources */ = {isa = PBXBuildFile; fileRef = 35E2987B29CBEC2D00847F49 /* SplashV.swift */; };
		35E2987E29CBEC5800847F49 /* SplashVM.swift in Sources */ = {isa = PBXBuildFile; fileRef = 35E2987D29CBEC5800847F49 /* SplashVM.swift */; };
		35EAEAF329CAF99500AAE587 /* AppDelegate.swift in Sources */ = {isa = PBXBuildFile; fileRef = 35EAEAF229CAF99500AAE587 /* AppDelegate.swift */; };
		35EAEAF529CAF99500AAE587 /* SceneDelegate.swift in Sources */ = {isa = PBXBuildFile; fileRef = 35EAEAF429CAF99500AAE587 /* SceneDelegate.swift */; };
		35EAEAF729CAF99500AAE587 /* SplashVC.swift in Sources */ = {isa = PBXBuildFile; fileRef = 35EAEAF629CAF99500AAE587 /* SplashVC.swift */; };
		35EAEAFC29CAF99600AAE587 /* Assets.xcassets in Resources */ = {isa = PBXBuildFile; fileRef = 35EAEAFB29CAF99600AAE587 /* Assets.xcassets */; };
		35EAEB0A29CAF99600AAE587 /* VoiceConsultingAppTests.swift in Sources */ = {isa = PBXBuildFile; fileRef = 35EAEB0929CAF99600AAE587 /* VoiceConsultingAppTests.swift */; };
		35EAEB1429CAF99600AAE587 /* VoiceConsultingAppUITests.swift in Sources */ = {isa = PBXBuildFile; fileRef = 35EAEB1329CAF99600AAE587 /* VoiceConsultingAppUITests.swift */; };
		35EAEB1629CAF99600AAE587 /* VoiceConsultingAppUITestsLaunchTests.swift in Sources */ = {isa = PBXBuildFile; fileRef = 35EAEB1529CAF99600AAE587 /* VoiceConsultingAppUITestsLaunchTests.swift */; };
		35EAEB2529CAFB5600AAE587 /* Cordinator.swift in Sources */ = {isa = PBXBuildFile; fileRef = 35EAEB2429CAFB5600AAE587 /* Cordinator.swift */; };
		35EAEB2929CAFD4A00AAE587 /* BaseViewController.swift in Sources */ = {isa = PBXBuildFile; fileRef = 35EAEB2829CAFD4A00AAE587 /* BaseViewController.swift */; };
		35EAEB2C29CAFDAA00AAE587 /* BaseViewModel.swift in Sources */ = {isa = PBXBuildFile; fileRef = 35EAEB2B29CAFDAA00AAE587 /* BaseViewModel.swift */; };
		C55187F2CEC9561FB6C2CD5E /* Pods_VoiceConsultingApp.framework in Frameworks */ = {isa = PBXBuildFile; fileRef = 7AF0986E50E658B337C9CCCC /* Pods_VoiceConsultingApp.framework */; };
		E95B285FCC832419F9742AAF /* Pods_VoiceConsultingApp_VoiceConsultingAppUITests.framework in Frameworks */ = {isa = PBXBuildFile; fileRef = 8DF7F3D5479910038BEB4060 /* Pods_VoiceConsultingApp_VoiceConsultingAppUITests.framework */; };
/* End PBXBuildFile section */

/* Begin PBXContainerItemProxy section */
		35EAEB0629CAF99600AAE587 /* PBXContainerItemProxy */ = {
			isa = PBXContainerItemProxy;
			containerPortal = 35EAEAE729CAF99500AAE587 /* Project object */;
			proxyType = 1;
			remoteGlobalIDString = 35EAEAEE29CAF99500AAE587;
			remoteInfo = VoiceConsultingApp;
		};
		35EAEB1029CAF99600AAE587 /* PBXContainerItemProxy */ = {
			isa = PBXContainerItemProxy;
			containerPortal = 35EAEAE729CAF99500AAE587 /* Project object */;
			proxyType = 1;
			remoteGlobalIDString = 35EAEAEE29CAF99500AAE587;
			remoteInfo = VoiceConsultingApp;
		};
/* End PBXContainerItemProxy section */

/* Begin PBXFileReference section */
		280AA3B4E8285222635E653A /* Pods-VoiceConsultingApp-VoiceConsultingAppUITests.release.xcconfig */ = {isa = PBXFileReference; includeInIndex = 1; lastKnownFileType = text.xcconfig; name = "Pods-VoiceConsultingApp-VoiceConsultingAppUITests.release.xcconfig"; path = "Target Support Files/Pods-VoiceConsultingApp-VoiceConsultingAppUITests/Pods-VoiceConsultingApp-VoiceConsultingAppUITests.release.xcconfig"; sourceTree = "<group>"; };
		3500F74129DC07770080AC4F /* Extension+UIView.swift */ = {isa = PBXFileReference; lastKnownFileType = sourcecode.swift; path = "Extension+UIView.swift"; sourceTree = "<group>"; };
		3504E2A729E3A4F2006AEED6 /* PlainHeaderView.swift */ = {isa = PBXFileReference; lastKnownFileType = sourcecode.swift; path = PlainHeaderView.swift; sourceTree = "<group>"; };
		3504E2AD29E3A669006AEED6 /* HeaderType.swift */ = {isa = PBXFileReference; lastKnownFileType = sourcecode.swift; path = HeaderType.swift; sourceTree = "<group>"; };
		3504E2AF29E3A887006AEED6 /* MoreFitWellVC.swift */ = {isa = PBXFileReference; lastKnownFileType = sourcecode.swift; path = MoreFitWellVC.swift; sourceTree = "<group>"; };
		3504E2B129E3A894006AEED6 /* MorePopularVC.swift */ = {isa = PBXFileReference; lastKnownFileType = sourcecode.swift; path = MorePopularVC.swift; sourceTree = "<group>"; };
		3504E2B329E3A8A0006AEED6 /* MoreLiveVC.swift */ = {isa = PBXFileReference; lastKnownFileType = sourcecode.swift; path = MoreLiveVC.swift; sourceTree = "<group>"; };
		3504E2B529E3A8B1006AEED6 /* MoreFitWellV.swift */ = {isa = PBXFileReference; lastKnownFileType = sourcecode.swift; path = MoreFitWellV.swift; sourceTree = "<group>"; };
		3504E2B729E3A8C4006AEED6 /* MorePopularV.swift */ = {isa = PBXFileReference; lastKnownFileType = sourcecode.swift; path = MorePopularV.swift; sourceTree = "<group>"; };
		3504E2B929E3A8CE006AEED6 /* MoreLiveV.swift */ = {isa = PBXFileReference; lastKnownFileType = sourcecode.swift; path = MoreLiveV.swift; sourceTree = "<group>"; };
		3504E2BB29E3B1B4006AEED6 /* MorePopularCell.swift */ = {isa = PBXFileReference; lastKnownFileType = sourcecode.swift; name = MorePopularCell.swift; path = VoiceConsultingApp/More/FitWell/MorePopularCell.swift; sourceTree = SOURCE_ROOT; };
		3504E2BD29E3B1C1006AEED6 /* MoreFitWellCell.swift */ = {isa = PBXFileReference; lastKnownFileType = sourcecode.swift; path = MoreFitWellCell.swift; sourceTree = "<group>"; };
		3509F82C29D5755800AD880C /* ColorSet.swift */ = {isa = PBXFileReference; lastKnownFileType = sourcecode.swift; path = ColorSet.swift; sourceTree = "<group>"; };
		351684DF29E9521A00E0CF44 /* BuyCoinCell.swift */ = {isa = PBXFileReference; lastKnownFileType = sourcecode.swift; path = BuyCoinCell.swift; sourceTree = "<group>"; };
		351684E129E9621F00E0CF44 /* CoinInformationUse.swift */ = {isa = PBXFileReference; lastKnownFileType = sourcecode.swift; path = CoinInformationUse.swift; sourceTree = "<group>"; };
		35188F662A09FC830040804E /* CounselorField.swift */ = {isa = PBXFileReference; lastKnownFileType = sourcecode.swift; path = CounselorField.swift; sourceTree = "<group>"; };
		35188F692A0A01490040804E /* FBError.swift */ = {isa = PBXFileReference; lastKnownFileType = sourcecode.swift; path = FBError.swift; sourceTree = "<group>"; };
		351BB88929FA72300050105F /* ChatManager.swift */ = {isa = PBXFileReference; lastKnownFileType = sourcecode.swift; path = ChatManager.swift; sourceTree = "<group>"; };
		3523AF8A2A09055300D51B8A /* CounselorInfo.swift */ = {isa = PBXFileReference; lastKnownFileType = sourcecode.swift; path = CounselorInfo.swift; sourceTree = "<group>"; };
		3523AF8D2A09079700D51B8A /* FBCollection.swift */ = {isa = PBXFileReference; lastKnownFileType = sourcecode.swift; path = FBCollection.swift; sourceTree = "<group>"; };
		3523AF8F2A0908F800D51B8A /* Extenstion+CollectionReference.swift */ = {isa = PBXFileReference; lastKnownFileType = sourcecode.swift; path = "Extenstion+CollectionReference.swift"; sourceTree = "<group>"; };
		35277D1529DA6A66002A2A14 /* CoinBlock.swift */ = {isa = PBXFileReference; lastKnownFileType = sourcecode.swift; path = CoinBlock.swift; sourceTree = "<group>"; };
		35277D1729DA6BC9002A2A14 /* MainHeaderView.swift */ = {isa = PBXFileReference; lastKnownFileType = sourcecode.swift; path = MainHeaderView.swift; sourceTree = "<group>"; };
		35277D1929DA73DD002A2A14 /* Inter-Bold.ttf */ = {isa = PBXFileReference; lastKnownFileType = file; path = "Inter-Bold.ttf"; sourceTree = "<group>"; };
		35277D1B29DA84E4002A2A14 /* MainListSection.swift */ = {isa = PBXFileReference; lastKnownFileType = sourcecode.swift; path = MainListSection.swift; sourceTree = "<group>"; };
		35277D1D29DA8662002A2A14 /* MainListHeader.swift */ = {isa = PBXFileReference; lastKnownFileType = sourcecode.swift; path = MainListHeader.swift; sourceTree = "<group>"; };
		35277D2029DA8A95002A2A14 /* BannerCell.swift */ = {isa = PBXFileReference; lastKnownFileType = sourcecode.swift; path = BannerCell.swift; sourceTree = "<group>"; };
		35277D2229DA8AB9002A2A14 /* LiveCell.swift */ = {isa = PBXFileReference; lastKnownFileType = sourcecode.swift; path = LiveCell.swift; sourceTree = "<group>"; };
		35277D2429DA8ACD002A2A14 /* PopularCell.swift */ = {isa = PBXFileReference; lastKnownFileType = sourcecode.swift; path = PopularCell.swift; sourceTree = "<group>"; };
		35277D2629DA8ADA002A2A14 /* FitWellCell.swift */ = {isa = PBXFileReference; lastKnownFileType = sourcecode.swift; path = FitWellCell.swift; sourceTree = "<group>"; };
		35308FAD29E4F5F4008FB343 /* MyPageMenu.swift */ = {isa = PBXFileReference; lastKnownFileType = sourcecode.swift; path = MyPageMenu.swift; sourceTree = "<group>"; };
		35308FAF29E4F77A008FB343 /* MyPageVM.swift */ = {isa = PBXFileReference; lastKnownFileType = sourcecode.swift; path = MyPageVM.swift; sourceTree = "<group>"; };
		35308FB129E4F83C008FB343 /* MenuCell.swift */ = {isa = PBXFileReference; lastKnownFileType = sourcecode.swift; path = MenuCell.swift; sourceTree = "<group>"; };
		35308FB329E503CE008FB343 /* ChattingListV.swift */ = {isa = PBXFileReference; lastKnownFileType = sourcecode.swift; path = ChattingListV.swift; sourceTree = "<group>"; };
		35308FB529E50784008FB343 /* ChattingListHeader.swift */ = {isa = PBXFileReference; lastKnownFileType = sourcecode.swift; path = ChattingListHeader.swift; sourceTree = "<group>"; };
		35308FB729E50E2F008FB343 /* ChattingCell.swift */ = {isa = PBXFileReference; lastKnownFileType = sourcecode.swift; path = ChattingCell.swift; sourceTree = "<group>"; };
		35308FB929E51126008FB343 /* ChattingListVM.swift */ = {isa = PBXFileReference; lastKnownFileType = sourcecode.swift; path = ChattingListVM.swift; sourceTree = "<group>"; };
		35364FD82A029C5900C4BC8D /* VoiceConsultingApp.entitlements */ = {isa = PBXFileReference; lastKnownFileType = text.plist.entitlements; path = VoiceConsultingApp.entitlements; sourceTree = "<group>"; };
		35364FDA2A029D7D00C4BC8D /* PushManager.swift */ = {isa = PBXFileReference; lastKnownFileType = sourcecode.swift; path = PushManager.swift; sourceTree = "<group>"; };
		354609EB29D6EBA000FC5ABB /* CategoryCell.swift */ = {isa = PBXFileReference; lastKnownFileType = sourcecode.swift; path = CategoryCell.swift; sourceTree = "<group>"; };
		354609EF29D6F19500FC5ABB /* AssetImage.swift */ = {isa = PBXFileReference; lastKnownFileType = sourcecode.swift; path = AssetImage.swift; sourceTree = "<group>"; };
		354609F129D6F46700FC5ABB /* Category.swift */ = {isa = PBXFileReference; lastKnownFileType = sourcecode.swift; path = Category.swift; sourceTree = "<group>"; };
		354609F429D70D8500FC5ABB /* LoginV.swift */ = {isa = PBXFileReference; lastKnownFileType = sourcecode.swift; path = LoginV.swift; sourceTree = "<group>"; };
		354609F629D70DA600FC5ABB /* LoginVC.swift */ = {isa = PBXFileReference; lastKnownFileType = sourcecode.swift; path = LoginVC.swift; sourceTree = "<group>"; };
		354609F829D70DF300FC5ABB /* LoginVM.swift */ = {isa = PBXFileReference; lastKnownFileType = sourcecode.swift; path = LoginVM.swift; sourceTree = "<group>"; };
		354609FC29D70EEB00FC5ABB /* LoginType.swift */ = {isa = PBXFileReference; lastKnownFileType = sourcecode.swift; path = LoginType.swift; sourceTree = "<group>"; };
		354664AE29E425EA0055375F /* ChattingListVC.swift */ = {isa = PBXFileReference; lastKnownFileType = sourcecode.swift; path = ChattingListVC.swift; sourceTree = "<group>"; };
		354664B029E4262D0055375F /* MyPageVC.swift */ = {isa = PBXFileReference; lastKnownFileType = sourcecode.swift; path = MyPageVC.swift; sourceTree = "<group>"; };
		354664B229E42C1A0055375F /* CustomTabBarController.swift */ = {isa = PBXFileReference; lastKnownFileType = sourcecode.swift; path = CustomTabBarController.swift; sourceTree = "<group>"; };
		354664B429E4359E0055375F /* MyPageV.swift */ = {isa = PBXFileReference; lastKnownFileType = sourcecode.swift; path = MyPageV.swift; sourceTree = "<group>"; };
		354664B629E436200055375F /* MyPageHeader.swift */ = {isa = PBXFileReference; lastKnownFileType = sourcecode.swift; path = MyPageHeader.swift; sourceTree = "<group>"; };
		354664B829E43ADF0055375F /* BigCoinBlock.swift */ = {isa = PBXFileReference; lastKnownFileType = sourcecode.swift; path = BigCoinBlock.swift; sourceTree = "<group>"; };
		354664BA29E43FC50055375F /* ServiceCenterBlock.swift */ = {isa = PBXFileReference; lastKnownFileType = sourcecode.swift; path = ServiceCenterBlock.swift; sourceTree = "<group>"; };
		354664BC29E441120055375F /* Inter-Medium.ttf */ = {isa = PBXFileReference; lastKnownFileType = file; path = "Inter-Medium.ttf"; sourceTree = "<group>"; };
		354B73C82A0B88AA00651EF9 /* CellTouchable.swift */ = {isa = PBXFileReference; lastKnownFileType = sourcecode.swift; path = CellTouchable.swift; sourceTree = "<group>"; };
		354B73CA2A0B92BC00651EF9 /* NillLiveCounselorCell.swift */ = {isa = PBXFileReference; lastKnownFileType = sourcecode.swift; path = NillLiveCounselorCell.swift; sourceTree = "<group>"; };
		354B73CC2A0BAEB200651EF9 /* MoreButtonTouchable.swift */ = {isa = PBXFileReference; lastKnownFileType = sourcecode.swift; path = MoreButtonTouchable.swift; sourceTree = "<group>"; };
		355CAE582A0A27E500C121BF /* Counselor.swift */ = {isa = PBXFileReference; lastKnownFileType = sourcecode.swift; path = Counselor.swift; sourceTree = "<group>"; };
		355EDEC529D5C43D00F9BD5D /* Fonts.swift */ = {isa = PBXFileReference; lastKnownFileType = sourcecode.swift; path = Fonts.swift; sourceTree = "<group>"; };
		355EDECD29D5C6C500F9BD5D /* NotoSansKR-Regular.otf */ = {isa = PBXFileReference; lastKnownFileType = file; path = "NotoSansKR-Regular.otf"; sourceTree = "<group>"; };
		355EDECE29D5C6C500F9BD5D /* NotoSansKR-Thin.otf */ = {isa = PBXFileReference; lastKnownFileType = file; path = "NotoSansKR-Thin.otf"; sourceTree = "<group>"; };
		355EDECF29D5C6C600F9BD5D /* NotoSansKR-Black.otf */ = {isa = PBXFileReference; lastKnownFileType = file; path = "NotoSansKR-Black.otf"; sourceTree = "<group>"; };
		355EDED029D5C6C600F9BD5D /* NotoSansKR-Bold.otf */ = {isa = PBXFileReference; lastKnownFileType = file; path = "NotoSansKR-Bold.otf"; sourceTree = "<group>"; };
		355EDED129D5C6C600F9BD5D /* NotoSansKR-Light.otf */ = {isa = PBXFileReference; lastKnownFileType = file; path = "NotoSansKR-Light.otf"; sourceTree = "<group>"; };
		355EDED229D5C6C600F9BD5D /* NotoSansKR-Medium.otf */ = {isa = PBXFileReference; lastKnownFileType = file; path = "NotoSansKR-Medium.otf"; sourceTree = "<group>"; };
		355EDEDA29D5C98800F9BD5D /* CompleteButton.swift */ = {isa = PBXFileReference; lastKnownFileType = sourcecode.swift; path = CompleteButton.swift; sourceTree = "<group>"; };
		355EDEDD29D5CD0300F9BD5D /* SelectCategoryVC.swift */ = {isa = PBXFileReference; lastKnownFileType = sourcecode.swift; path = SelectCategoryVC.swift; sourceTree = "<group>"; };
		355EDEDF29D5CD3600F9BD5D /* SelectCategoryVM.swift */ = {isa = PBXFileReference; lastKnownFileType = sourcecode.swift; path = SelectCategoryVM.swift; sourceTree = "<group>"; };
		355EDEE129D5CD7A00F9BD5D /* SelectCategoryV.swift */ = {isa = PBXFileReference; lastKnownFileType = sourcecode.swift; path = SelectCategoryV.swift; sourceTree = "<group>"; };
		3560437129DEB943001CDA77 /* CounselorBadge.swift */ = {isa = PBXFileReference; lastKnownFileType = sourcecode.swift; path = CounselorBadge.swift; sourceTree = "<group>"; };
		3560437329DEBAD7001CDA77 /* PopularCounselorCell.swift */ = {isa = PBXFileReference; lastKnownFileType = sourcecode.swift; path = PopularCounselorCell.swift; sourceTree = "<group>"; };
		3560437529DECB6A001CDA77 /* FitWellCounselorCell.swift */ = {isa = PBXFileReference; lastKnownFileType = sourcecode.swift; path = FitWellCounselorCell.swift; sourceTree = "<group>"; };
		3560437729DECBFD001CDA77 /* CategoryBlock.swift */ = {isa = PBXFileReference; lastKnownFileType = sourcecode.swift; path = CategoryBlock.swift; sourceTree = "<group>"; };
		356F7BCC2A07770100C536D8 /* InfoSectionHeader.swift */ = {isa = PBXFileReference; lastKnownFileType = sourcecode.swift; path = InfoSectionHeader.swift; sourceTree = "<group>"; };
		356F7BCE2A0779AE00C536D8 /* CounselorInfoSection.swift */ = {isa = PBXFileReference; lastKnownFileType = sourcecode.swift; path = CounselorInfoSection.swift; sourceTree = "<group>"; };
		356F7BD12A0790E300C536D8 /* AffiliationCell.swift */ = {isa = PBXFileReference; lastKnownFileType = sourcecode.swift; path = AffiliationCell.swift; sourceTree = "<group>"; };
		356F7BD32A07920A00C536D8 /* CollectionViewLeftAlignFlowLayout.swift */ = {isa = PBXFileReference; lastKnownFileType = sourcecode.swift; path = CollectionViewLeftAlignFlowLayout.swift; sourceTree = "<group>"; };
		356F7BD62A07934A00C536D8 /* AffiliationContentCell.swift */ = {isa = PBXFileReference; lastKnownFileType = sourcecode.swift; path = AffiliationContentCell.swift; sourceTree = "<group>"; };
		356F7BD82A0794D500C536D8 /* CertificateCell.swift */ = {isa = PBXFileReference; lastKnownFileType = sourcecode.swift; path = CertificateCell.swift; sourceTree = "<group>"; };
		356F7BDA2A07958F00C536D8 /* CertificateContentCell.swift */ = {isa = PBXFileReference; lastKnownFileType = sourcecode.swift; path = CertificateContentCell.swift; sourceTree = "<group>"; };
		356F7BDC2A07ADDF00C536D8 /* ReviewCell.swift */ = {isa = PBXFileReference; lastKnownFileType = sourcecode.swift; path = ReviewCell.swift; sourceTree = "<group>"; };
		356F7BDE2A07B47800C536D8 /* Extension+UISCrollView.swift */ = {isa = PBXFileReference; lastKnownFileType = sourcecode.swift; path = "Extension+UISCrollView.swift"; sourceTree = "<group>"; };
		356F7BE42A07E45600C536D8 /* VoiceRoomV.swift */ = {isa = PBXFileReference; lastKnownFileType = sourcecode.swift; path = VoiceRoomV.swift; sourceTree = "<group>"; };
		356F7BE72A07E4A000C536D8 /* WriteReviewV.swift */ = {isa = PBXFileReference; lastKnownFileType = sourcecode.swift; path = WriteReviewV.swift; sourceTree = "<group>"; };
		35726F312A05F556008E28D0 /* CounselorManager.swift */ = {isa = PBXFileReference; lastKnownFileType = sourcecode.swift; path = CounselorManager.swift; sourceTree = "<group>"; };
		35726F332A05F7A3008E28D0 /* DateCustomCell.swift */ = {isa = PBXFileReference; lastKnownFileType = sourcecode.swift; path = DateCustomCell.swift; sourceTree = "<group>"; };
		35726F352A066966008E28D0 /* CustomTabBar.swift */ = {isa = PBXFileReference; lastKnownFileType = sourcecode.swift; path = CustomTabBar.swift; sourceTree = "<group>"; };
		357D84EC2A0A7196003DB1FC /* LiveCellVM.swift */ = {isa = PBXFileReference; lastKnownFileType = sourcecode.swift; path = LiveCellVM.swift; sourceTree = "<group>"; };
		35962E7F29F9253A0059CF17 /* ChatRoomHeader.swift */ = {isa = PBXFileReference; lastKnownFileType = sourcecode.swift; path = ChatRoomHeader.swift; sourceTree = "<group>"; };
		359933C529D077E50098A0FC /* GoogleService-Info.plist */ = {isa = PBXFileReference; fileEncoding = 4; lastKnownFileType = text.plist.xml; path = "GoogleService-Info.plist"; sourceTree = "<group>"; };
		359933C829D07A520098A0FC /* MainVC.swift */ = {isa = PBXFileReference; lastKnownFileType = sourcecode.swift; path = MainVC.swift; sourceTree = "<group>"; };
		359933CA29D07A690098A0FC /* MainV.swift */ = {isa = PBXFileReference; lastKnownFileType = sourcecode.swift; path = MainV.swift; sourceTree = "<group>"; };
		359933CC29D07A750098A0FC /* MainVM.swift */ = {isa = PBXFileReference; lastKnownFileType = sourcecode.swift; path = MainVM.swift; sourceTree = "<group>"; };
		359D326429E550AC005BF86C /* CoinManagementVC.swift */ = {isa = PBXFileReference; lastKnownFileType = sourcecode.swift; path = CoinManagementVC.swift; sourceTree = "<group>"; };
		359D326629E5514B005BF86C /* CoinManagementV.swift */ = {isa = PBXFileReference; lastKnownFileType = sourcecode.swift; path = CoinManagementV.swift; sourceTree = "<group>"; };
		359D326929E574FE005BF86C /* BuyCoinVC.swift */ = {isa = PBXFileReference; lastKnownFileType = sourcecode.swift; path = BuyCoinVC.swift; sourceTree = "<group>"; };
		359D326B29E5751D005BF86C /* BuyHistoryVC.swift */ = {isa = PBXFileReference; lastKnownFileType = sourcecode.swift; path = BuyHistoryVC.swift; sourceTree = "<group>"; };
		359D326D29E57530005BF86C /* UseHistoryVC.swift */ = {isa = PBXFileReference; lastKnownFileType = sourcecode.swift; path = UseHistoryVC.swift; sourceTree = "<group>"; };
		359D327429E57601005BF86C /* BuyCoinV.swift */ = {isa = PBXFileReference; lastKnownFileType = sourcecode.swift; path = BuyCoinV.swift; sourceTree = "<group>"; };
		359D327629E57D4E005BF86C /* BuyHistoryCell.swift */ = {isa = PBXFileReference; lastKnownFileType = sourcecode.swift; path = BuyHistoryCell.swift; sourceTree = "<group>"; };
		359D327829E58002005BF86C /* BuyHistoryV.swift */ = {isa = PBXFileReference; lastKnownFileType = sourcecode.swift; path = BuyHistoryV.swift; sourceTree = "<group>"; };
		359D327A29E58230005BF86C /* UseHistoryV.swift */ = {isa = PBXFileReference; lastKnownFileType = sourcecode.swift; path = UseHistoryV.swift; sourceTree = "<group>"; };
		359D327C29E582C8005BF86C /* UseHistoryCell.swift */ = {isa = PBXFileReference; lastKnownFileType = sourcecode.swift; path = UseHistoryCell.swift; sourceTree = "<group>"; };
		359F7FB929FD4B7000274108 /* CounselorDetailV.swift */ = {isa = PBXFileReference; lastKnownFileType = sourcecode.swift; path = CounselorDetailV.swift; sourceTree = "<group>"; };
		359F7FBC29FD4CE600274108 /* CounselorDetailVC.swift */ = {isa = PBXFileReference; lastKnownFileType = sourcecode.swift; path = CounselorDetailVC.swift; sourceTree = "<group>"; };
		359F7FBE29FD571000274108 /* CounselorDetailHeader.swift */ = {isa = PBXFileReference; lastKnownFileType = sourcecode.swift; path = CounselorDetailHeader.swift; sourceTree = "<group>"; };
		359F7FC029FD589C00274108 /* NotificationName.swift */ = {isa = PBXFileReference; lastKnownFileType = sourcecode.swift; path = NotificationName.swift; sourceTree = "<group>"; };
		35BC511829D1950F00BEA034 /* SelectUseTypeV.swift */ = {isa = PBXFileReference; lastKnownFileType = sourcecode.swift; path = SelectUseTypeV.swift; sourceTree = "<group>"; };
		35BC511A29D1968B00BEA034 /* SelectUseTypeVC.swift */ = {isa = PBXFileReference; lastKnownFileType = sourcecode.swift; path = SelectUseTypeVC.swift; sourceTree = "<group>"; };
		35BC511C29D196FB00BEA034 /* SelectUseTypeVM.swift */ = {isa = PBXFileReference; lastKnownFileType = sourcecode.swift; path = SelectUseTypeVM.swift; sourceTree = "<group>"; };
		35C29FF429ECE1C30018FE04 /* ChatRoomVC.swift */ = {isa = PBXFileReference; lastKnownFileType = sourcecode.swift; path = ChatRoomVC.swift; sourceTree = "<group>"; };
		35C29FF729ECF1D60018FE04 /* ChatChannel.swift */ = {isa = PBXFileReference; lastKnownFileType = sourcecode.swift; path = ChatChannel.swift; sourceTree = "<group>"; };
		35C29FFA29ECF2580018FE04 /* ImageMediaItem.swift */ = {isa = PBXFileReference; lastKnownFileType = sourcecode.swift; path = ImageMediaItem.swift; sourceTree = "<group>"; };
		35C29FFC29ECF2A20018FE04 /* Message.swift */ = {isa = PBXFileReference; lastKnownFileType = sourcecode.swift; path = Message.swift; sourceTree = "<group>"; };
		35C29FFE29ECF3E40018FE04 /* Sender.swift */ = {isa = PBXFileReference; lastKnownFileType = sourcecode.swift; path = Sender.swift; sourceTree = "<group>"; };
		35CAB92B2A03AD6A00FB4AB9 /* AgoraPushManager.swift */ = {isa = PBXFileReference; lastKnownFileType = sourcecode.swift; path = AgoraPushManager.swift; sourceTree = "<group>"; };
		35DECCB729DBD26800DE5BE3 /* LiveCounselorCell.swift */ = {isa = PBXFileReference; lastKnownFileType = sourcecode.swift; path = LiveCounselorCell.swift; sourceTree = "<group>"; };
		35E2987B29CBEC2D00847F49 /* SplashV.swift */ = {isa = PBXFileReference; lastKnownFileType = sourcecode.swift; path = SplashV.swift; sourceTree = "<group>"; };
		35E2987D29CBEC5800847F49 /* SplashVM.swift */ = {isa = PBXFileReference; lastKnownFileType = sourcecode.swift; path = SplashVM.swift; sourceTree = "<group>"; };
		35EAEAEF29CAF99500AAE587 /* VoiceConsultingApp.app */ = {isa = PBXFileReference; explicitFileType = wrapper.application; includeInIndex = 0; path = VoiceConsultingApp.app; sourceTree = BUILT_PRODUCTS_DIR; };
		35EAEAF229CAF99500AAE587 /* AppDelegate.swift */ = {isa = PBXFileReference; lastKnownFileType = sourcecode.swift; path = AppDelegate.swift; sourceTree = "<group>"; };
		35EAEAF429CAF99500AAE587 /* SceneDelegate.swift */ = {isa = PBXFileReference; lastKnownFileType = sourcecode.swift; path = SceneDelegate.swift; sourceTree = "<group>"; };
		35EAEAF629CAF99500AAE587 /* SplashVC.swift */ = {isa = PBXFileReference; lastKnownFileType = sourcecode.swift; path = SplashVC.swift; sourceTree = "<group>"; };
		35EAEAFB29CAF99600AAE587 /* Assets.xcassets */ = {isa = PBXFileReference; lastKnownFileType = folder.assetcatalog; path = Assets.xcassets; sourceTree = "<group>"; };
		35EAEB0029CAF99600AAE587 /* Info.plist */ = {isa = PBXFileReference; lastKnownFileType = text.plist.xml; path = Info.plist; sourceTree = "<group>"; };
		35EAEB0529CAF99600AAE587 /* VoiceConsultingAppTests.xctest */ = {isa = PBXFileReference; explicitFileType = wrapper.cfbundle; includeInIndex = 0; path = VoiceConsultingAppTests.xctest; sourceTree = BUILT_PRODUCTS_DIR; };
		35EAEB0929CAF99600AAE587 /* VoiceConsultingAppTests.swift */ = {isa = PBXFileReference; lastKnownFileType = sourcecode.swift; path = VoiceConsultingAppTests.swift; sourceTree = "<group>"; };
		35EAEB0F29CAF99600AAE587 /* VoiceConsultingAppUITests.xctest */ = {isa = PBXFileReference; explicitFileType = wrapper.cfbundle; includeInIndex = 0; path = VoiceConsultingAppUITests.xctest; sourceTree = BUILT_PRODUCTS_DIR; };
		35EAEB1329CAF99600AAE587 /* VoiceConsultingAppUITests.swift */ = {isa = PBXFileReference; lastKnownFileType = sourcecode.swift; path = VoiceConsultingAppUITests.swift; sourceTree = "<group>"; };
		35EAEB1529CAF99600AAE587 /* VoiceConsultingAppUITestsLaunchTests.swift */ = {isa = PBXFileReference; lastKnownFileType = sourcecode.swift; path = VoiceConsultingAppUITestsLaunchTests.swift; sourceTree = "<group>"; };
		35EAEB2429CAFB5600AAE587 /* Cordinator.swift */ = {isa = PBXFileReference; fileEncoding = 4; lastKnownFileType = sourcecode.swift; path = Cordinator.swift; sourceTree = "<group>"; };
		35EAEB2829CAFD4A00AAE587 /* BaseViewController.swift */ = {isa = PBXFileReference; lastKnownFileType = sourcecode.swift; path = BaseViewController.swift; sourceTree = "<group>"; };
		35EAEB2B29CAFDAA00AAE587 /* BaseViewModel.swift */ = {isa = PBXFileReference; lastKnownFileType = sourcecode.swift; path = BaseViewModel.swift; sourceTree = "<group>"; };
		54963B7D7EECDF08403A6BEE /* Pods-VoiceConsultingAppTests.debug.xcconfig */ = {isa = PBXFileReference; includeInIndex = 1; lastKnownFileType = text.xcconfig; name = "Pods-VoiceConsultingAppTests.debug.xcconfig"; path = "Target Support Files/Pods-VoiceConsultingAppTests/Pods-VoiceConsultingAppTests.debug.xcconfig"; sourceTree = "<group>"; };
		67229BDF2B9A15D0C717A6B0 /* Pods-VoiceConsultingAppTests.release.xcconfig */ = {isa = PBXFileReference; includeInIndex = 1; lastKnownFileType = text.xcconfig; name = "Pods-VoiceConsultingAppTests.release.xcconfig"; path = "Target Support Files/Pods-VoiceConsultingAppTests/Pods-VoiceConsultingAppTests.release.xcconfig"; sourceTree = "<group>"; };
		6F09A91E4039DACF452A7DBD /* Pods-VoiceConsultingApp.debug.xcconfig */ = {isa = PBXFileReference; includeInIndex = 1; lastKnownFileType = text.xcconfig; name = "Pods-VoiceConsultingApp.debug.xcconfig"; path = "Target Support Files/Pods-VoiceConsultingApp/Pods-VoiceConsultingApp.debug.xcconfig"; sourceTree = "<group>"; };
		7AF0986E50E658B337C9CCCC /* Pods_VoiceConsultingApp.framework */ = {isa = PBXFileReference; explicitFileType = wrapper.framework; includeInIndex = 0; path = Pods_VoiceConsultingApp.framework; sourceTree = BUILT_PRODUCTS_DIR; };
		87F7D338AD2A1886484008B9 /* Pods-VoiceConsultingApp.release.xcconfig */ = {isa = PBXFileReference; includeInIndex = 1; lastKnownFileType = text.xcconfig; name = "Pods-VoiceConsultingApp.release.xcconfig"; path = "Target Support Files/Pods-VoiceConsultingApp/Pods-VoiceConsultingApp.release.xcconfig"; sourceTree = "<group>"; };
		8DF7F3D5479910038BEB4060 /* Pods_VoiceConsultingApp_VoiceConsultingAppUITests.framework */ = {isa = PBXFileReference; explicitFileType = wrapper.framework; includeInIndex = 0; path = Pods_VoiceConsultingApp_VoiceConsultingAppUITests.framework; sourceTree = BUILT_PRODUCTS_DIR; };
		A9E06F32FFA15B113F930121 /* Pods_VoiceConsultingAppTests.framework */ = {isa = PBXFileReference; explicitFileType = wrapper.framework; includeInIndex = 0; path = Pods_VoiceConsultingAppTests.framework; sourceTree = BUILT_PRODUCTS_DIR; };
		E49DFD15BC527DD6B022803D /* Pods-VoiceConsultingApp-VoiceConsultingAppUITests.debug.xcconfig */ = {isa = PBXFileReference; includeInIndex = 1; lastKnownFileType = text.xcconfig; name = "Pods-VoiceConsultingApp-VoiceConsultingAppUITests.debug.xcconfig"; path = "Target Support Files/Pods-VoiceConsultingApp-VoiceConsultingAppUITests/Pods-VoiceConsultingApp-VoiceConsultingAppUITests.debug.xcconfig"; sourceTree = "<group>"; };
/* End PBXFileReference section */

/* Begin PBXFrameworksBuildPhase section */
		35EAEAEC29CAF99500AAE587 /* Frameworks */ = {
			isa = PBXFrameworksBuildPhase;
			buildActionMask = 2147483647;
			files = (
				356F7BE22A07BF4600C536D8 /* PureLayout in Frameworks */,
				35C29FF229ECE1830018FE04 /* MessageKit in Frameworks */,
				C55187F2CEC9561FB6C2CD5E /* Pods_VoiceConsultingApp.framework in Frameworks */,
			);
			runOnlyForDeploymentPostprocessing = 0;
		};
		35EAEB0229CAF99600AAE587 /* Frameworks */ = {
			isa = PBXFrameworksBuildPhase;
			buildActionMask = 2147483647;
			files = (
				2C2A78F51687175396EA8B0C /* Pods_VoiceConsultingAppTests.framework in Frameworks */,
			);
			runOnlyForDeploymentPostprocessing = 0;
		};
		35EAEB0C29CAF99600AAE587 /* Frameworks */ = {
			isa = PBXFrameworksBuildPhase;
			buildActionMask = 2147483647;
			files = (
				E95B285FCC832419F9742AAF /* Pods_VoiceConsultingApp_VoiceConsultingAppUITests.framework in Frameworks */,
			);
			runOnlyForDeploymentPostprocessing = 0;
		};
/* End PBXFrameworksBuildPhase section */

/* Begin PBXGroup section */
		2356EB7068092F2A7730F6DB /* Frameworks */ = {
			isa = PBXGroup;
			children = (
				7AF0986E50E658B337C9CCCC /* Pods_VoiceConsultingApp.framework */,
				8DF7F3D5479910038BEB4060 /* Pods_VoiceConsultingApp_VoiceConsultingAppUITests.framework */,
				A9E06F32FFA15B113F930121 /* Pods_VoiceConsultingAppTests.framework */,
			);
			name = Frameworks;
			sourceTree = "<group>";
		};
		3500F74029DC07390080AC4F /* Extension */ = {
			isa = PBXGroup;
			children = (
				3500F74129DC07770080AC4F /* Extension+UIView.swift */,
				356F7BDE2A07B47800C536D8 /* Extension+UISCrollView.swift */,
				3523AF8F2A0908F800D51B8A /* Extenstion+CollectionReference.swift */,
			);
			path = Extension;
			sourceTree = "<group>";
		};
		3504E2A929E3A61F006AEED6 /* More */ = {
			isa = PBXGroup;
			children = (
				3504E2AC29E3A654006AEED6 /* FitWell */,
				3504E2AB29E3A646006AEED6 /* Popular */,
				3504E2AA29E3A63F006AEED6 /* Live */,
				3504E2AD29E3A669006AEED6 /* HeaderType.swift */,
			);
			path = More;
			sourceTree = "<group>";
		};
		3504E2AA29E3A63F006AEED6 /* Live */ = {
			isa = PBXGroup;
			children = (
				3504E2B329E3A8A0006AEED6 /* MoreLiveVC.swift */,
				3504E2B929E3A8CE006AEED6 /* MoreLiveV.swift */,
			);
			path = Live;
			sourceTree = "<group>";
		};
		3504E2AB29E3A646006AEED6 /* Popular */ = {
			isa = PBXGroup;
			children = (
				3504E2B129E3A894006AEED6 /* MorePopularVC.swift */,
				3504E2B729E3A8C4006AEED6 /* MorePopularV.swift */,
				3504E2BB29E3B1B4006AEED6 /* MorePopularCell.swift */,
			);
			path = Popular;
			sourceTree = "<group>";
		};
		3504E2AC29E3A654006AEED6 /* FitWell */ = {
			isa = PBXGroup;
			children = (
				3504E2AF29E3A887006AEED6 /* MoreFitWellVC.swift */,
				3504E2B529E3A8B1006AEED6 /* MoreFitWellV.swift */,
				3504E2BD29E3B1C1006AEED6 /* MoreFitWellCell.swift */,
			);
			path = FitWell;
			sourceTree = "<group>";
		};
		3509F82B29D5754600AD880C /* Color */ = {
			isa = PBXGroup;
			children = (
				3509F82C29D5755800AD880C /* ColorSet.swift */,
			);
			path = Color;
			sourceTree = "<group>";
		};
		3523AF892A0904DA00D51B8A /* Counselor */ = {
			isa = PBXGroup;
			children = (
				3523AF8A2A09055300D51B8A /* CounselorInfo.swift */,
				355CAE582A0A27E500C121BF /* Counselor.swift */,
			);
			path = Counselor;
			sourceTree = "<group>";
		};
		3523AF8C2A09078200D51B8A /* FireStore */ = {
			isa = PBXGroup;
			children = (
				3523AF8D2A09079700D51B8A /* FBCollection.swift */,
				35188F662A09FC830040804E /* CounselorField.swift */,
				35188F692A0A01490040804E /* FBError.swift */,
			);
			path = FireStore;
			sourceTree = "<group>";
		};
		35277D1F29DA8A7D002A2A14 /* Cell */ = {
			isa = PBXGroup;
			children = (
				35DECCB629DBCD8800DE5BE3 /* CollectionViewCell */,
				35DECCB529DBCD7400DE5BE3 /* TableViewCell */,
			);
			path = Cell;
			sourceTree = "<group>";
		};
		35364FD92A029D6A00C4BC8D /* Notification */ = {
			isa = PBXGroup;
			children = (
				35364FDA2A029D7D00C4BC8D /* PushManager.swift */,
				35CAB92B2A03AD6A00FB4AB9 /* AgoraPushManager.swift */,
				35726F312A05F556008E28D0 /* CounselorManager.swift */,
			);
			path = Notification;
			sourceTree = "<group>";
		};
		354609EE29D6F18600FC5ABB /* Image */ = {
			isa = PBXGroup;
			children = (
				354609EF29D6F19500FC5ABB /* AssetImage.swift */,
			);
			path = Image;
			sourceTree = "<group>";
		};
		354609F329D70D4F00FC5ABB /* Login */ = {
			isa = PBXGroup;
			children = (
				354609F429D70D8500FC5ABB /* LoginV.swift */,
				354609F629D70DA600FC5ABB /* LoginVC.swift */,
				354609F829D70DF300FC5ABB /* LoginVM.swift */,
				354609FC29D70EEB00FC5ABB /* LoginType.swift */,
			);
			path = Login;
			sourceTree = "<group>";
		};
		354664AC29E425C50055375F /* ChattingList */ = {
			isa = PBXGroup;
			children = (
				354664AE29E425EA0055375F /* ChattingListVC.swift */,
				35308FB329E503CE008FB343 /* ChattingListV.swift */,
				35308FB529E50784008FB343 /* ChattingListHeader.swift */,
				35308FB729E50E2F008FB343 /* ChattingCell.swift */,
				35308FB929E51126008FB343 /* ChattingListVM.swift */,
			);
			path = ChattingList;
			sourceTree = "<group>";
		};
		354664AD29E425CD0055375F /* MyPage */ = {
			isa = PBXGroup;
			children = (
				354664B029E4262D0055375F /* MyPageVC.swift */,
				354664B429E4359E0055375F /* MyPageV.swift */,
				354664B629E436200055375F /* MyPageHeader.swift */,
				35308FAD29E4F5F4008FB343 /* MyPageMenu.swift */,
				35308FAF29E4F77A008FB343 /* MyPageVM.swift */,
				35308FB129E4F83C008FB343 /* MenuCell.swift */,
			);
			path = MyPage;
			sourceTree = "<group>";
		};
		354B73C72A0B885400651EF9 /* Protocol */ = {
			isa = PBXGroup;
			children = (
				354B73C82A0B88AA00651EF9 /* CellTouchable.swift */,
				354B73CC2A0BAEB200651EF9 /* MoreButtonTouchable.swift */,
			);
			path = Protocol;
			sourceTree = "<group>";
		};
		354B73CE2A0BBBDF00651EF9 /* ViewModel */ = {
			isa = PBXGroup;
			children = (
				357D84EC2A0A7196003DB1FC /* LiveCellVM.swift */,
			);
			path = ViewModel;
			sourceTree = "<group>";
		};
		355EDEBE29D5C2B400F9BD5D /* Fonts */ = {
			isa = PBXGroup;
			children = (
				354664BC29E441120055375F /* Inter-Medium.ttf */,
				35277D1929DA73DD002A2A14 /* Inter-Bold.ttf */,
				355EDECF29D5C6C600F9BD5D /* NotoSansKR-Black.otf */,
				355EDED029D5C6C600F9BD5D /* NotoSansKR-Bold.otf */,
				355EDED129D5C6C600F9BD5D /* NotoSansKR-Light.otf */,
				355EDED229D5C6C600F9BD5D /* NotoSansKR-Medium.otf */,
				355EDECD29D5C6C500F9BD5D /* NotoSansKR-Regular.otf */,
				355EDECE29D5C6C500F9BD5D /* NotoSansKR-Thin.otf */,
				355EDEC529D5C43D00F9BD5D /* Fonts.swift */,
			);
			path = Fonts;
			sourceTree = "<group>";
		};
		355EDED929D5C96B00F9BD5D /* Custom */ = {
			isa = PBXGroup;
			children = (
				355EDEDA29D5C98800F9BD5D /* CompleteButton.swift */,
				35277D1529DA6A66002A2A14 /* CoinBlock.swift */,
				35277D1729DA6BC9002A2A14 /* MainHeaderView.swift */,
				3560437129DEB943001CDA77 /* CounselorBadge.swift */,
				3560437729DECBFD001CDA77 /* CategoryBlock.swift */,
				3504E2A729E3A4F2006AEED6 /* PlainHeaderView.swift */,
				354664B229E42C1A0055375F /* CustomTabBarController.swift */,
				354664B829E43ADF0055375F /* BigCoinBlock.swift */,
				354664BA29E43FC50055375F /* ServiceCenterBlock.swift */,
				351684DF29E9521A00E0CF44 /* BuyCoinCell.swift */,
				35726F332A05F7A3008E28D0 /* DateCustomCell.swift */,
				35726F352A066966008E28D0 /* CustomTabBar.swift */,
				356F7BD32A07920A00C536D8 /* CollectionViewLeftAlignFlowLayout.swift */,
			);
			path = Custom;
			sourceTree = "<group>";
		};
		355EDEDC29D5CCE700F9BD5D /* SelectCategory */ = {
			isa = PBXGroup;
			children = (
				355EDEDD29D5CD0300F9BD5D /* SelectCategoryVC.swift */,
				355EDEDF29D5CD3600F9BD5D /* SelectCategoryVM.swift */,
				355EDEE129D5CD7A00F9BD5D /* SelectCategoryV.swift */,
				354609EB29D6EBA000FC5ABB /* CategoryCell.swift */,
			);
			path = SelectCategory;
			sourceTree = "<group>";
		};
		356F7BD02A0790AC00C536D8 /* TableViewCell */ = {
			isa = PBXGroup;
			children = (
				356F7BD12A0790E300C536D8 /* AffiliationCell.swift */,
				356F7BD82A0794D500C536D8 /* CertificateCell.swift */,
				356F7BDC2A07ADDF00C536D8 /* ReviewCell.swift */,
			);
			path = TableViewCell;
			sourceTree = "<group>";
		};
		356F7BD52A07931D00C536D8 /* CollectionViewCell */ = {
			isa = PBXGroup;
			children = (
				356F7BD62A07934A00C536D8 /* AffiliationContentCell.swift */,
				356F7BDA2A07958F00C536D8 /* CertificateContentCell.swift */,
			);
			path = CollectionViewCell;
			sourceTree = "<group>";
		};
		356F7BE32A07E43E00C536D8 /* VoiceRoom */ = {
			isa = PBXGroup;
			children = (
				356F7BE42A07E45600C536D8 /* VoiceRoomV.swift */,
			);
			path = VoiceRoom;
			sourceTree = "<group>";
		};
		356F7BE62A07E48700C536D8 /* WiteReview */ = {
			isa = PBXGroup;
			children = (
				356F7BE72A07E4A000C536D8 /* WriteReviewV.swift */,
			);
			path = WiteReview;
			sourceTree = "<group>";
		};
		357D584529FA0AC000ACFD51 /* Manager */ = {
			isa = PBXGroup;
			children = (
				351BB88929FA72300050105F /* ChatManager.swift */,
			);
			path = Manager;
			sourceTree = "<group>";
		};
		359933C729D07A270098A0FC /* Main */ = {
			isa = PBXGroup;
			children = (
				35277D1F29DA8A7D002A2A14 /* Cell */,
				359933C829D07A520098A0FC /* MainVC.swift */,
				359933CA29D07A690098A0FC /* MainV.swift */,
				359933CC29D07A750098A0FC /* MainVM.swift */,
				35277D1B29DA84E4002A2A14 /* MainListSection.swift */,
				35277D1D29DA8662002A2A14 /* MainListHeader.swift */,
			);
			path = Main;
			sourceTree = "<group>";
		};
		359D326329E5505D005BF86C /* CoinManagement */ = {
			isa = PBXGroup;
			children = (
				351684E129E9621F00E0CF44 /* CoinInformationUse.swift */,
				359D326829E574C4005BF86C /* ViewControllers */,
				359D326429E550AC005BF86C /* CoinManagementVC.swift */,
				359D326629E5514B005BF86C /* CoinManagementV.swift */,
			);
			path = CoinManagement;
			sourceTree = "<group>";
		};
		359D326829E574C4005BF86C /* ViewControllers */ = {
			isa = PBXGroup;
			children = (
				359D327129E5754E005BF86C /* UseHistory */,
				359D327029E57544005BF86C /* BuyHistory */,
				359D326F29E57535005BF86C /* BuyCoin */,
			);
			path = ViewControllers;
			sourceTree = "<group>";
		};
		359D326F29E57535005BF86C /* BuyCoin */ = {
			isa = PBXGroup;
			children = (
				359D326929E574FE005BF86C /* BuyCoinVC.swift */,
				359D327429E57601005BF86C /* BuyCoinV.swift */,
			);
			path = BuyCoin;
			sourceTree = "<group>";
		};
		359D327029E57544005BF86C /* BuyHistory */ = {
			isa = PBXGroup;
			children = (
				359D326B29E5751D005BF86C /* BuyHistoryVC.swift */,
				359D327629E57D4E005BF86C /* BuyHistoryCell.swift */,
				359D327829E58002005BF86C /* BuyHistoryV.swift */,
			);
			path = BuyHistory;
			sourceTree = "<group>";
		};
		359D327129E5754E005BF86C /* UseHistory */ = {
			isa = PBXGroup;
			children = (
				359D326D29E57530005BF86C /* UseHistoryVC.swift */,
				359D327A29E58230005BF86C /* UseHistoryV.swift */,
				359D327C29E582C8005BF86C /* UseHistoryCell.swift */,
			);
			path = UseHistory;
			sourceTree = "<group>";
		};
		359F7FB829FD4B3400274108 /* CounselorDetail */ = {
			isa = PBXGroup;
			children = (
				356F7BD52A07931D00C536D8 /* CollectionViewCell */,
				356F7BD02A0790AC00C536D8 /* TableViewCell */,
				359F7FB929FD4B7000274108 /* CounselorDetailV.swift */,
				359F7FBC29FD4CE600274108 /* CounselorDetailVC.swift */,
				359F7FBE29FD571000274108 /* CounselorDetailHeader.swift */,
				356F7BCC2A07770100C536D8 /* InfoSectionHeader.swift */,
				356F7BCE2A0779AE00C536D8 /* CounselorInfoSection.swift */,
			);
			path = CounselorDetail;
			sourceTree = "<group>";
		};
		35BC511729D194EB00BEA034 /* SelectUseType */ = {
			isa = PBXGroup;
			children = (
				35BC511829D1950F00BEA034 /* SelectUseTypeV.swift */,
				35BC511A29D1968B00BEA034 /* SelectUseTypeVC.swift */,
				35BC511C29D196FB00BEA034 /* SelectUseTypeVM.swift */,
			);
			path = SelectUseType;
			sourceTree = "<group>";
		};
		35C29FF329ECE19F0018FE04 /* ChatRoom */ = {
			isa = PBXGroup;
			children = (
				35C29FF429ECE1C30018FE04 /* ChatRoomVC.swift */,
				35962E7F29F9253A0059CF17 /* ChatRoomHeader.swift */,
			);
			path = ChatRoom;
			sourceTree = "<group>";
		};
		35C29FF629ECF1BC0018FE04 /* Model */ = {
			isa = PBXGroup;
			children = (
				3523AF8C2A09078200D51B8A /* FireStore */,
				3523AF892A0904DA00D51B8A /* Counselor */,
				359F7FC029FD589C00274108 /* NotificationName.swift */,
				35C29FF929ECF2390018FE04 /* Chatting */,
			);
			path = Model;
			sourceTree = "<group>";
		};
		35C29FF929ECF2390018FE04 /* Chatting */ = {
			isa = PBXGroup;
			children = (
				35C29FF729ECF1D60018FE04 /* ChatChannel.swift */,
				35C29FFA29ECF2580018FE04 /* ImageMediaItem.swift */,
				35C29FFC29ECF2A20018FE04 /* Message.swift */,
				35C29FFE29ECF3E40018FE04 /* Sender.swift */,
			);
			path = Chatting;
			sourceTree = "<group>";
		};
		35DECCB529DBCD7400DE5BE3 /* TableViewCell */ = {
			isa = PBXGroup;
			children = (
				354B73CE2A0BBBDF00651EF9 /* ViewModel */,
				35277D2029DA8A95002A2A14 /* BannerCell.swift */,
				35277D2229DA8AB9002A2A14 /* LiveCell.swift */,
				35277D2429DA8ACD002A2A14 /* PopularCell.swift */,
				35277D2629DA8ADA002A2A14 /* FitWellCell.swift */,
			);
			path = TableViewCell;
			sourceTree = "<group>";
		};
		35DECCB629DBCD8800DE5BE3 /* CollectionViewCell */ = {
			isa = PBXGroup;
			children = (
				35DECCB729DBD26800DE5BE3 /* LiveCounselorCell.swift */,
				3560437329DEBAD7001CDA77 /* PopularCounselorCell.swift */,
				3560437529DECB6A001CDA77 /* FitWellCounselorCell.swift */,
				354B73CA2A0B92BC00651EF9 /* NillLiveCounselorCell.swift */,
			);
			path = CollectionViewCell;
			sourceTree = "<group>";
		};
		35EAEAE629CAF99500AAE587 = {
			isa = PBXGroup;
			children = (
				35EAEAF129CAF99500AAE587 /* VoiceConsultingApp */,
				35EAEB0829CAF99600AAE587 /* VoiceConsultingAppTests */,
				35EAEB1229CAF99600AAE587 /* VoiceConsultingAppUITests */,
				35EAEAF029CAF99500AAE587 /* Products */,
				A2722B0AB94D2E44F65F621B /* Pods */,
				2356EB7068092F2A7730F6DB /* Frameworks */,
			);
			sourceTree = "<group>";
		};
		35EAEAF029CAF99500AAE587 /* Products */ = {
			isa = PBXGroup;
			children = (
				35EAEAEF29CAF99500AAE587 /* VoiceConsultingApp.app */,
				35EAEB0529CAF99600AAE587 /* VoiceConsultingAppTests.xctest */,
				35EAEB0F29CAF99600AAE587 /* VoiceConsultingAppUITests.xctest */,
			);
			name = Products;
			sourceTree = "<group>";
		};
		35EAEAF129CAF99500AAE587 /* VoiceConsultingApp */ = {
			isa = PBXGroup;
			children = (
				354B73C72A0B885400651EF9 /* Protocol */,
				356F7BE62A07E48700C536D8 /* WiteReview */,
				356F7BE32A07E43E00C536D8 /* VoiceRoom */,
				35364FD92A029D6A00C4BC8D /* Notification */,
				35364FD82A029C5900C4BC8D /* VoiceConsultingApp.entitlements */,
				359F7FB829FD4B3400274108 /* CounselorDetail */,
				357D584529FA0AC000ACFD51 /* Manager */,
				35C29FF629ECF1BC0018FE04 /* Model */,
				35C29FF329ECE19F0018FE04 /* ChatRoom */,
				359D326329E5505D005BF86C /* CoinManagement */,
				354664AD29E425CD0055375F /* MyPage */,
				354664AC29E425C50055375F /* ChattingList */,
				3504E2A929E3A61F006AEED6 /* More */,
				3500F74029DC07390080AC4F /* Extension */,
				354609F329D70D4F00FC5ABB /* Login */,
				354609EE29D6F18600FC5ABB /* Image */,
				355EDEDC29D5CCE700F9BD5D /* SelectCategory */,
				355EDED929D5C96B00F9BD5D /* Custom */,
				355EDEBE29D5C2B400F9BD5D /* Fonts */,
				3509F82B29D5754600AD880C /* Color */,
				35BC511729D194EB00BEA034 /* SelectUseType */,
				359933C529D077E50098A0FC /* GoogleService-Info.plist */,
				35EAEB2229CAFAC600AAE587 /* Common */,
				35EAEB2329CAFB1000AAE587 /* Helper */,
				35EAEB2729CAFD2D00AAE587 /* Base */,
				359933C729D07A270098A0FC /* Main */,
				35EAEB2629CAFBAB00AAE587 /* Splash */,
			);
			path = VoiceConsultingApp;
			sourceTree = "<group>";
		};
		35EAEB0829CAF99600AAE587 /* VoiceConsultingAppTests */ = {
			isa = PBXGroup;
			children = (
				35EAEB0929CAF99600AAE587 /* VoiceConsultingAppTests.swift */,
			);
			path = VoiceConsultingAppTests;
			sourceTree = "<group>";
		};
		35EAEB1229CAF99600AAE587 /* VoiceConsultingAppUITests */ = {
			isa = PBXGroup;
			children = (
				35EAEB1329CAF99600AAE587 /* VoiceConsultingAppUITests.swift */,
				35EAEB1529CAF99600AAE587 /* VoiceConsultingAppUITestsLaunchTests.swift */,
			);
			path = VoiceConsultingAppUITests;
			sourceTree = "<group>";
		};
		35EAEB2229CAFAC600AAE587 /* Common */ = {
			isa = PBXGroup;
			children = (
				35EAEAF229CAF99500AAE587 /* AppDelegate.swift */,
				35EAEAF429CAF99500AAE587 /* SceneDelegate.swift */,
				35EAEB0029CAF99600AAE587 /* Info.plist */,
				35EAEAFB29CAF99600AAE587 /* Assets.xcassets */,
			);
			path = Common;
			sourceTree = "<group>";
		};
		35EAEB2329CAFB1000AAE587 /* Helper */ = {
			isa = PBXGroup;
			children = (
				35EAEB2429CAFB5600AAE587 /* Cordinator.swift */,
				354609F129D6F46700FC5ABB /* Category.swift */,
			);
			path = Helper;
			sourceTree = "<group>";
		};
		35EAEB2629CAFBAB00AAE587 /* Splash */ = {
			isa = PBXGroup;
			children = (
				35EAEAF629CAF99500AAE587 /* SplashVC.swift */,
				35E2987B29CBEC2D00847F49 /* SplashV.swift */,
				35E2987D29CBEC5800847F49 /* SplashVM.swift */,
			);
			path = Splash;
			sourceTree = "<group>";
		};
		35EAEB2729CAFD2D00AAE587 /* Base */ = {
			isa = PBXGroup;
			children = (
				35EAEB2829CAFD4A00AAE587 /* BaseViewController.swift */,
				35EAEB2B29CAFDAA00AAE587 /* BaseViewModel.swift */,
			);
			path = Base;
			sourceTree = "<group>";
		};
		A2722B0AB94D2E44F65F621B /* Pods */ = {
			isa = PBXGroup;
			children = (
				6F09A91E4039DACF452A7DBD /* Pods-VoiceConsultingApp.debug.xcconfig */,
				87F7D338AD2A1886484008B9 /* Pods-VoiceConsultingApp.release.xcconfig */,
				E49DFD15BC527DD6B022803D /* Pods-VoiceConsultingApp-VoiceConsultingAppUITests.debug.xcconfig */,
				280AA3B4E8285222635E653A /* Pods-VoiceConsultingApp-VoiceConsultingAppUITests.release.xcconfig */,
				54963B7D7EECDF08403A6BEE /* Pods-VoiceConsultingAppTests.debug.xcconfig */,
				67229BDF2B9A15D0C717A6B0 /* Pods-VoiceConsultingAppTests.release.xcconfig */,
			);
			path = Pods;
			sourceTree = "<group>";
		};
/* End PBXGroup section */

/* Begin PBXNativeTarget section */
		35EAEAEE29CAF99500AAE587 /* VoiceConsultingApp */ = {
			isa = PBXNativeTarget;
			buildConfigurationList = 35EAEB1929CAF99600AAE587 /* Build configuration list for PBXNativeTarget "VoiceConsultingApp" */;
			buildPhases = (
				416C22B397082C04A16F3202 /* [CP] Check Pods Manifest.lock */,
				35EAEAEB29CAF99500AAE587 /* Sources */,
				35EAEAEC29CAF99500AAE587 /* Frameworks */,
				35EAEAED29CAF99500AAE587 /* Resources */,
				9846EBF8969F40F2F32BAC95 /* [CP] Embed Pods Frameworks */,
			);
			buildRules = (
			);
			dependencies = (
			);
			name = VoiceConsultingApp;
			packageProductDependencies = (
				35C29FF129ECE1830018FE04 /* MessageKit */,
				356F7BE12A07BF4600C536D8 /* PureLayout */,
			);
			productName = VoiceConsultingApp;
			productReference = 35EAEAEF29CAF99500AAE587 /* VoiceConsultingApp.app */;
			productType = "com.apple.product-type.application";
		};
		35EAEB0429CAF99600AAE587 /* VoiceConsultingAppTests */ = {
			isa = PBXNativeTarget;
			buildConfigurationList = 35EAEB1C29CAF99600AAE587 /* Build configuration list for PBXNativeTarget "VoiceConsultingAppTests" */;
			buildPhases = (
				1CE7A9E9F200835A31B59994 /* [CP] Check Pods Manifest.lock */,
				35EAEB0129CAF99600AAE587 /* Sources */,
				35EAEB0229CAF99600AAE587 /* Frameworks */,
				35EAEB0329CAF99600AAE587 /* Resources */,
			);
			buildRules = (
			);
			dependencies = (
				35EAEB0729CAF99600AAE587 /* PBXTargetDependency */,
			);
			name = VoiceConsultingAppTests;
			productName = VoiceConsultingAppTests;
			productReference = 35EAEB0529CAF99600AAE587 /* VoiceConsultingAppTests.xctest */;
			productType = "com.apple.product-type.bundle.unit-test";
		};
		35EAEB0E29CAF99600AAE587 /* VoiceConsultingAppUITests */ = {
			isa = PBXNativeTarget;
			buildConfigurationList = 35EAEB1F29CAF99600AAE587 /* Build configuration list for PBXNativeTarget "VoiceConsultingAppUITests" */;
			buildPhases = (
				FBBB6E5689714F81895C5BF0 /* [CP] Check Pods Manifest.lock */,
				35EAEB0B29CAF99600AAE587 /* Sources */,
				35EAEB0C29CAF99600AAE587 /* Frameworks */,
				35EAEB0D29CAF99600AAE587 /* Resources */,
				E65548730165FDC6253A5A51 /* [CP] Embed Pods Frameworks */,
			);
			buildRules = (
			);
			dependencies = (
				35EAEB1129CAF99600AAE587 /* PBXTargetDependency */,
			);
			name = VoiceConsultingAppUITests;
			productName = VoiceConsultingAppUITests;
			productReference = 35EAEB0F29CAF99600AAE587 /* VoiceConsultingAppUITests.xctest */;
			productType = "com.apple.product-type.bundle.ui-testing";
		};
/* End PBXNativeTarget section */

/* Begin PBXProject section */
		35EAEAE729CAF99500AAE587 /* Project object */ = {
			isa = PBXProject;
			attributes = {
				BuildIndependentTargetsInParallel = 1;
				LastSwiftUpdateCheck = 1420;
				LastUpgradeCheck = 1420;
				TargetAttributes = {
					35EAEAEE29CAF99500AAE587 = {
						CreatedOnToolsVersion = 14.2;
					};
					35EAEB0429CAF99600AAE587 = {
						CreatedOnToolsVersion = 14.2;
						TestTargetID = 35EAEAEE29CAF99500AAE587;
					};
					35EAEB0E29CAF99600AAE587 = {
						CreatedOnToolsVersion = 14.2;
						TestTargetID = 35EAEAEE29CAF99500AAE587;
					};
				};
			};
			buildConfigurationList = 35EAEAEA29CAF99500AAE587 /* Build configuration list for PBXProject "VoiceConsultingApp" */;
			compatibilityVersion = "Xcode 13.0";
			developmentRegion = en;
			hasScannedForEncodings = 0;
			knownRegions = (
				en,
				Base,
			);
			mainGroup = 35EAEAE629CAF99500AAE587;
			packageReferences = (
				35C29FF029ECE1830018FE04 /* XCRemoteSwiftPackageReference "MessageKit" */,
				356F7BE02A07BF4600C536D8 /* XCRemoteSwiftPackageReference "PureLayout" */,
			);
			productRefGroup = 35EAEAF029CAF99500AAE587 /* Products */;
			projectDirPath = "";
			projectRoot = "";
			targets = (
				35EAEAEE29CAF99500AAE587 /* VoiceConsultingApp */,
				35EAEB0429CAF99600AAE587 /* VoiceConsultingAppTests */,
				35EAEB0E29CAF99600AAE587 /* VoiceConsultingAppUITests */,
			);
		};
/* End PBXProject section */

/* Begin PBXResourcesBuildPhase section */
		35EAEAED29CAF99500AAE587 /* Resources */ = {
			isa = PBXResourcesBuildPhase;
			buildActionMask = 2147483647;
			files = (
				355EDED429D5C6C600F9BD5D /* NotoSansKR-Thin.otf in Resources */,
				35EAEAFC29CAF99600AAE587 /* Assets.xcassets in Resources */,
				355EDED729D5C6C600F9BD5D /* NotoSansKR-Light.otf in Resources */,
				35277D1A29DA74B0002A2A14 /* Inter-Bold.ttf in Resources */,
				355EDED329D5C6C600F9BD5D /* NotoSansKR-Regular.otf in Resources */,
				355EDED829D5C6C600F9BD5D /* NotoSansKR-Medium.otf in Resources */,
				355EDED529D5C6C600F9BD5D /* NotoSansKR-Black.otf in Resources */,
				355EDED629D5C6C600F9BD5D /* NotoSansKR-Bold.otf in Resources */,
				354664BD29E441130055375F /* Inter-Medium.ttf in Resources */,
				359933C629D077E50098A0FC /* GoogleService-Info.plist in Resources */,
			);
			runOnlyForDeploymentPostprocessing = 0;
		};
		35EAEB0329CAF99600AAE587 /* Resources */ = {
			isa = PBXResourcesBuildPhase;
			buildActionMask = 2147483647;
			files = (
			);
			runOnlyForDeploymentPostprocessing = 0;
		};
		35EAEB0D29CAF99600AAE587 /* Resources */ = {
			isa = PBXResourcesBuildPhase;
			buildActionMask = 2147483647;
			files = (
			);
			runOnlyForDeploymentPostprocessing = 0;
		};
/* End PBXResourcesBuildPhase section */

/* Begin PBXShellScriptBuildPhase section */
		1CE7A9E9F200835A31B59994 /* [CP] Check Pods Manifest.lock */ = {
			isa = PBXShellScriptBuildPhase;
			buildActionMask = 2147483647;
			files = (
			);
			inputFileListPaths = (
			);
			inputPaths = (
				"${PODS_PODFILE_DIR_PATH}/Podfile.lock",
				"${PODS_ROOT}/Manifest.lock",
			);
			name = "[CP] Check Pods Manifest.lock";
			outputFileListPaths = (
			);
			outputPaths = (
				"$(DERIVED_FILE_DIR)/Pods-VoiceConsultingAppTests-checkManifestLockResult.txt",
			);
			runOnlyForDeploymentPostprocessing = 0;
			shellPath = /bin/sh;
			shellScript = "diff \"${PODS_PODFILE_DIR_PATH}/Podfile.lock\" \"${PODS_ROOT}/Manifest.lock\" > /dev/null\nif [ $? != 0 ] ; then\n    # print error to STDERR\n    echo \"error: The sandbox is not in sync with the Podfile.lock. Run 'pod install' or update your CocoaPods installation.\" >&2\n    exit 1\nfi\n# This output is used by Xcode 'outputs' to avoid re-running this script phase.\necho \"SUCCESS\" > \"${SCRIPT_OUTPUT_FILE_0}\"\n";
			showEnvVarsInLog = 0;
		};
		416C22B397082C04A16F3202 /* [CP] Check Pods Manifest.lock */ = {
			isa = PBXShellScriptBuildPhase;
			buildActionMask = 2147483647;
			files = (
			);
			inputFileListPaths = (
			);
			inputPaths = (
				"${PODS_PODFILE_DIR_PATH}/Podfile.lock",
				"${PODS_ROOT}/Manifest.lock",
			);
			name = "[CP] Check Pods Manifest.lock";
			outputFileListPaths = (
			);
			outputPaths = (
				"$(DERIVED_FILE_DIR)/Pods-VoiceConsultingApp-checkManifestLockResult.txt",
			);
			runOnlyForDeploymentPostprocessing = 0;
			shellPath = /bin/sh;
			shellScript = "diff \"${PODS_PODFILE_DIR_PATH}/Podfile.lock\" \"${PODS_ROOT}/Manifest.lock\" > /dev/null\nif [ $? != 0 ] ; then\n    # print error to STDERR\n    echo \"error: The sandbox is not in sync with the Podfile.lock. Run 'pod install' or update your CocoaPods installation.\" >&2\n    exit 1\nfi\n# This output is used by Xcode 'outputs' to avoid re-running this script phase.\necho \"SUCCESS\" > \"${SCRIPT_OUTPUT_FILE_0}\"\n";
			showEnvVarsInLog = 0;
		};
		9846EBF8969F40F2F32BAC95 /* [CP] Embed Pods Frameworks */ = {
			isa = PBXShellScriptBuildPhase;
			buildActionMask = 2147483647;
			files = (
			);
			inputFileListPaths = (
				"${PODS_ROOT}/Target Support Files/Pods-VoiceConsultingApp/Pods-VoiceConsultingApp-frameworks-${CONFIGURATION}-input-files.xcfilelist",
			);
			name = "[CP] Embed Pods Frameworks";
			outputFileListPaths = (
				"${PODS_ROOT}/Target Support Files/Pods-VoiceConsultingApp/Pods-VoiceConsultingApp-frameworks-${CONFIGURATION}-output-files.xcfilelist",
			);
			runOnlyForDeploymentPostprocessing = 0;
			shellPath = /bin/sh;
			shellScript = "\"${PODS_ROOT}/Target Support Files/Pods-VoiceConsultingApp/Pods-VoiceConsultingApp-frameworks.sh\"\n";
			showEnvVarsInLog = 0;
		};
		E65548730165FDC6253A5A51 /* [CP] Embed Pods Frameworks */ = {
			isa = PBXShellScriptBuildPhase;
			buildActionMask = 2147483647;
			files = (
			);
			inputFileListPaths = (
				"${PODS_ROOT}/Target Support Files/Pods-VoiceConsultingApp-VoiceConsultingAppUITests/Pods-VoiceConsultingApp-VoiceConsultingAppUITests-frameworks-${CONFIGURATION}-input-files.xcfilelist",
			);
			name = "[CP] Embed Pods Frameworks";
			outputFileListPaths = (
				"${PODS_ROOT}/Target Support Files/Pods-VoiceConsultingApp-VoiceConsultingAppUITests/Pods-VoiceConsultingApp-VoiceConsultingAppUITests-frameworks-${CONFIGURATION}-output-files.xcfilelist",
			);
			runOnlyForDeploymentPostprocessing = 0;
			shellPath = /bin/sh;
			shellScript = "\"${PODS_ROOT}/Target Support Files/Pods-VoiceConsultingApp-VoiceConsultingAppUITests/Pods-VoiceConsultingApp-VoiceConsultingAppUITests-frameworks.sh\"\n";
			showEnvVarsInLog = 0;
		};
		FBBB6E5689714F81895C5BF0 /* [CP] Check Pods Manifest.lock */ = {
			isa = PBXShellScriptBuildPhase;
			buildActionMask = 2147483647;
			files = (
			);
			inputFileListPaths = (
			);
			inputPaths = (
				"${PODS_PODFILE_DIR_PATH}/Podfile.lock",
				"${PODS_ROOT}/Manifest.lock",
			);
			name = "[CP] Check Pods Manifest.lock";
			outputFileListPaths = (
			);
			outputPaths = (
				"$(DERIVED_FILE_DIR)/Pods-VoiceConsultingApp-VoiceConsultingAppUITests-checkManifestLockResult.txt",
			);
			runOnlyForDeploymentPostprocessing = 0;
			shellPath = /bin/sh;
			shellScript = "diff \"${PODS_PODFILE_DIR_PATH}/Podfile.lock\" \"${PODS_ROOT}/Manifest.lock\" > /dev/null\nif [ $? != 0 ] ; then\n    # print error to STDERR\n    echo \"error: The sandbox is not in sync with the Podfile.lock. Run 'pod install' or update your CocoaPods installation.\" >&2\n    exit 1\nfi\n# This output is used by Xcode 'outputs' to avoid re-running this script phase.\necho \"SUCCESS\" > \"${SCRIPT_OUTPUT_FILE_0}\"\n";
			showEnvVarsInLog = 0;
		};
/* End PBXShellScriptBuildPhase section */

/* Begin PBXSourcesBuildPhase section */
		35EAEAEB29CAF99500AAE587 /* Sources */ = {
			isa = PBXSourcesBuildPhase;
			buildActionMask = 2147483647;
			files = (
				3504E2AE29E3A669006AEED6 /* HeaderType.swift in Sources */,
				359F7FC129FD589C00274108 /* NotificationName.swift in Sources */,
				35277D1E29DA8662002A2A14 /* MainListHeader.swift in Sources */,
				3504E2B229E3A894006AEED6 /* MorePopularVC.swift in Sources */,
				354B73CB2A0B92BC00651EF9 /* NillLiveCounselorCell.swift in Sources */,
				3500F74229DC07770080AC4F /* Extension+UIView.swift in Sources */,
				354B73C92A0B88AA00651EF9 /* CellTouchable.swift in Sources */,
				35277D2129DA8A95002A2A14 /* BannerCell.swift in Sources */,
				356F7BD92A0794D500C536D8 /* CertificateCell.swift in Sources */,
				356F7BDF2A07B47800C536D8 /* Extension+UISCrollView.swift in Sources */,
				355EDEE229D5CD7A00F9BD5D /* SelectCategoryV.swift in Sources */,
				355EDEE029D5CD3600F9BD5D /* SelectCategoryVM.swift in Sources */,
				35308FB029E4F77A008FB343 /* MyPageVM.swift in Sources */,
				35277D2329DA8AB9002A2A14 /* LiveCell.swift in Sources */,
				35CAB92C2A03AD6A00FB4AB9 /* AgoraPushManager.swift in Sources */,
				35308FBA29E51126008FB343 /* ChattingListVM.swift in Sources */,
				356F7BCF2A0779AE00C536D8 /* CounselorInfoSection.swift in Sources */,
				3523AF8E2A09079700D51B8A /* FBCollection.swift in Sources */,
				35277D2729DA8ADA002A2A14 /* FitWellCell.swift in Sources */,
				359D327D29E582C8005BF86C /* UseHistoryCell.swift in Sources */,
				355EDEC629D5C43D00F9BD5D /* Fonts.swift in Sources */,
				359D326C29E5751D005BF86C /* BuyHistoryVC.swift in Sources */,
				355CAE592A0A27E500C121BF /* Counselor.swift in Sources */,
				354664AF29E425EA0055375F /* ChattingListVC.swift in Sources */,
				3504E2B029E3A887006AEED6 /* MoreFitWellVC.swift in Sources */,
				359D326729E5514B005BF86C /* CoinManagementV.swift in Sources */,
				35364FDB2A029D7D00C4BC8D /* PushManager.swift in Sources */,
				35BC511929D1950F00BEA034 /* SelectUseTypeV.swift in Sources */,
				359D327729E57D4E005BF86C /* BuyHistoryCell.swift in Sources */,
				354664B929E43ADF0055375F /* BigCoinBlock.swift in Sources */,
				35277D2529DA8ACD002A2A14 /* PopularCell.swift in Sources */,
				3504E2A829E3A4F2006AEED6 /* PlainHeaderView.swift in Sources */,
				35EAEB2929CAFD4A00AAE587 /* BaseViewController.swift in Sources */,
				3504E2B429E3A8A0006AEED6 /* MoreLiveVC.swift in Sources */,
				35C29FFF29ECF3E40018FE04 /* Sender.swift in Sources */,
				354664BB29E43FC50055375F /* ServiceCenterBlock.swift in Sources */,
				359F7FBA29FD4B7000274108 /* CounselorDetailV.swift in Sources */,
				35C29FF829ECF1D60018FE04 /* ChatChannel.swift in Sources */,
				3560437829DECBFD001CDA77 /* CategoryBlock.swift in Sources */,
				35308FAE29E4F5F4008FB343 /* MyPageMenu.swift in Sources */,
				35EAEB2529CAFB5600AAE587 /* Cordinator.swift in Sources */,
				359D327B29E58230005BF86C /* UseHistoryV.swift in Sources */,
				354B73CD2A0BAEB200651EF9 /* MoreButtonTouchable.swift in Sources */,
				354609F529D70D8500FC5ABB /* LoginV.swift in Sources */,
				359D326E29E57530005BF86C /* UseHistoryVC.swift in Sources */,
				3523AF8B2A09055300D51B8A /* CounselorInfo.swift in Sources */,
				35726F322A05F556008E28D0 /* CounselorManager.swift in Sources */,
				35DECCB829DBD26800DE5BE3 /* LiveCounselorCell.swift in Sources */,
				3560437629DECB6A001CDA77 /* FitWellCounselorCell.swift in Sources */,
				35E2987C29CBEC2D00847F49 /* SplashV.swift in Sources */,
				3509F82D29D5755800AD880C /* ColorSet.swift in Sources */,
				354609F729D70DA600FC5ABB /* LoginVC.swift in Sources */,
				35EAEAF729CAF99500AAE587 /* SplashVC.swift in Sources */,
				351BB88A29FA72300050105F /* ChatManager.swift in Sources */,
				354664B329E42C1A0055375F /* CustomTabBarController.swift in Sources */,
				3504E2B829E3A8C4006AEED6 /* MorePopularV.swift in Sources */,
				354664B529E4359E0055375F /* MyPageV.swift in Sources */,
				359D327929E58002005BF86C /* BuyHistoryV.swift in Sources */,
				359933C929D07A520098A0FC /* MainVC.swift in Sources */,
				351684E229E9621F00E0CF44 /* CoinInformationUse.swift in Sources */,
				359D326A29E574FE005BF86C /* BuyCoinVC.swift in Sources */,
				359F7FBF29FD571000274108 /* CounselorDetailHeader.swift in Sources */,
				356F7BE82A07E4A000C536D8 /* WriteReviewV.swift in Sources */,
				356F7BD22A0790E300C536D8 /* AffiliationCell.swift in Sources */,
				355EDEDE29D5CD0300F9BD5D /* SelectCategoryVC.swift in Sources */,
				3504E2B629E3A8B1006AEED6 /* MoreFitWellV.swift in Sources */,
				3560437229DEB943001CDA77 /* CounselorBadge.swift in Sources */,
				356F7BCD2A07770100C536D8 /* InfoSectionHeader.swift in Sources */,
				35C29FFD29ECF2A20018FE04 /* Message.swift in Sources */,
				35308FB629E50784008FB343 /* ChattingListHeader.swift in Sources */,
				356F7BDD2A07ADDF00C536D8 /* ReviewCell.swift in Sources */,
				35EAEAF329CAF99500AAE587 /* AppDelegate.swift in Sources */,
				35C29FF529ECE1C30018FE04 /* ChatRoomVC.swift in Sources */,
				35277D1C29DA84E4002A2A14 /* MainListSection.swift in Sources */,
				356F7BD72A07934A00C536D8 /* AffiliationContentCell.swift in Sources */,
				351684E029E9521A00E0CF44 /* BuyCoinCell.swift in Sources */,
				35277D1629DA6A66002A2A14 /* CoinBlock.swift in Sources */,
				35962E8029F9253A0059CF17 /* ChatRoomHeader.swift in Sources */,
				356F7BDB2A07958F00C536D8 /* CertificateContentCell.swift in Sources */,
				35188F6A2A0A01490040804E /* FBError.swift in Sources */,
				35308FB429E503CE008FB343 /* ChattingListV.swift in Sources */,
				35277D1829DA6BC9002A2A14 /* MainHeaderView.swift in Sources */,
				357D84ED2A0A7196003DB1FC /* LiveCellVM.swift in Sources */,
				354609F929D70DF300FC5ABB /* LoginVM.swift in Sources */,
				35EAEAF529CAF99500AAE587 /* SceneDelegate.swift in Sources */,
				3504E2BA29E3A8CE006AEED6 /* MoreLiveV.swift in Sources */,
				3560437429DEBAD7001CDA77 /* PopularCounselorCell.swift in Sources */,
				35188F672A09FC830040804E /* CounselorField.swift in Sources */,
				35308FB829E50E2F008FB343 /* ChattingCell.swift in Sources */,
				354664B729E436200055375F /* MyPageHeader.swift in Sources */,
				359D326529E550AC005BF86C /* CoinManagementVC.swift in Sources */,
				359933CD29D07A750098A0FC /* MainVM.swift in Sources */,
				354609F229D6F46700FC5ABB /* Category.swift in Sources */,
				35C29FFB29ECF2580018FE04 /* ImageMediaItem.swift in Sources */,
				354664B129E4262D0055375F /* MyPageVC.swift in Sources */,
				3523AF902A0908F800D51B8A /* Extenstion+CollectionReference.swift in Sources */,
				35BC511B29D1968B00BEA034 /* SelectUseTypeVC.swift in Sources */,
				355EDEDB29D5C98800F9BD5D /* CompleteButton.swift in Sources */,
				354609FD29D70EEB00FC5ABB /* LoginType.swift in Sources */,
				354609F029D6F19500FC5ABB /* AssetImage.swift in Sources */,
				359F7FBD29FD4CE600274108 /* CounselorDetailVC.swift in Sources */,
				3504E2BC29E3B1B4006AEED6 /* MorePopularCell.swift in Sources */,
				35EAEB2C29CAFDAA00AAE587 /* BaseViewModel.swift in Sources */,
				35726F342A05F7A3008E28D0 /* DateCustomCell.swift in Sources */,
				354609EC29D6EBA000FC5ABB /* CategoryCell.swift in Sources */,
				35E2987E29CBEC5800847F49 /* SplashVM.swift in Sources */,
				35BC511D29D196FB00BEA034 /* SelectUseTypeVM.swift in Sources */,
				3504E2BE29E3B1C1006AEED6 /* MoreFitWellCell.swift in Sources */,
				356F7BD42A07920A00C536D8 /* CollectionViewLeftAlignFlowLayout.swift in Sources */,
				359933CB29D07A690098A0FC /* MainV.swift in Sources */,
				35308FB229E4F83C008FB343 /* MenuCell.swift in Sources */,
				356F7BE52A07E45600C536D8 /* VoiceRoomV.swift in Sources */,
				35726F362A066966008E28D0 /* CustomTabBar.swift in Sources */,
				359D327529E57601005BF86C /* BuyCoinV.swift in Sources */,
			);
			runOnlyForDeploymentPostprocessing = 0;
		};
		35EAEB0129CAF99600AAE587 /* Sources */ = {
			isa = PBXSourcesBuildPhase;
			buildActionMask = 2147483647;
			files = (
				35EAEB0A29CAF99600AAE587 /* VoiceConsultingAppTests.swift in Sources */,
			);
			runOnlyForDeploymentPostprocessing = 0;
		};
		35EAEB0B29CAF99600AAE587 /* Sources */ = {
			isa = PBXSourcesBuildPhase;
			buildActionMask = 2147483647;
			files = (
				35EAEB1429CAF99600AAE587 /* VoiceConsultingAppUITests.swift in Sources */,
				35EAEB1629CAF99600AAE587 /* VoiceConsultingAppUITestsLaunchTests.swift in Sources */,
			);
			runOnlyForDeploymentPostprocessing = 0;
		};
/* End PBXSourcesBuildPhase section */

/* Begin PBXTargetDependency section */
		35EAEB0729CAF99600AAE587 /* PBXTargetDependency */ = {
			isa = PBXTargetDependency;
			target = 35EAEAEE29CAF99500AAE587 /* VoiceConsultingApp */;
			targetProxy = 35EAEB0629CAF99600AAE587 /* PBXContainerItemProxy */;
		};
		35EAEB1129CAF99600AAE587 /* PBXTargetDependency */ = {
			isa = PBXTargetDependency;
			target = 35EAEAEE29CAF99500AAE587 /* VoiceConsultingApp */;
			targetProxy = 35EAEB1029CAF99600AAE587 /* PBXContainerItemProxy */;
		};
/* End PBXTargetDependency section */

/* Begin XCBuildConfiguration section */
		35EAEB1729CAF99600AAE587 /* Debug */ = {
			isa = XCBuildConfiguration;
			buildSettings = {
				ALWAYS_SEARCH_USER_PATHS = NO;
				CLANG_ANALYZER_NONNULL = YES;
				CLANG_ANALYZER_NUMBER_OBJECT_CONVERSION = YES_AGGRESSIVE;
				CLANG_CXX_LANGUAGE_STANDARD = "gnu++20";
				CLANG_ENABLE_MODULES = YES;
				CLANG_ENABLE_OBJC_ARC = YES;
				CLANG_ENABLE_OBJC_WEAK = YES;
				CLANG_WARN_BLOCK_CAPTURE_AUTORELEASING = YES;
				CLANG_WARN_BOOL_CONVERSION = YES;
				CLANG_WARN_COMMA = YES;
				CLANG_WARN_CONSTANT_CONVERSION = YES;
				CLANG_WARN_DEPRECATED_OBJC_IMPLEMENTATIONS = YES;
				CLANG_WARN_DIRECT_OBJC_ISA_USAGE = YES_ERROR;
				CLANG_WARN_DOCUMENTATION_COMMENTS = YES;
				CLANG_WARN_EMPTY_BODY = YES;
				CLANG_WARN_ENUM_CONVERSION = YES;
				CLANG_WARN_INFINITE_RECURSION = YES;
				CLANG_WARN_INT_CONVERSION = YES;
				CLANG_WARN_NON_LITERAL_NULL_CONVERSION = YES;
				CLANG_WARN_OBJC_IMPLICIT_RETAIN_SELF = YES;
				CLANG_WARN_OBJC_LITERAL_CONVERSION = YES;
				CLANG_WARN_OBJC_ROOT_CLASS = YES_ERROR;
				CLANG_WARN_QUOTED_INCLUDE_IN_FRAMEWORK_HEADER = YES;
				CLANG_WARN_RANGE_LOOP_ANALYSIS = YES;
				CLANG_WARN_STRICT_PROTOTYPES = YES;
				CLANG_WARN_SUSPICIOUS_MOVE = YES;
				CLANG_WARN_UNGUARDED_AVAILABILITY = YES_AGGRESSIVE;
				CLANG_WARN_UNREACHABLE_CODE = YES;
				CLANG_WARN__DUPLICATE_METHOD_MATCH = YES;
				COPY_PHASE_STRIP = NO;
				DEBUG_INFORMATION_FORMAT = dwarf;
				ENABLE_STRICT_OBJC_MSGSEND = YES;
				ENABLE_TESTABILITY = YES;
				"EXCLUDED_ARCHS[sdk=iphonesimulator*]" = arm64;
				GCC_C_LANGUAGE_STANDARD = gnu11;
				GCC_DYNAMIC_NO_PIC = NO;
				GCC_NO_COMMON_BLOCKS = YES;
				GCC_OPTIMIZATION_LEVEL = 0;
				GCC_PREPROCESSOR_DEFINITIONS = (
					"DEBUG=1",
					"$(inherited)",
				);
				GCC_WARN_64_TO_32_BIT_CONVERSION = YES;
				GCC_WARN_ABOUT_RETURN_TYPE = YES_ERROR;
				GCC_WARN_UNDECLARED_SELECTOR = YES;
				GCC_WARN_UNINITIALIZED_AUTOS = YES_AGGRESSIVE;
				GCC_WARN_UNUSED_FUNCTION = YES;
				GCC_WARN_UNUSED_VARIABLE = YES;
				IPHONEOS_DEPLOYMENT_TARGET = 14.0;
				MTL_ENABLE_DEBUG_INFO = INCLUDE_SOURCE;
				MTL_FAST_MATH = YES;
				ONLY_ACTIVE_ARCH = YES;
				SDKROOT = iphoneos;
				SWIFT_ACTIVE_COMPILATION_CONDITIONS = DEBUG;
				SWIFT_OPTIMIZATION_LEVEL = "-Onone";
				VALIDATE_PRODUCT = NO;
			};
			name = Debug;
		};
		35EAEB1829CAF99600AAE587 /* Release */ = {
			isa = XCBuildConfiguration;
			buildSettings = {
				ALWAYS_SEARCH_USER_PATHS = NO;
				CLANG_ANALYZER_NONNULL = YES;
				CLANG_ANALYZER_NUMBER_OBJECT_CONVERSION = YES_AGGRESSIVE;
				CLANG_CXX_LANGUAGE_STANDARD = "gnu++20";
				CLANG_ENABLE_MODULES = YES;
				CLANG_ENABLE_OBJC_ARC = YES;
				CLANG_ENABLE_OBJC_WEAK = YES;
				CLANG_WARN_BLOCK_CAPTURE_AUTORELEASING = YES;
				CLANG_WARN_BOOL_CONVERSION = YES;
				CLANG_WARN_COMMA = YES;
				CLANG_WARN_CONSTANT_CONVERSION = YES;
				CLANG_WARN_DEPRECATED_OBJC_IMPLEMENTATIONS = YES;
				CLANG_WARN_DIRECT_OBJC_ISA_USAGE = YES_ERROR;
				CLANG_WARN_DOCUMENTATION_COMMENTS = YES;
				CLANG_WARN_EMPTY_BODY = YES;
				CLANG_WARN_ENUM_CONVERSION = YES;
				CLANG_WARN_INFINITE_RECURSION = YES;
				CLANG_WARN_INT_CONVERSION = YES;
				CLANG_WARN_NON_LITERAL_NULL_CONVERSION = YES;
				CLANG_WARN_OBJC_IMPLICIT_RETAIN_SELF = YES;
				CLANG_WARN_OBJC_LITERAL_CONVERSION = YES;
				CLANG_WARN_OBJC_ROOT_CLASS = YES_ERROR;
				CLANG_WARN_QUOTED_INCLUDE_IN_FRAMEWORK_HEADER = YES;
				CLANG_WARN_RANGE_LOOP_ANALYSIS = YES;
				CLANG_WARN_STRICT_PROTOTYPES = YES;
				CLANG_WARN_SUSPICIOUS_MOVE = YES;
				CLANG_WARN_UNGUARDED_AVAILABILITY = YES_AGGRESSIVE;
				CLANG_WARN_UNREACHABLE_CODE = YES;
				CLANG_WARN__DUPLICATE_METHOD_MATCH = YES;
				COPY_PHASE_STRIP = NO;
				DEBUG_INFORMATION_FORMAT = "dwarf-with-dsym";
				ENABLE_NS_ASSERTIONS = NO;
				ENABLE_STRICT_OBJC_MSGSEND = YES;
				"EXCLUDED_ARCHS[sdk=iphonesimulator*]" = arm64;
				GCC_C_LANGUAGE_STANDARD = gnu11;
				GCC_NO_COMMON_BLOCKS = YES;
				GCC_WARN_64_TO_32_BIT_CONVERSION = YES;
				GCC_WARN_ABOUT_RETURN_TYPE = YES_ERROR;
				GCC_WARN_UNDECLARED_SELECTOR = YES;
				GCC_WARN_UNINITIALIZED_AUTOS = YES_AGGRESSIVE;
				GCC_WARN_UNUSED_FUNCTION = YES;
				GCC_WARN_UNUSED_VARIABLE = YES;
				IPHONEOS_DEPLOYMENT_TARGET = 14.0;
				MTL_ENABLE_DEBUG_INFO = NO;
				MTL_FAST_MATH = YES;
				ONLY_ACTIVE_ARCH = YES;
				SDKROOT = iphoneos;
				SWIFT_COMPILATION_MODE = wholemodule;
				SWIFT_OPTIMIZATION_LEVEL = "-O";
				VALIDATE_PRODUCT = YES;
			};
			name = Release;
		};
		35EAEB1A29CAF99600AAE587 /* Debug */ = {
			isa = XCBuildConfiguration;
			baseConfigurationReference = 6F09A91E4039DACF452A7DBD /* Pods-VoiceConsultingApp.debug.xcconfig */;
			buildSettings = {
				ASSETCATALOG_COMPILER_APPICON_NAME = AppIcon;
				ASSETCATALOG_COMPILER_GLOBAL_ACCENT_COLOR_NAME = AccentColor;
				CODE_SIGN_ENTITLEMENTS = VoiceConsultingApp/VoiceConsultingApp.entitlements;
				CODE_SIGN_STYLE = Automatic;
				CURRENT_PROJECT_VERSION = 1;
				DEVELOPMENT_TEAM = 4D57VYHA4Y;
				GENERATE_INFOPLIST_FILE = YES;
				INFOPLIST_FILE = VoiceConsultingApp/Common/Info.plist;
				INFOPLIST_KEY_UIApplicationSupportsIndirectInputEvents = YES;
				INFOPLIST_KEY_UILaunchStoryboardName = LaunchScreen;
				INFOPLIST_KEY_UISupportedInterfaceOrientations_iPad = "UIInterfaceOrientationPortrait UIInterfaceOrientationPortraitUpsideDown UIInterfaceOrientationLandscapeLeft UIInterfaceOrientationLandscapeRight";
				INFOPLIST_KEY_UISupportedInterfaceOrientations_iPhone = "UIInterfaceOrientationPortrait UIInterfaceOrientationLandscapeLeft UIInterfaceOrientationLandscapeRight";
				IPHONEOS_DEPLOYMENT_TARGET = 13.0;
				LD_RUNPATH_SEARCH_PATHS = (
					"$(inherited)",
					"@executable_path/Frameworks",
				);
				MARKETING_VERSION = 1.0;
				ONLY_ACTIVE_ARCH = YES;
				PRODUCT_BUNDLE_IDENTIFIER = com.team.winconsultingapp;
				PRODUCT_NAME = "$(TARGET_NAME)";
				SWIFT_EMIT_LOC_STRINGS = YES;
				SWIFT_VERSION = 5.0;
				TARGETED_DEVICE_FAMILY = "1,2";
			};
			name = Debug;
		};
		35EAEB1B29CAF99600AAE587 /* Release */ = {
			isa = XCBuildConfiguration;
			baseConfigurationReference = 87F7D338AD2A1886484008B9 /* Pods-VoiceConsultingApp.release.xcconfig */;
			buildSettings = {
				ASSETCATALOG_COMPILER_APPICON_NAME = AppIcon;
				ASSETCATALOG_COMPILER_GLOBAL_ACCENT_COLOR_NAME = AccentColor;
				CODE_SIGN_ENTITLEMENTS = VoiceConsultingApp/VoiceConsultingApp.entitlements;
				CODE_SIGN_STYLE = Automatic;
				CURRENT_PROJECT_VERSION = 1;
				DEVELOPMENT_TEAM = 4D57VYHA4Y;
				GENERATE_INFOPLIST_FILE = YES;
				INFOPLIST_FILE = VoiceConsultingApp/Common/Info.plist;
				INFOPLIST_KEY_UIApplicationSupportsIndirectInputEvents = YES;
				INFOPLIST_KEY_UILaunchStoryboardName = LaunchScreen;
				INFOPLIST_KEY_UISupportedInterfaceOrientations_iPad = "UIInterfaceOrientationPortrait UIInterfaceOrientationPortraitUpsideDown UIInterfaceOrientationLandscapeLeft UIInterfaceOrientationLandscapeRight";
				INFOPLIST_KEY_UISupportedInterfaceOrientations_iPhone = "UIInterfaceOrientationPortrait UIInterfaceOrientationLandscapeLeft UIInterfaceOrientationLandscapeRight";
				IPHONEOS_DEPLOYMENT_TARGET = 13.0;
				LD_RUNPATH_SEARCH_PATHS = (
					"$(inherited)",
					"@executable_path/Frameworks",
				);
				MARKETING_VERSION = 1.0;
				ONLY_ACTIVE_ARCH = YES;
				PRODUCT_BUNDLE_IDENTIFIER = com.team.winconsultingapp;
				PRODUCT_NAME = "$(TARGET_NAME)";
				SWIFT_EMIT_LOC_STRINGS = YES;
				SWIFT_VERSION = 5.0;
				TARGETED_DEVICE_FAMILY = "1,2";
			};
			name = Release;
		};
		35EAEB1D29CAF99600AAE587 /* Debug */ = {
			isa = XCBuildConfiguration;
			baseConfigurationReference = 54963B7D7EECDF08403A6BEE /* Pods-VoiceConsultingAppTests.debug.xcconfig */;
			buildSettings = {
				ALWAYS_EMBED_SWIFT_STANDARD_LIBRARIES = YES;
				BUNDLE_LOADER = "$(TEST_HOST)";
				CODE_SIGN_STYLE = Automatic;
				CURRENT_PROJECT_VERSION = 1;
				DEVELOPMENT_TEAM = 45K89U54K6;
				GENERATE_INFOPLIST_FILE = YES;
				IPHONEOS_DEPLOYMENT_TARGET = 16.2;
				MARKETING_VERSION = 1.0;
				PRODUCT_BUNDLE_IDENTIFIER = com.team.com.team.winconsultingapp.VoiceConsultingAppTests;
				PRODUCT_NAME = "$(TARGET_NAME)";
				SWIFT_EMIT_LOC_STRINGS = NO;
				SWIFT_VERSION = 5.0;
				TARGETED_DEVICE_FAMILY = "1,2";
				TEST_HOST = "$(BUILT_PRODUCTS_DIR)/VoiceConsultingApp.app/$(BUNDLE_EXECUTABLE_FOLDER_PATH)/VoiceConsultingApp";
			};
			name = Debug;
		};
		35EAEB1E29CAF99600AAE587 /* Release */ = {
			isa = XCBuildConfiguration;
			baseConfigurationReference = 67229BDF2B9A15D0C717A6B0 /* Pods-VoiceConsultingAppTests.release.xcconfig */;
			buildSettings = {
				ALWAYS_EMBED_SWIFT_STANDARD_LIBRARIES = YES;
				BUNDLE_LOADER = "$(TEST_HOST)";
				CODE_SIGN_STYLE = Automatic;
				CURRENT_PROJECT_VERSION = 1;
				DEVELOPMENT_TEAM = 45K89U54K6;
				GENERATE_INFOPLIST_FILE = YES;
				IPHONEOS_DEPLOYMENT_TARGET = 16.2;
				MARKETING_VERSION = 1.0;
				PRODUCT_BUNDLE_IDENTIFIER = com.team.com.team.winconsultingapp.VoiceConsultingAppTests;
				PRODUCT_NAME = "$(TARGET_NAME)";
				SWIFT_EMIT_LOC_STRINGS = NO;
				SWIFT_VERSION = 5.0;
				TARGETED_DEVICE_FAMILY = "1,2";
				TEST_HOST = "$(BUILT_PRODUCTS_DIR)/VoiceConsultingApp.app/$(BUNDLE_EXECUTABLE_FOLDER_PATH)/VoiceConsultingApp";
			};
			name = Release;
		};
		35EAEB2029CAF99600AAE587 /* Debug */ = {
			isa = XCBuildConfiguration;
			baseConfigurationReference = E49DFD15BC527DD6B022803D /* Pods-VoiceConsultingApp-VoiceConsultingAppUITests.debug.xcconfig */;
			buildSettings = {
				ALWAYS_EMBED_SWIFT_STANDARD_LIBRARIES = YES;
				CODE_SIGN_STYLE = Automatic;
				CURRENT_PROJECT_VERSION = 1;
				DEVELOPMENT_TEAM = 45K89U54K6;
				GENERATE_INFOPLIST_FILE = YES;
				MARKETING_VERSION = 1.0;
				PRODUCT_BUNDLE_IDENTIFIER = com.team.com.team.winconsultingapp.VoiceConsultingAppUITests;
				PRODUCT_NAME = "$(TARGET_NAME)";
				SWIFT_EMIT_LOC_STRINGS = NO;
				SWIFT_VERSION = 5.0;
				TARGETED_DEVICE_FAMILY = "1,2";
				TEST_TARGET_NAME = VoiceConsultingApp;
			};
			name = Debug;
		};
		35EAEB2129CAF99600AAE587 /* Release */ = {
			isa = XCBuildConfiguration;
			baseConfigurationReference = 280AA3B4E8285222635E653A /* Pods-VoiceConsultingApp-VoiceConsultingAppUITests.release.xcconfig */;
			buildSettings = {
				ALWAYS_EMBED_SWIFT_STANDARD_LIBRARIES = YES;
				CODE_SIGN_STYLE = Automatic;
				CURRENT_PROJECT_VERSION = 1;
				DEVELOPMENT_TEAM = 45K89U54K6;
				GENERATE_INFOPLIST_FILE = YES;
				MARKETING_VERSION = 1.0;
				PRODUCT_BUNDLE_IDENTIFIER = com.team.com.team.winconsultingapp.VoiceConsultingAppUITests;
				PRODUCT_NAME = "$(TARGET_NAME)";
				SWIFT_EMIT_LOC_STRINGS = NO;
				SWIFT_VERSION = 5.0;
				TARGETED_DEVICE_FAMILY = "1,2";
				TEST_TARGET_NAME = VoiceConsultingApp;
			};
			name = Release;
		};
/* End XCBuildConfiguration section */

/* Begin XCConfigurationList section */
		35EAEAEA29CAF99500AAE587 /* Build configuration list for PBXProject "VoiceConsultingApp" */ = {
			isa = XCConfigurationList;
			buildConfigurations = (
				35EAEB1729CAF99600AAE587 /* Debug */,
				35EAEB1829CAF99600AAE587 /* Release */,
			);
			defaultConfigurationIsVisible = 0;
			defaultConfigurationName = Release;
		};
		35EAEB1929CAF99600AAE587 /* Build configuration list for PBXNativeTarget "VoiceConsultingApp" */ = {
			isa = XCConfigurationList;
			buildConfigurations = (
				35EAEB1A29CAF99600AAE587 /* Debug */,
				35EAEB1B29CAF99600AAE587 /* Release */,
			);
			defaultConfigurationIsVisible = 0;
			defaultConfigurationName = Release;
		};
		35EAEB1C29CAF99600AAE587 /* Build configuration list for PBXNativeTarget "VoiceConsultingAppTests" */ = {
			isa = XCConfigurationList;
			buildConfigurations = (
				35EAEB1D29CAF99600AAE587 /* Debug */,
				35EAEB1E29CAF99600AAE587 /* Release */,
			);
			defaultConfigurationIsVisible = 0;
			defaultConfigurationName = Release;
		};
		35EAEB1F29CAF99600AAE587 /* Build configuration list for PBXNativeTarget "VoiceConsultingAppUITests" */ = {
			isa = XCConfigurationList;
			buildConfigurations = (
				35EAEB2029CAF99600AAE587 /* Debug */,
				35EAEB2129CAF99600AAE587 /* Release */,
			);
			defaultConfigurationIsVisible = 0;
			defaultConfigurationName = Release;
		};
/* End XCConfigurationList section */

/* Begin XCRemoteSwiftPackageReference section */
		356F7BE02A07BF4600C536D8 /* XCRemoteSwiftPackageReference "PureLayout" */ = {
			isa = XCRemoteSwiftPackageReference;
			repositoryURL = "https://github.com/PureLayout/PureLayout.git";
			requirement = {
				kind = upToNextMajorVersion;
				minimumVersion = 3.0.0;
			};
		};
		35C29FF029ECE1830018FE04 /* XCRemoteSwiftPackageReference "MessageKit" */ = {
			isa = XCRemoteSwiftPackageReference;
			repositoryURL = "https://github.com/MessageKit/MessageKit";
			requirement = {
				kind = upToNextMajorVersion;
				minimumVersion = 4.0.0;
			};
		};
/* End XCRemoteSwiftPackageReference section */

/* Begin XCSwiftPackageProductDependency section */
		356F7BE12A07BF4600C536D8 /* PureLayout */ = {
			isa = XCSwiftPackageProductDependency;
			package = 356F7BE02A07BF4600C536D8 /* XCRemoteSwiftPackageReference "PureLayout" */;
			productName = PureLayout;
		};
		35C29FF129ECE1830018FE04 /* MessageKit */ = {
			isa = XCSwiftPackageProductDependency;
			package = 35C29FF029ECE1830018FE04 /* XCRemoteSwiftPackageReference "MessageKit" */;
			productName = MessageKit;
		};
/* End XCSwiftPackageProductDependency section */
	};
	rootObject = 35EAEAE729CAF99500AAE587 /* Project object */;
}
