// !$*UTF8*$!
{
	archiveVersion = 1;
	classes = {
	};
	objectVersion = 55;
	objects = {

/* Begin PBXBuildFile section */
		15FF145122CCDC3A193DE7DD /* Pods_VoiceConsultingApp_VoiceConsultingAppUITests.framework in Frameworks */ = {isa = PBXBuildFile; fileRef = 73758EB074927187BF6D96BB /* Pods_VoiceConsultingApp_VoiceConsultingAppUITests.framework */; };
		298085D794FF0792CE7714CE /* Pods_VoiceConsultingApp.framework in Frameworks */ = {isa = PBXBuildFile; fileRef = 21D0B9A074DEA9009AE19745 /* Pods_VoiceConsultingApp.framework */; };
		3500F74229DC07770080AC4F /* Extension+UIView.swift in Sources */ = {isa = PBXBuildFile; fileRef = 3500F74129DC07770080AC4F /* Extension+UIView.swift */; };
		3504E2A829E3A4F2006AEED6 /* MoreHeaderView.swift in Sources */ = {isa = PBXBuildFile; fileRef = 3504E2A729E3A4F2006AEED6 /* MoreHeaderView.swift */; };
		3504E2AE29E3A669006AEED6 /* MoreType.swift in Sources */ = {isa = PBXBuildFile; fileRef = 3504E2AD29E3A669006AEED6 /* MoreType.swift */; };
		3504E2B029E3A887006AEED6 /* MoreFitWellVC.swift in Sources */ = {isa = PBXBuildFile; fileRef = 3504E2AF29E3A887006AEED6 /* MoreFitWellVC.swift */; };
		3504E2B229E3A894006AEED6 /* MorePopularVC.swift in Sources */ = {isa = PBXBuildFile; fileRef = 3504E2B129E3A894006AEED6 /* MorePopularVC.swift */; };
		3504E2B429E3A8A0006AEED6 /* MoreLiveVC.swift in Sources */ = {isa = PBXBuildFile; fileRef = 3504E2B329E3A8A0006AEED6 /* MoreLiveVC.swift */; };
		3504E2B629E3A8B1006AEED6 /* MoreFitWellV.swift in Sources */ = {isa = PBXBuildFile; fileRef = 3504E2B529E3A8B1006AEED6 /* MoreFitWellV.swift */; };
		3504E2B829E3A8C4006AEED6 /* MorePopularV.swift in Sources */ = {isa = PBXBuildFile; fileRef = 3504E2B729E3A8C4006AEED6 /* MorePopularV.swift */; };
		3504E2BA29E3A8CE006AEED6 /* MoreLiveV.swift in Sources */ = {isa = PBXBuildFile; fileRef = 3504E2B929E3A8CE006AEED6 /* MoreLiveV.swift */; };
		3504E2BC29E3B1B4006AEED6 /* MorePopularCell.swift in Sources */ = {isa = PBXBuildFile; fileRef = 3504E2BB29E3B1B4006AEED6 /* MorePopularCell.swift */; };
		3504E2BE29E3B1C1006AEED6 /* MoreFitWellCell.swift in Sources */ = {isa = PBXBuildFile; fileRef = 3504E2BD29E3B1C1006AEED6 /* MoreFitWellCell.swift */; };
		3509F82D29D5755800AD880C /* ColorSet.swift in Sources */ = {isa = PBXBuildFile; fileRef = 3509F82C29D5755800AD880C /* ColorSet.swift */; };
		35277D1629DA6A66002A2A14 /* CoinBlock.swift in Sources */ = {isa = PBXBuildFile; fileRef = 35277D1529DA6A66002A2A14 /* CoinBlock.swift */; };
		35277D1829DA6BC9002A2A14 /* MainHeaderView.swift in Sources */ = {isa = PBXBuildFile; fileRef = 35277D1729DA6BC9002A2A14 /* MainHeaderView.swift */; };
		35277D1A29DA74B0002A2A14 /* Inter-Bold.ttf in Resources */ = {isa = PBXBuildFile; fileRef = 35277D1929DA73DD002A2A14 /* Inter-Bold.ttf */; };
		35277D1C29DA84E4002A2A14 /* MainListSection.swift in Sources */ = {isa = PBXBuildFile; fileRef = 35277D1B29DA84E4002A2A14 /* MainListSection.swift */; };
		35277D1E29DA8662002A2A14 /* MainListHeader.swift in Sources */ = {isa = PBXBuildFile; fileRef = 35277D1D29DA8662002A2A14 /* MainListHeader.swift */; };
		35277D2129DA8A95002A2A14 /* BannerCell.swift in Sources */ = {isa = PBXBuildFile; fileRef = 35277D2029DA8A95002A2A14 /* BannerCell.swift */; };
		35277D2329DA8AB9002A2A14 /* LiveCell.swift in Sources */ = {isa = PBXBuildFile; fileRef = 35277D2229DA8AB9002A2A14 /* LiveCell.swift */; };
		35277D2529DA8ACD002A2A14 /* PopularCell.swift in Sources */ = {isa = PBXBuildFile; fileRef = 35277D2429DA8ACD002A2A14 /* PopularCell.swift */; };
		35277D2729DA8ADA002A2A14 /* FitWellCell.swift in Sources */ = {isa = PBXBuildFile; fileRef = 35277D2629DA8ADA002A2A14 /* FitWellCell.swift */; };
		354609EC29D6EBA000FC5ABB /* CategoryCell.swift in Sources */ = {isa = PBXBuildFile; fileRef = 354609EB29D6EBA000FC5ABB /* CategoryCell.swift */; };
		354609F029D6F19500FC5ABB /* AssetImage.swift in Sources */ = {isa = PBXBuildFile; fileRef = 354609EF29D6F19500FC5ABB /* AssetImage.swift */; };
		354609F229D6F46700FC5ABB /* Category.swift in Sources */ = {isa = PBXBuildFile; fileRef = 354609F129D6F46700FC5ABB /* Category.swift */; };
		354609F529D70D8500FC5ABB /* LoginV.swift in Sources */ = {isa = PBXBuildFile; fileRef = 354609F429D70D8500FC5ABB /* LoginV.swift */; };
		354609F729D70DA600FC5ABB /* LoginVC.swift in Sources */ = {isa = PBXBuildFile; fileRef = 354609F629D70DA600FC5ABB /* LoginVC.swift */; };
		354609F929D70DF300FC5ABB /* LoginVM.swift in Sources */ = {isa = PBXBuildFile; fileRef = 354609F829D70DF300FC5ABB /* LoginVM.swift */; };
		354609FD29D70EEB00FC5ABB /* LoginType.swift in Sources */ = {isa = PBXBuildFile; fileRef = 354609FC29D70EEB00FC5ABB /* LoginType.swift */; };
		354664AF29E425EA0055375F /* ChattingListVC.swift in Sources */ = {isa = PBXBuildFile; fileRef = 354664AE29E425EA0055375F /* ChattingListVC.swift */; };
		354664B129E4262D0055375F /* MyPageVC.swift in Sources */ = {isa = PBXBuildFile; fileRef = 354664B029E4262D0055375F /* MyPageVC.swift */; };
		354664B329E42C1A0055375F /* CustomTabBarController.swift in Sources */ = {isa = PBXBuildFile; fileRef = 354664B229E42C1A0055375F /* CustomTabBarController.swift */; };
		354664B529E4359E0055375F /* MyPageV.swift in Sources */ = {isa = PBXBuildFile; fileRef = 354664B429E4359E0055375F /* MyPageV.swift */; };
		354664B729E436200055375F /* MyPageHeader.swift in Sources */ = {isa = PBXBuildFile; fileRef = 354664B629E436200055375F /* MyPageHeader.swift */; };
		354664B929E43ADF0055375F /* BigCoinBlock.swift in Sources */ = {isa = PBXBuildFile; fileRef = 354664B829E43ADF0055375F /* BigCoinBlock.swift */; };
		354664BB29E43FC50055375F /* ServiceCenterBlock.swift in Sources */ = {isa = PBXBuildFile; fileRef = 354664BA29E43FC50055375F /* ServiceCenterBlock.swift */; };
		354664BD29E441130055375F /* Inter-Medium.ttf in Resources */ = {isa = PBXBuildFile; fileRef = 354664BC29E441120055375F /* Inter-Medium.ttf */; };
		355EDEC629D5C43D00F9BD5D /* Fonts.swift in Sources */ = {isa = PBXBuildFile; fileRef = 355EDEC529D5C43D00F9BD5D /* Fonts.swift */; };
		355EDED329D5C6C600F9BD5D /* NotoSansKR-Regular.otf in Resources */ = {isa = PBXBuildFile; fileRef = 355EDECD29D5C6C500F9BD5D /* NotoSansKR-Regular.otf */; };
		355EDED429D5C6C600F9BD5D /* NotoSansKR-Thin.otf in Resources */ = {isa = PBXBuildFile; fileRef = 355EDECE29D5C6C500F9BD5D /* NotoSansKR-Thin.otf */; };
		355EDED529D5C6C600F9BD5D /* NotoSansKR-Black.otf in Resources */ = {isa = PBXBuildFile; fileRef = 355EDECF29D5C6C600F9BD5D /* NotoSansKR-Black.otf */; };
		355EDED629D5C6C600F9BD5D /* NotoSansKR-Bold.otf in Resources */ = {isa = PBXBuildFile; fileRef = 355EDED029D5C6C600F9BD5D /* NotoSansKR-Bold.otf */; };
		355EDED729D5C6C600F9BD5D /* NotoSansKR-Light.otf in Resources */ = {isa = PBXBuildFile; fileRef = 355EDED129D5C6C600F9BD5D /* NotoSansKR-Light.otf */; };
		355EDED829D5C6C600F9BD5D /* NotoSansKR-Medium.otf in Resources */ = {isa = PBXBuildFile; fileRef = 355EDED229D5C6C600F9BD5D /* NotoSansKR-Medium.otf */; };
		355EDEDB29D5C98800F9BD5D /* CompleteButton.swift in Sources */ = {isa = PBXBuildFile; fileRef = 355EDEDA29D5C98800F9BD5D /* CompleteButton.swift */; };
		355EDEDE29D5CD0300F9BD5D /* SelectCategoryVC.swift in Sources */ = {isa = PBXBuildFile; fileRef = 355EDEDD29D5CD0300F9BD5D /* SelectCategoryVC.swift */; };
		355EDEE029D5CD3600F9BD5D /* SelectCategoryVM.swift in Sources */ = {isa = PBXBuildFile; fileRef = 355EDEDF29D5CD3600F9BD5D /* SelectCategoryVM.swift */; };
		355EDEE229D5CD7A00F9BD5D /* SelectCategoryV.swift in Sources */ = {isa = PBXBuildFile; fileRef = 355EDEE129D5CD7A00F9BD5D /* SelectCategoryV.swift */; };
		3560437229DEB943001CDA77 /* CounselorBadge.swift in Sources */ = {isa = PBXBuildFile; fileRef = 3560437129DEB943001CDA77 /* CounselorBadge.swift */; };
		3560437429DEBAD7001CDA77 /* PopularCounselorCell.swift in Sources */ = {isa = PBXBuildFile; fileRef = 3560437329DEBAD7001CDA77 /* PopularCounselorCell.swift */; };
		3560437629DECB6A001CDA77 /* FitWellCounselorCell.swift in Sources */ = {isa = PBXBuildFile; fileRef = 3560437529DECB6A001CDA77 /* FitWellCounselorCell.swift */; };
		3560437829DECBFD001CDA77 /* CategoryBlock.swift in Sources */ = {isa = PBXBuildFile; fileRef = 3560437729DECBFD001CDA77 /* CategoryBlock.swift */; };
		359933C629D077E50098A0FC /* GoogleService-Info.plist in Resources */ = {isa = PBXBuildFile; fileRef = 359933C529D077E50098A0FC /* GoogleService-Info.plist */; };
		359933C929D07A520098A0FC /* MainVC.swift in Sources */ = {isa = PBXBuildFile; fileRef = 359933C829D07A520098A0FC /* MainVC.swift */; };
		359933CB29D07A690098A0FC /* MainV.swift in Sources */ = {isa = PBXBuildFile; fileRef = 359933CA29D07A690098A0FC /* MainV.swift */; };
		359933CD29D07A750098A0FC /* MainVM.swift in Sources */ = {isa = PBXBuildFile; fileRef = 359933CC29D07A750098A0FC /* MainVM.swift */; };
		35BC511929D1950F00BEA034 /* SelectUseTypeV.swift in Sources */ = {isa = PBXBuildFile; fileRef = 35BC511829D1950F00BEA034 /* SelectUseTypeV.swift */; };
		35BC511B29D1968B00BEA034 /* SelectUseTypeVC.swift in Sources */ = {isa = PBXBuildFile; fileRef = 35BC511A29D1968B00BEA034 /* SelectUseTypeVC.swift */; };
		35BC511D29D196FB00BEA034 /* SelectUseTypeVM.swift in Sources */ = {isa = PBXBuildFile; fileRef = 35BC511C29D196FB00BEA034 /* SelectUseTypeVM.swift */; };
		35DECCB829DBD26800DE5BE3 /* LiveCounselorCell.swift in Sources */ = {isa = PBXBuildFile; fileRef = 35DECCB729DBD26800DE5BE3 /* LiveCounselorCell.swift */; };
		35E2987C29CBEC2D00847F49 /* SplashV.swift in Sources */ = {isa = PBXBuildFile; fileRef = 35E2987B29CBEC2D00847F49 /* SplashV.swift */; };
		35E2987E29CBEC5800847F49 /* SplashVM.swift in Sources */ = {isa = PBXBuildFile; fileRef = 35E2987D29CBEC5800847F49 /* SplashVM.swift */; };
		35EAEAF329CAF99500AAE587 /* AppDelegate.swift in Sources */ = {isa = PBXBuildFile; fileRef = 35EAEAF229CAF99500AAE587 /* AppDelegate.swift */; };
		35EAEAF529CAF99500AAE587 /* SceneDelegate.swift in Sources */ = {isa = PBXBuildFile; fileRef = 35EAEAF429CAF99500AAE587 /* SceneDelegate.swift */; };
		35EAEAF729CAF99500AAE587 /* SplashVC.swift in Sources */ = {isa = PBXBuildFile; fileRef = 35EAEAF629CAF99500AAE587 /* SplashVC.swift */; };
		35EAEAFC29CAF99600AAE587 /* Assets.xcassets in Resources */ = {isa = PBXBuildFile; fileRef = 35EAEAFB29CAF99600AAE587 /* Assets.xcassets */; };
		35EAEB0A29CAF99600AAE587 /* VoiceConsultingAppTests.swift in Sources */ = {isa = PBXBuildFile; fileRef = 35EAEB0929CAF99600AAE587 /* VoiceConsultingAppTests.swift */; };
		35EAEB1429CAF99600AAE587 /* VoiceConsultingAppUITests.swift in Sources */ = {isa = PBXBuildFile; fileRef = 35EAEB1329CAF99600AAE587 /* VoiceConsultingAppUITests.swift */; };
		35EAEB1629CAF99600AAE587 /* VoiceConsultingAppUITestsLaunchTests.swift in Sources */ = {isa = PBXBuildFile; fileRef = 35EAEB1529CAF99600AAE587 /* VoiceConsultingAppUITestsLaunchTests.swift */; };
		35EAEB2529CAFB5600AAE587 /* Cordinator.swift in Sources */ = {isa = PBXBuildFile; fileRef = 35EAEB2429CAFB5600AAE587 /* Cordinator.swift */; };
		35EAEB2929CAFD4A00AAE587 /* BaseViewController.swift in Sources */ = {isa = PBXBuildFile; fileRef = 35EAEB2829CAFD4A00AAE587 /* BaseViewController.swift */; };
		35EAEB2C29CAFDAA00AAE587 /* BaseViewModel.swift in Sources */ = {isa = PBXBuildFile; fileRef = 35EAEB2B29CAFDAA00AAE587 /* BaseViewModel.swift */; };
		A665B67D132FA192727C3CE7 /* Pods_VoiceConsultingAppTests.framework in Frameworks */ = {isa = PBXBuildFile; fileRef = 23DB66CE8AB2FFC14B4BFA2F /* Pods_VoiceConsultingAppTests.framework */; };
/* End PBXBuildFile section */

/* Begin PBXContainerItemProxy section */
		35EAEB0629CAF99600AAE587 /* PBXContainerItemProxy */ = {
			isa = PBXContainerItemProxy;
			containerPortal = 35EAEAE729CAF99500AAE587 /* Project object */;
			proxyType = 1;
			remoteGlobalIDString = 35EAEAEE29CAF99500AAE587;
			remoteInfo = VoiceConsultingApp;
		};
		35EAEB1029CAF99600AAE587 /* PBXContainerItemProxy */ = {
			isa = PBXContainerItemProxy;
			containerPortal = 35EAEAE729CAF99500AAE587 /* Project object */;
			proxyType = 1;
			remoteGlobalIDString = 35EAEAEE29CAF99500AAE587;
			remoteInfo = VoiceConsultingApp;
		};
/* End PBXContainerItemProxy section */

/* Begin PBXFileReference section */
		11C6FAD789A814862E5AC563 /* Pods-VoiceConsultingApp.release.xcconfig */ = {isa = PBXFileReference; includeInIndex = 1; lastKnownFileType = text.xcconfig; name = "Pods-VoiceConsultingApp.release.xcconfig"; path = "Target Support Files/Pods-VoiceConsultingApp/Pods-VoiceConsultingApp.release.xcconfig"; sourceTree = "<group>"; };
		174FD441555BF452A7BD1D4F /* Pods-VoiceConsultingApp.debug.xcconfig */ = {isa = PBXFileReference; includeInIndex = 1; lastKnownFileType = text.xcconfig; name = "Pods-VoiceConsultingApp.debug.xcconfig"; path = "Target Support Files/Pods-VoiceConsultingApp/Pods-VoiceConsultingApp.debug.xcconfig"; sourceTree = "<group>"; };
		21D0B9A074DEA9009AE19745 /* Pods_VoiceConsultingApp.framework */ = {isa = PBXFileReference; explicitFileType = wrapper.framework; includeInIndex = 0; path = Pods_VoiceConsultingApp.framework; sourceTree = BUILT_PRODUCTS_DIR; };
		23DB66CE8AB2FFC14B4BFA2F /* Pods_VoiceConsultingAppTests.framework */ = {isa = PBXFileReference; explicitFileType = wrapper.framework; includeInIndex = 0; path = Pods_VoiceConsultingAppTests.framework; sourceTree = BUILT_PRODUCTS_DIR; };
		3500F74129DC07770080AC4F /* Extension+UIView.swift */ = {isa = PBXFileReference; lastKnownFileType = sourcecode.swift; path = "Extension+UIView.swift"; sourceTree = "<group>"; };
		3504E2A729E3A4F2006AEED6 /* MoreHeaderView.swift */ = {isa = PBXFileReference; lastKnownFileType = sourcecode.swift; path = MoreHeaderView.swift; sourceTree = "<group>"; };
		3504E2AD29E3A669006AEED6 /* MoreType.swift */ = {isa = PBXFileReference; lastKnownFileType = sourcecode.swift; path = MoreType.swift; sourceTree = "<group>"; };
		3504E2AF29E3A887006AEED6 /* MoreFitWellVC.swift */ = {isa = PBXFileReference; lastKnownFileType = sourcecode.swift; path = MoreFitWellVC.swift; sourceTree = "<group>"; };
		3504E2B129E3A894006AEED6 /* MorePopularVC.swift */ = {isa = PBXFileReference; lastKnownFileType = sourcecode.swift; path = MorePopularVC.swift; sourceTree = "<group>"; };
		3504E2B329E3A8A0006AEED6 /* MoreLiveVC.swift */ = {isa = PBXFileReference; lastKnownFileType = sourcecode.swift; path = MoreLiveVC.swift; sourceTree = "<group>"; };
		3504E2B529E3A8B1006AEED6 /* MoreFitWellV.swift */ = {isa = PBXFileReference; lastKnownFileType = sourcecode.swift; path = MoreFitWellV.swift; sourceTree = "<group>"; };
		3504E2B729E3A8C4006AEED6 /* MorePopularV.swift */ = {isa = PBXFileReference; lastKnownFileType = sourcecode.swift; path = MorePopularV.swift; sourceTree = "<group>"; };
		3504E2B929E3A8CE006AEED6 /* MoreLiveV.swift */ = {isa = PBXFileReference; lastKnownFileType = sourcecode.swift; path = MoreLiveV.swift; sourceTree = "<group>"; };
		3504E2BB29E3B1B4006AEED6 /* MorePopularCell.swift */ = {isa = PBXFileReference; lastKnownFileType = sourcecode.swift; name = MorePopularCell.swift; path = VoiceConsultingApp/More/FitWell/MorePopularCell.swift; sourceTree = SOURCE_ROOT; };
		3504E2BD29E3B1C1006AEED6 /* MoreFitWellCell.swift */ = {isa = PBXFileReference; lastKnownFileType = sourcecode.swift; path = MoreFitWellCell.swift; sourceTree = "<group>"; };
		3509F82C29D5755800AD880C /* ColorSet.swift */ = {isa = PBXFileReference; lastKnownFileType = sourcecode.swift; path = ColorSet.swift; sourceTree = "<group>"; };
		35277D1529DA6A66002A2A14 /* CoinBlock.swift */ = {isa = PBXFileReference; lastKnownFileType = sourcecode.swift; path = CoinBlock.swift; sourceTree = "<group>"; };
		35277D1729DA6BC9002A2A14 /* MainHeaderView.swift */ = {isa = PBXFileReference; lastKnownFileType = sourcecode.swift; path = MainHeaderView.swift; sourceTree = "<group>"; };
		35277D1929DA73DD002A2A14 /* Inter-Bold.ttf */ = {isa = PBXFileReference; lastKnownFileType = file; path = "Inter-Bold.ttf"; sourceTree = "<group>"; };
		35277D1B29DA84E4002A2A14 /* MainListSection.swift */ = {isa = PBXFileReference; lastKnownFileType = sourcecode.swift; path = MainListSection.swift; sourceTree = "<group>"; };
		35277D1D29DA8662002A2A14 /* MainListHeader.swift */ = {isa = PBXFileReference; lastKnownFileType = sourcecode.swift; path = MainListHeader.swift; sourceTree = "<group>"; };
		35277D2029DA8A95002A2A14 /* BannerCell.swift */ = {isa = PBXFileReference; lastKnownFileType = sourcecode.swift; path = BannerCell.swift; sourceTree = "<group>"; };
		35277D2229DA8AB9002A2A14 /* LiveCell.swift */ = {isa = PBXFileReference; lastKnownFileType = sourcecode.swift; path = LiveCell.swift; sourceTree = "<group>"; };
		35277D2429DA8ACD002A2A14 /* PopularCell.swift */ = {isa = PBXFileReference; lastKnownFileType = sourcecode.swift; path = PopularCell.swift; sourceTree = "<group>"; };
		35277D2629DA8ADA002A2A14 /* FitWellCell.swift */ = {isa = PBXFileReference; lastKnownFileType = sourcecode.swift; path = FitWellCell.swift; sourceTree = "<group>"; };
		354609EB29D6EBA000FC5ABB /* CategoryCell.swift */ = {isa = PBXFileReference; lastKnownFileType = sourcecode.swift; path = CategoryCell.swift; sourceTree = "<group>"; };
		354609EF29D6F19500FC5ABB /* AssetImage.swift */ = {isa = PBXFileReference; lastKnownFileType = sourcecode.swift; path = AssetImage.swift; sourceTree = "<group>"; };
		354609F129D6F46700FC5ABB /* Category.swift */ = {isa = PBXFileReference; lastKnownFileType = sourcecode.swift; path = Category.swift; sourceTree = "<group>"; };
		354609F429D70D8500FC5ABB /* LoginV.swift */ = {isa = PBXFileReference; lastKnownFileType = sourcecode.swift; path = LoginV.swift; sourceTree = "<group>"; };
		354609F629D70DA600FC5ABB /* LoginVC.swift */ = {isa = PBXFileReference; lastKnownFileType = sourcecode.swift; path = LoginVC.swift; sourceTree = "<group>"; };
		354609F829D70DF300FC5ABB /* LoginVM.swift */ = {isa = PBXFileReference; lastKnownFileType = sourcecode.swift; path = LoginVM.swift; sourceTree = "<group>"; };
		354609FC29D70EEB00FC5ABB /* LoginType.swift */ = {isa = PBXFileReference; lastKnownFileType = sourcecode.swift; path = LoginType.swift; sourceTree = "<group>"; };
		354664AE29E425EA0055375F /* ChattingListVC.swift */ = {isa = PBXFileReference; lastKnownFileType = sourcecode.swift; path = ChattingListVC.swift; sourceTree = "<group>"; };
		354664B029E4262D0055375F /* MyPageVC.swift */ = {isa = PBXFileReference; lastKnownFileType = sourcecode.swift; path = MyPageVC.swift; sourceTree = "<group>"; };
		354664B229E42C1A0055375F /* CustomTabBarController.swift */ = {isa = PBXFileReference; lastKnownFileType = sourcecode.swift; path = CustomTabBarController.swift; sourceTree = "<group>"; };
		354664B429E4359E0055375F /* MyPageV.swift */ = {isa = PBXFileReference; lastKnownFileType = sourcecode.swift; path = MyPageV.swift; sourceTree = "<group>"; };
		354664B629E436200055375F /* MyPageHeader.swift */ = {isa = PBXFileReference; lastKnownFileType = sourcecode.swift; path = MyPageHeader.swift; sourceTree = "<group>"; };
		354664B829E43ADF0055375F /* BigCoinBlock.swift */ = {isa = PBXFileReference; lastKnownFileType = sourcecode.swift; path = BigCoinBlock.swift; sourceTree = "<group>"; };
		354664BA29E43FC50055375F /* ServiceCenterBlock.swift */ = {isa = PBXFileReference; lastKnownFileType = sourcecode.swift; path = ServiceCenterBlock.swift; sourceTree = "<group>"; };
		354664BC29E441120055375F /* Inter-Medium.ttf */ = {isa = PBXFileReference; lastKnownFileType = file; path = "Inter-Medium.ttf"; sourceTree = "<group>"; };
		355EDEC529D5C43D00F9BD5D /* Fonts.swift */ = {isa = PBXFileReference; lastKnownFileType = sourcecode.swift; path = Fonts.swift; sourceTree = "<group>"; };
		355EDECD29D5C6C500F9BD5D /* NotoSansKR-Regular.otf */ = {isa = PBXFileReference; lastKnownFileType = file; path = "NotoSansKR-Regular.otf"; sourceTree = "<group>"; };
		355EDECE29D5C6C500F9BD5D /* NotoSansKR-Thin.otf */ = {isa = PBXFileReference; lastKnownFileType = file; path = "NotoSansKR-Thin.otf"; sourceTree = "<group>"; };
		355EDECF29D5C6C600F9BD5D /* NotoSansKR-Black.otf */ = {isa = PBXFileReference; lastKnownFileType = file; path = "NotoSansKR-Black.otf"; sourceTree = "<group>"; };
		355EDED029D5C6C600F9BD5D /* NotoSansKR-Bold.otf */ = {isa = PBXFileReference; lastKnownFileType = file; path = "NotoSansKR-Bold.otf"; sourceTree = "<group>"; };
		355EDED129D5C6C600F9BD5D /* NotoSansKR-Light.otf */ = {isa = PBXFileReference; lastKnownFileType = file; path = "NotoSansKR-Light.otf"; sourceTree = "<group>"; };
		355EDED229D5C6C600F9BD5D /* NotoSansKR-Medium.otf */ = {isa = PBXFileReference; lastKnownFileType = file; path = "NotoSansKR-Medium.otf"; sourceTree = "<group>"; };
		355EDEDA29D5C98800F9BD5D /* CompleteButton.swift */ = {isa = PBXFileReference; lastKnownFileType = sourcecode.swift; path = CompleteButton.swift; sourceTree = "<group>"; };
		355EDEDD29D5CD0300F9BD5D /* SelectCategoryVC.swift */ = {isa = PBXFileReference; lastKnownFileType = sourcecode.swift; path = SelectCategoryVC.swift; sourceTree = "<group>"; };
		355EDEDF29D5CD3600F9BD5D /* SelectCategoryVM.swift */ = {isa = PBXFileReference; lastKnownFileType = sourcecode.swift; path = SelectCategoryVM.swift; sourceTree = "<group>"; };
		355EDEE129D5CD7A00F9BD5D /* SelectCategoryV.swift */ = {isa = PBXFileReference; lastKnownFileType = sourcecode.swift; path = SelectCategoryV.swift; sourceTree = "<group>"; };
		3560437129DEB943001CDA77 /* CounselorBadge.swift */ = {isa = PBXFileReference; lastKnownFileType = sourcecode.swift; path = CounselorBadge.swift; sourceTree = "<group>"; };
		3560437329DEBAD7001CDA77 /* PopularCounselorCell.swift */ = {isa = PBXFileReference; lastKnownFileType = sourcecode.swift; path = PopularCounselorCell.swift; sourceTree = "<group>"; };
		3560437529DECB6A001CDA77 /* FitWellCounselorCell.swift */ = {isa = PBXFileReference; lastKnownFileType = sourcecode.swift; path = FitWellCounselorCell.swift; sourceTree = "<group>"; };
		3560437729DECBFD001CDA77 /* CategoryBlock.swift */ = {isa = PBXFileReference; lastKnownFileType = sourcecode.swift; path = CategoryBlock.swift; sourceTree = "<group>"; };
		359933C529D077E50098A0FC /* GoogleService-Info.plist */ = {isa = PBXFileReference; fileEncoding = 4; lastKnownFileType = text.plist.xml; path = "GoogleService-Info.plist"; sourceTree = "<group>"; };
		359933C829D07A520098A0FC /* MainVC.swift */ = {isa = PBXFileReference; lastKnownFileType = sourcecode.swift; path = MainVC.swift; sourceTree = "<group>"; };
		359933CA29D07A690098A0FC /* MainV.swift */ = {isa = PBXFileReference; lastKnownFileType = sourcecode.swift; path = MainV.swift; sourceTree = "<group>"; };
		359933CC29D07A750098A0FC /* MainVM.swift */ = {isa = PBXFileReference; lastKnownFileType = sourcecode.swift; path = MainVM.swift; sourceTree = "<group>"; };
		35BC511829D1950F00BEA034 /* SelectUseTypeV.swift */ = {isa = PBXFileReference; lastKnownFileType = sourcecode.swift; path = SelectUseTypeV.swift; sourceTree = "<group>"; };
		35BC511A29D1968B00BEA034 /* SelectUseTypeVC.swift */ = {isa = PBXFileReference; lastKnownFileType = sourcecode.swift; path = SelectUseTypeVC.swift; sourceTree = "<group>"; };
		35BC511C29D196FB00BEA034 /* SelectUseTypeVM.swift */ = {isa = PBXFileReference; lastKnownFileType = sourcecode.swift; path = SelectUseTypeVM.swift; sourceTree = "<group>"; };
		35DECCB729DBD26800DE5BE3 /* LiveCounselorCell.swift */ = {isa = PBXFileReference; lastKnownFileType = sourcecode.swift; path = LiveCounselorCell.swift; sourceTree = "<group>"; };
		35E2987B29CBEC2D00847F49 /* SplashV.swift */ = {isa = PBXFileReference; lastKnownFileType = sourcecode.swift; path = SplashV.swift; sourceTree = "<group>"; };
		35E2987D29CBEC5800847F49 /* SplashVM.swift */ = {isa = PBXFileReference; lastKnownFileType = sourcecode.swift; path = SplashVM.swift; sourceTree = "<group>"; };
		35EAEAEF29CAF99500AAE587 /* VoiceConsultingApp.app */ = {isa = PBXFileReference; explicitFileType = wrapper.application; includeInIndex = 0; path = VoiceConsultingApp.app; sourceTree = BUILT_PRODUCTS_DIR; };
		35EAEAF229CAF99500AAE587 /* AppDelegate.swift */ = {isa = PBXFileReference; lastKnownFileType = sourcecode.swift; path = AppDelegate.swift; sourceTree = "<group>"; };
		35EAEAF429CAF99500AAE587 /* SceneDelegate.swift */ = {isa = PBXFileReference; lastKnownFileType = sourcecode.swift; path = SceneDelegate.swift; sourceTree = "<group>"; };
		35EAEAF629CAF99500AAE587 /* SplashVC.swift */ = {isa = PBXFileReference; lastKnownFileType = sourcecode.swift; path = SplashVC.swift; sourceTree = "<group>"; };
		35EAEAFB29CAF99600AAE587 /* Assets.xcassets */ = {isa = PBXFileReference; lastKnownFileType = folder.assetcatalog; path = Assets.xcassets; sourceTree = "<group>"; };
		35EAEB0029CAF99600AAE587 /* Info.plist */ = {isa = PBXFileReference; lastKnownFileType = text.plist.xml; path = Info.plist; sourceTree = "<group>"; };
		35EAEB0529CAF99600AAE587 /* VoiceConsultingAppTests.xctest */ = {isa = PBXFileReference; explicitFileType = wrapper.cfbundle; includeInIndex = 0; path = VoiceConsultingAppTests.xctest; sourceTree = BUILT_PRODUCTS_DIR; };
		35EAEB0929CAF99600AAE587 /* VoiceConsultingAppTests.swift */ = {isa = PBXFileReference; lastKnownFileType = sourcecode.swift; path = VoiceConsultingAppTests.swift; sourceTree = "<group>"; };
		35EAEB0F29CAF99600AAE587 /* VoiceConsultingAppUITests.xctest */ = {isa = PBXFileReference; explicitFileType = wrapper.cfbundle; includeInIndex = 0; path = VoiceConsultingAppUITests.xctest; sourceTree = BUILT_PRODUCTS_DIR; };
		35EAEB1329CAF99600AAE587 /* VoiceConsultingAppUITests.swift */ = {isa = PBXFileReference; lastKnownFileType = sourcecode.swift; path = VoiceConsultingAppUITests.swift; sourceTree = "<group>"; };
		35EAEB1529CAF99600AAE587 /* VoiceConsultingAppUITestsLaunchTests.swift */ = {isa = PBXFileReference; lastKnownFileType = sourcecode.swift; path = VoiceConsultingAppUITestsLaunchTests.swift; sourceTree = "<group>"; };
		35EAEB2429CAFB5600AAE587 /* Cordinator.swift */ = {isa = PBXFileReference; fileEncoding = 4; lastKnownFileType = sourcecode.swift; path = Cordinator.swift; sourceTree = "<group>"; };
		35EAEB2829CAFD4A00AAE587 /* BaseViewController.swift */ = {isa = PBXFileReference; lastKnownFileType = sourcecode.swift; path = BaseViewController.swift; sourceTree = "<group>"; };
		35EAEB2B29CAFDAA00AAE587 /* BaseViewModel.swift */ = {isa = PBXFileReference; lastKnownFileType = sourcecode.swift; path = BaseViewModel.swift; sourceTree = "<group>"; };
		4CCD1FFD233711E924D3DC95 /* Pods-VoiceConsultingAppTests.release.xcconfig */ = {isa = PBXFileReference; includeInIndex = 1; lastKnownFileType = text.xcconfig; name = "Pods-VoiceConsultingAppTests.release.xcconfig"; path = "Target Support Files/Pods-VoiceConsultingAppTests/Pods-VoiceConsultingAppTests.release.xcconfig"; sourceTree = "<group>"; };
		6D3BF40FAF432A10EB3330E0 /* Pods-VoiceConsultingApp-VoiceConsultingAppUITests.release.xcconfig */ = {isa = PBXFileReference; includeInIndex = 1; lastKnownFileType = text.xcconfig; name = "Pods-VoiceConsultingApp-VoiceConsultingAppUITests.release.xcconfig"; path = "Target Support Files/Pods-VoiceConsultingApp-VoiceConsultingAppUITests/Pods-VoiceConsultingApp-VoiceConsultingAppUITests.release.xcconfig"; sourceTree = "<group>"; };
		73758EB074927187BF6D96BB /* Pods_VoiceConsultingApp_VoiceConsultingAppUITests.framework */ = {isa = PBXFileReference; explicitFileType = wrapper.framework; includeInIndex = 0; path = Pods_VoiceConsultingApp_VoiceConsultingAppUITests.framework; sourceTree = BUILT_PRODUCTS_DIR; };
		AAFCD1EDD26116E7D2CB911B /* Pods-VoiceConsultingAppTests.debug.xcconfig */ = {isa = PBXFileReference; includeInIndex = 1; lastKnownFileType = text.xcconfig; name = "Pods-VoiceConsultingAppTests.debug.xcconfig"; path = "Target Support Files/Pods-VoiceConsultingAppTests/Pods-VoiceConsultingAppTests.debug.xcconfig"; sourceTree = "<group>"; };
		D03C10FFF46ABC13E2629FA7 /* Pods-VoiceConsultingApp-VoiceConsultingAppUITests.debug.xcconfig */ = {isa = PBXFileReference; includeInIndex = 1; lastKnownFileType = text.xcconfig; name = "Pods-VoiceConsultingApp-VoiceConsultingAppUITests.debug.xcconfig"; path = "Target Support Files/Pods-VoiceConsultingApp-VoiceConsultingAppUITests/Pods-VoiceConsultingApp-VoiceConsultingAppUITests.debug.xcconfig"; sourceTree = "<group>"; };
/* End PBXFileReference section */

/* Begin PBXFrameworksBuildPhase section */
		35EAEAEC29CAF99500AAE587 /* Frameworks */ = {
			isa = PBXFrameworksBuildPhase;
			buildActionMask = 2147483647;
			files = (
				298085D794FF0792CE7714CE /* Pods_VoiceConsultingApp.framework in Frameworks */,
			);
			runOnlyForDeploymentPostprocessing = 0;
		};
		35EAEB0229CAF99600AAE587 /* Frameworks */ = {
			isa = PBXFrameworksBuildPhase;
			buildActionMask = 2147483647;
			files = (
				A665B67D132FA192727C3CE7 /* Pods_VoiceConsultingAppTests.framework in Frameworks */,
			);
			runOnlyForDeploymentPostprocessing = 0;
		};
		35EAEB0C29CAF99600AAE587 /* Frameworks */ = {
			isa = PBXFrameworksBuildPhase;
			buildActionMask = 2147483647;
			files = (
				15FF145122CCDC3A193DE7DD /* Pods_VoiceConsultingApp_VoiceConsultingAppUITests.framework in Frameworks */,
			);
			runOnlyForDeploymentPostprocessing = 0;
		};
/* End PBXFrameworksBuildPhase section */

/* Begin PBXGroup section */
		3500F74029DC07390080AC4F /* Extension */ = {
			isa = PBXGroup;
			children = (
				3500F74129DC07770080AC4F /* Extension+UIView.swift */,
			);
			path = Extension;
			sourceTree = "<group>";
		};
		3504E2A929E3A61F006AEED6 /* More */ = {
			isa = PBXGroup;
			children = (
				3504E2AC29E3A654006AEED6 /* FitWell */,
				3504E2AB29E3A646006AEED6 /* Popular */,
				3504E2AA29E3A63F006AEED6 /* Live */,
				3504E2AD29E3A669006AEED6 /* MoreType.swift */,
			);
			path = More;
			sourceTree = "<group>";
		};
		3504E2AA29E3A63F006AEED6 /* Live */ = {
			isa = PBXGroup;
			children = (
				3504E2B329E3A8A0006AEED6 /* MoreLiveVC.swift */,
				3504E2B929E3A8CE006AEED6 /* MoreLiveV.swift */,
			);
			path = Live;
			sourceTree = "<group>";
		};
		3504E2AB29E3A646006AEED6 /* Popular */ = {
			isa = PBXGroup;
			children = (
				3504E2B129E3A894006AEED6 /* MorePopularVC.swift */,
				3504E2B729E3A8C4006AEED6 /* MorePopularV.swift */,
				3504E2BB29E3B1B4006AEED6 /* MorePopularCell.swift */,
			);
			path = Popular;
			sourceTree = "<group>";
		};
		3504E2AC29E3A654006AEED6 /* FitWell */ = {
			isa = PBXGroup;
			children = (
				3504E2AF29E3A887006AEED6 /* MoreFitWellVC.swift */,
				3504E2B529E3A8B1006AEED6 /* MoreFitWellV.swift */,
				3504E2BD29E3B1C1006AEED6 /* MoreFitWellCell.swift */,
			);
			path = FitWell;
			sourceTree = "<group>";
		};
		3509F82B29D5754600AD880C /* Color */ = {
			isa = PBXGroup;
			children = (
				3509F82C29D5755800AD880C /* ColorSet.swift */,
			);
			path = Color;
			sourceTree = "<group>";
		};
		35277D1F29DA8A7D002A2A14 /* Cell */ = {
			isa = PBXGroup;
			children = (
				35DECCB629DBCD8800DE5BE3 /* CollectionViewCell */,
				35DECCB529DBCD7400DE5BE3 /* TableViewCell */,
			);
			path = Cell;
			sourceTree = "<group>";
		};
		354609EE29D6F18600FC5ABB /* Image */ = {
			isa = PBXGroup;
			children = (
				354609EF29D6F19500FC5ABB /* AssetImage.swift */,
			);
			path = Image;
			sourceTree = "<group>";
		};
		354609F329D70D4F00FC5ABB /* Login */ = {
			isa = PBXGroup;
			children = (
				354609F429D70D8500FC5ABB /* LoginV.swift */,
				354609F629D70DA600FC5ABB /* LoginVC.swift */,
				354609F829D70DF300FC5ABB /* LoginVM.swift */,
				354609FC29D70EEB00FC5ABB /* LoginType.swift */,
			);
			path = Login;
			sourceTree = "<group>";
		};
		354664AC29E425C50055375F /* ChattingList */ = {
			isa = PBXGroup;
			children = (
				354664AE29E425EA0055375F /* ChattingListVC.swift */,
			);
			path = ChattingList;
			sourceTree = "<group>";
		};
		354664AD29E425CD0055375F /* MyPage */ = {
			isa = PBXGroup;
			children = (
				354664B029E4262D0055375F /* MyPageVC.swift */,
				354664B429E4359E0055375F /* MyPageV.swift */,
				354664B629E436200055375F /* MyPageHeader.swift */,
			);
			path = MyPage;
			sourceTree = "<group>";
		};
		355EDEBE29D5C2B400F9BD5D /* Fonts */ = {
			isa = PBXGroup;
			children = (
				354664BC29E441120055375F /* Inter-Medium.ttf */,
				35277D1929DA73DD002A2A14 /* Inter-Bold.ttf */,
				355EDECF29D5C6C600F9BD5D /* NotoSansKR-Black.otf */,
				355EDED029D5C6C600F9BD5D /* NotoSansKR-Bold.otf */,
				355EDED129D5C6C600F9BD5D /* NotoSansKR-Light.otf */,
				355EDED229D5C6C600F9BD5D /* NotoSansKR-Medium.otf */,
				355EDECD29D5C6C500F9BD5D /* NotoSansKR-Regular.otf */,
				355EDECE29D5C6C500F9BD5D /* NotoSansKR-Thin.otf */,
				355EDEC529D5C43D00F9BD5D /* Fonts.swift */,
			);
			path = Fonts;
			sourceTree = "<group>";
		};
		355EDED929D5C96B00F9BD5D /* Custom */ = {
			isa = PBXGroup;
			children = (
				355EDEDA29D5C98800F9BD5D /* CompleteButton.swift */,
				35277D1529DA6A66002A2A14 /* CoinBlock.swift */,
				35277D1729DA6BC9002A2A14 /* MainHeaderView.swift */,
				3560437129DEB943001CDA77 /* CounselorBadge.swift */,
				3560437729DECBFD001CDA77 /* CategoryBlock.swift */,
				3504E2A729E3A4F2006AEED6 /* MoreHeaderView.swift */,
				354664B229E42C1A0055375F /* CustomTabBarController.swift */,
				354664B829E43ADF0055375F /* BigCoinBlock.swift */,
				354664BA29E43FC50055375F /* ServiceCenterBlock.swift */,
			);
			path = Custom;
			sourceTree = "<group>";
		};
		355EDEDC29D5CCE700F9BD5D /* SelectCategory */ = {
			isa = PBXGroup;
			children = (
				355EDEDD29D5CD0300F9BD5D /* SelectCategoryVC.swift */,
				355EDEDF29D5CD3600F9BD5D /* SelectCategoryVM.swift */,
				355EDEE129D5CD7A00F9BD5D /* SelectCategoryV.swift */,
				354609EB29D6EBA000FC5ABB /* CategoryCell.swift */,
			);
			path = SelectCategory;
			sourceTree = "<group>";
		};
		359933C729D07A270098A0FC /* Main */ = {
			isa = PBXGroup;
			children = (
				35277D1F29DA8A7D002A2A14 /* Cell */,
				359933C829D07A520098A0FC /* MainVC.swift */,
				359933CA29D07A690098A0FC /* MainV.swift */,
				359933CC29D07A750098A0FC /* MainVM.swift */,
				35277D1B29DA84E4002A2A14 /* MainListSection.swift */,
				35277D1D29DA8662002A2A14 /* MainListHeader.swift */,
			);
			path = Main;
			sourceTree = "<group>";
		};
		35BC511729D194EB00BEA034 /* SelectUseType */ = {
			isa = PBXGroup;
			children = (
				35BC511829D1950F00BEA034 /* SelectUseTypeV.swift */,
				35BC511A29D1968B00BEA034 /* SelectUseTypeVC.swift */,
				35BC511C29D196FB00BEA034 /* SelectUseTypeVM.swift */,
			);
			path = SelectUseType;
			sourceTree = "<group>";
		};
		35DECCB529DBCD7400DE5BE3 /* TableViewCell */ = {
			isa = PBXGroup;
			children = (
				35277D2029DA8A95002A2A14 /* BannerCell.swift */,
				35277D2229DA8AB9002A2A14 /* LiveCell.swift */,
				35277D2429DA8ACD002A2A14 /* PopularCell.swift */,
				35277D2629DA8ADA002A2A14 /* FitWellCell.swift */,
			);
			path = TableViewCell;
			sourceTree = "<group>";
		};
		35DECCB629DBCD8800DE5BE3 /* CollectionViewCell */ = {
			isa = PBXGroup;
			children = (
				35DECCB729DBD26800DE5BE3 /* LiveCounselorCell.swift */,
				3560437329DEBAD7001CDA77 /* PopularCounselorCell.swift */,
				3560437529DECB6A001CDA77 /* FitWellCounselorCell.swift */,
			);
			path = CollectionViewCell;
			sourceTree = "<group>";
		};
		35EAEAE629CAF99500AAE587 = {
			isa = PBXGroup;
			children = (
				35EAEAF129CAF99500AAE587 /* VoiceConsultingApp */,
				35EAEB0829CAF99600AAE587 /* VoiceConsultingAppTests */,
				35EAEB1229CAF99600AAE587 /* VoiceConsultingAppUITests */,
				35EAEAF029CAF99500AAE587 /* Products */,
				A2722B0AB94D2E44F65F621B /* Pods */,
				E59C3D9345B3E21B0326C493 /* Frameworks */,
			);
			sourceTree = "<group>";
		};
		35EAEAF029CAF99500AAE587 /* Products */ = {
			isa = PBXGroup;
			children = (
				35EAEAEF29CAF99500AAE587 /* VoiceConsultingApp.app */,
				35EAEB0529CAF99600AAE587 /* VoiceConsultingAppTests.xctest */,
				35EAEB0F29CAF99600AAE587 /* VoiceConsultingAppUITests.xctest */,
			);
			name = Products;
			sourceTree = "<group>";
		};
		35EAEAF129CAF99500AAE587 /* VoiceConsultingApp */ = {
			isa = PBXGroup;
			children = (
				354664AD29E425CD0055375F /* MyPage */,
				354664AC29E425C50055375F /* ChattingList */,
				3504E2A929E3A61F006AEED6 /* More */,
				3500F74029DC07390080AC4F /* Extension */,
				354609F329D70D4F00FC5ABB /* Login */,
				354609EE29D6F18600FC5ABB /* Image */,
				355EDEDC29D5CCE700F9BD5D /* SelectCategory */,
				355EDED929D5C96B00F9BD5D /* Custom */,
				355EDEBE29D5C2B400F9BD5D /* Fonts */,
				3509F82B29D5754600AD880C /* Color */,
				35BC511729D194EB00BEA034 /* SelectUseType */,
				359933C529D077E50098A0FC /* GoogleService-Info.plist */,
				35EAEB2229CAFAC600AAE587 /* Common */,
				35EAEB2329CAFB1000AAE587 /* Helper */,
				35EAEB2729CAFD2D00AAE587 /* Base */,
				359933C729D07A270098A0FC /* Main */,
				35EAEB2629CAFBAB00AAE587 /* Splash */,
			);
			path = VoiceConsultingApp;
			sourceTree = "<group>";
		};
		35EAEB0829CAF99600AAE587 /* VoiceConsultingAppTests */ = {
			isa = PBXGroup;
			children = (
				35EAEB0929CAF99600AAE587 /* VoiceConsultingAppTests.swift */,
			);
			path = VoiceConsultingAppTests;
			sourceTree = "<group>";
		};
		35EAEB1229CAF99600AAE587 /* VoiceConsultingAppUITests */ = {
			isa = PBXGroup;
			children = (
				35EAEB1329CAF99600AAE587 /* VoiceConsultingAppUITests.swift */,
				35EAEB1529CAF99600AAE587 /* VoiceConsultingAppUITestsLaunchTests.swift */,
			);
			path = VoiceConsultingAppUITests;
			sourceTree = "<group>";
		};
		35EAEB2229CAFAC600AAE587 /* Common */ = {
			isa = PBXGroup;
			children = (
				35EAEAF229CAF99500AAE587 /* AppDelegate.swift */,
				35EAEAF429CAF99500AAE587 /* SceneDelegate.swift */,
				35EAEB0029CAF99600AAE587 /* Info.plist */,
				35EAEAFB29CAF99600AAE587 /* Assets.xcassets */,
			);
			path = Common;
			sourceTree = "<group>";
		};
		35EAEB2329CAFB1000AAE587 /* Helper */ = {
			isa = PBXGroup;
			children = (
				35EAEB2429CAFB5600AAE587 /* Cordinator.swift */,
				354609F129D6F46700FC5ABB /* Category.swift */,
			);
			path = Helper;
			sourceTree = "<group>";
		};
		35EAEB2629CAFBAB00AAE587 /* Splash */ = {
			isa = PBXGroup;
			children = (
				35EAEAF629CAF99500AAE587 /* SplashVC.swift */,
				35E2987B29CBEC2D00847F49 /* SplashV.swift */,
				35E2987D29CBEC5800847F49 /* SplashVM.swift */,
			);
			path = Splash;
			sourceTree = "<group>";
		};
		35EAEB2729CAFD2D00AAE587 /* Base */ = {
			isa = PBXGroup;
			children = (
				35EAEB2829CAFD4A00AAE587 /* BaseViewController.swift */,
				35EAEB2B29CAFDAA00AAE587 /* BaseViewModel.swift */,
			);
			path = Base;
			sourceTree = "<group>";
		};
		A2722B0AB94D2E44F65F621B /* Pods */ = {
			isa = PBXGroup;
			children = (
				174FD441555BF452A7BD1D4F /* Pods-VoiceConsultingApp.debug.xcconfig */,
				11C6FAD789A814862E5AC563 /* Pods-VoiceConsultingApp.release.xcconfig */,
				D03C10FFF46ABC13E2629FA7 /* Pods-VoiceConsultingApp-VoiceConsultingAppUITests.debug.xcconfig */,
				6D3BF40FAF432A10EB3330E0 /* Pods-VoiceConsultingApp-VoiceConsultingAppUITests.release.xcconfig */,
				AAFCD1EDD26116E7D2CB911B /* Pods-VoiceConsultingAppTests.debug.xcconfig */,
				4CCD1FFD233711E924D3DC95 /* Pods-VoiceConsultingAppTests.release.xcconfig */,
			);
			path = Pods;
			sourceTree = "<group>";
		};
		E59C3D9345B3E21B0326C493 /* Frameworks */ = {
			isa = PBXGroup;
			children = (
				21D0B9A074DEA9009AE19745 /* Pods_VoiceConsultingApp.framework */,
				73758EB074927187BF6D96BB /* Pods_VoiceConsultingApp_VoiceConsultingAppUITests.framework */,
				23DB66CE8AB2FFC14B4BFA2F /* Pods_VoiceConsultingAppTests.framework */,
			);
			name = Frameworks;
			sourceTree = "<group>";
		};
/* End PBXGroup section */

/* Begin PBXNativeTarget section */
		35EAEAEE29CAF99500AAE587 /* VoiceConsultingApp */ = {
			isa = PBXNativeTarget;
			buildConfigurationList = 35EAEB1929CAF99600AAE587 /* Build configuration list for PBXNativeTarget "VoiceConsultingApp" */;
			buildPhases = (
				608322C3314E82E6CF81F643 /* [CP] Check Pods Manifest.lock */,
				35EAEAEB29CAF99500AAE587 /* Sources */,
				35EAEAEC29CAF99500AAE587 /* Frameworks */,
				35EAEAED29CAF99500AAE587 /* Resources */,
				5E83A83E4F23DEA173A154CE /* [CP] Embed Pods Frameworks */,
			);
			buildRules = (
			);
			dependencies = (
			);
			name = VoiceConsultingApp;
			productName = VoiceConsultingApp;
			productReference = 35EAEAEF29CAF99500AAE587 /* VoiceConsultingApp.app */;
			productType = "com.apple.product-type.application";
		};
		35EAEB0429CAF99600AAE587 /* VoiceConsultingAppTests */ = {
			isa = PBXNativeTarget;
			buildConfigurationList = 35EAEB1C29CAF99600AAE587 /* Build configuration list for PBXNativeTarget "VoiceConsultingAppTests" */;
			buildPhases = (
				AF96C294EEB22CB30A1EED3B /* [CP] Check Pods Manifest.lock */,
				35EAEB0129CAF99600AAE587 /* Sources */,
				35EAEB0229CAF99600AAE587 /* Frameworks */,
				35EAEB0329CAF99600AAE587 /* Resources */,
			);
			buildRules = (
			);
			dependencies = (
				35EAEB0729CAF99600AAE587 /* PBXTargetDependency */,
			);
			name = VoiceConsultingAppTests;
			productName = VoiceConsultingAppTests;
			productReference = 35EAEB0529CAF99600AAE587 /* VoiceConsultingAppTests.xctest */;
			productType = "com.apple.product-type.bundle.unit-test";
		};
		35EAEB0E29CAF99600AAE587 /* VoiceConsultingAppUITests */ = {
			isa = PBXNativeTarget;
			buildConfigurationList = 35EAEB1F29CAF99600AAE587 /* Build configuration list for PBXNativeTarget "VoiceConsultingAppUITests" */;
			buildPhases = (
				A12EC5E611342FDF6F0C85E5 /* [CP] Check Pods Manifest.lock */,
				35EAEB0B29CAF99600AAE587 /* Sources */,
				35EAEB0C29CAF99600AAE587 /* Frameworks */,
				35EAEB0D29CAF99600AAE587 /* Resources */,
				2CDBC1E1A8186EBBF3A62F80 /* [CP] Embed Pods Frameworks */,
			);
			buildRules = (
			);
			dependencies = (
				35EAEB1129CAF99600AAE587 /* PBXTargetDependency */,
			);
			name = VoiceConsultingAppUITests;
			productName = VoiceConsultingAppUITests;
			productReference = 35EAEB0F29CAF99600AAE587 /* VoiceConsultingAppUITests.xctest */;
			productType = "com.apple.product-type.bundle.ui-testing";
		};
/* End PBXNativeTarget section */

/* Begin PBXProject section */
		35EAEAE729CAF99500AAE587 /* Project object */ = {
			isa = PBXProject;
			attributes = {
				BuildIndependentTargetsInParallel = 1;
				LastSwiftUpdateCheck = 1420;
				LastUpgradeCheck = 1420;
				TargetAttributes = {
					35EAEAEE29CAF99500AAE587 = {
						CreatedOnToolsVersion = 14.2;
					};
					35EAEB0429CAF99600AAE587 = {
						CreatedOnToolsVersion = 14.2;
						TestTargetID = 35EAEAEE29CAF99500AAE587;
					};
					35EAEB0E29CAF99600AAE587 = {
						CreatedOnToolsVersion = 14.2;
						TestTargetID = 35EAEAEE29CAF99500AAE587;
					};
				};
			};
			buildConfigurationList = 35EAEAEA29CAF99500AAE587 /* Build configuration list for PBXProject "VoiceConsultingApp" */;
			compatibilityVersion = "Xcode 13.0";
			developmentRegion = en;
			hasScannedForEncodings = 0;
			knownRegions = (
				en,
				Base,
			);
			mainGroup = 35EAEAE629CAF99500AAE587;
			productRefGroup = 35EAEAF029CAF99500AAE587 /* Products */;
			projectDirPath = "";
			projectRoot = "";
			targets = (
				35EAEAEE29CAF99500AAE587 /* VoiceConsultingApp */,
				35EAEB0429CAF99600AAE587 /* VoiceConsultingAppTests */,
				35EAEB0E29CAF99600AAE587 /* VoiceConsultingAppUITests */,
			);
		};
/* End PBXProject section */

/* Begin PBXResourcesBuildPhase section */
		35EAEAED29CAF99500AAE587 /* Resources */ = {
			isa = PBXResourcesBuildPhase;
			buildActionMask = 2147483647;
			files = (
				355EDED429D5C6C600F9BD5D /* NotoSansKR-Thin.otf in Resources */,
				35EAEAFC29CAF99600AAE587 /* Assets.xcassets in Resources */,
				355EDED729D5C6C600F9BD5D /* NotoSansKR-Light.otf in Resources */,
				35277D1A29DA74B0002A2A14 /* Inter-Bold.ttf in Resources */,
				355EDED329D5C6C600F9BD5D /* NotoSansKR-Regular.otf in Resources */,
				355EDED829D5C6C600F9BD5D /* NotoSansKR-Medium.otf in Resources */,
				355EDED529D5C6C600F9BD5D /* NotoSansKR-Black.otf in Resources */,
				355EDED629D5C6C600F9BD5D /* NotoSansKR-Bold.otf in Resources */,
				354664BD29E441130055375F /* Inter-Medium.ttf in Resources */,
				359933C629D077E50098A0FC /* GoogleService-Info.plist in Resources */,
			);
			runOnlyForDeploymentPostprocessing = 0;
		};
		35EAEB0329CAF99600AAE587 /* Resources */ = {
			isa = PBXResourcesBuildPhase;
			buildActionMask = 2147483647;
			files = (
			);
			runOnlyForDeploymentPostprocessing = 0;
		};
		35EAEB0D29CAF99600AAE587 /* Resources */ = {
			isa = PBXResourcesBuildPhase;
			buildActionMask = 2147483647;
			files = (
			);
			runOnlyForDeploymentPostprocessing = 0;
		};
/* End PBXResourcesBuildPhase section */

/* Begin PBXShellScriptBuildPhase section */
		2CDBC1E1A8186EBBF3A62F80 /* [CP] Embed Pods Frameworks */ = {
			isa = PBXShellScriptBuildPhase;
			buildActionMask = 2147483647;
			files = (
			);
			inputFileListPaths = (
				"${PODS_ROOT}/Target Support Files/Pods-VoiceConsultingApp-VoiceConsultingAppUITests/Pods-VoiceConsultingApp-VoiceConsultingAppUITests-frameworks-${CONFIGURATION}-input-files.xcfilelist",
			);
			name = "[CP] Embed Pods Frameworks";
			outputFileListPaths = (
				"${PODS_ROOT}/Target Support Files/Pods-VoiceConsultingApp-VoiceConsultingAppUITests/Pods-VoiceConsultingApp-VoiceConsultingAppUITests-frameworks-${CONFIGURATION}-output-files.xcfilelist",
			);
			runOnlyForDeploymentPostprocessing = 0;
			shellPath = /bin/sh;
			shellScript = "\"${PODS_ROOT}/Target Support Files/Pods-VoiceConsultingApp-VoiceConsultingAppUITests/Pods-VoiceConsultingApp-VoiceConsultingAppUITests-frameworks.sh\"\n";
			showEnvVarsInLog = 0;
		};
		5E83A83E4F23DEA173A154CE /* [CP] Embed Pods Frameworks */ = {
			isa = PBXShellScriptBuildPhase;
			buildActionMask = 2147483647;
			files = (
			);
			inputFileListPaths = (
				"${PODS_ROOT}/Target Support Files/Pods-VoiceConsultingApp/Pods-VoiceConsultingApp-frameworks-${CONFIGURATION}-input-files.xcfilelist",
			);
			name = "[CP] Embed Pods Frameworks";
			outputFileListPaths = (
				"${PODS_ROOT}/Target Support Files/Pods-VoiceConsultingApp/Pods-VoiceConsultingApp-frameworks-${CONFIGURATION}-output-files.xcfilelist",
			);
			runOnlyForDeploymentPostprocessing = 0;
			shellPath = /bin/sh;
			shellScript = "\"${PODS_ROOT}/Target Support Files/Pods-VoiceConsultingApp/Pods-VoiceConsultingApp-frameworks.sh\"\n";
			showEnvVarsInLog = 0;
		};
		608322C3314E82E6CF81F643 /* [CP] Check Pods Manifest.lock */ = {
			isa = PBXShellScriptBuildPhase;
			buildActionMask = 2147483647;
			files = (
			);
			inputFileListPaths = (
			);
			inputPaths = (
				"${PODS_PODFILE_DIR_PATH}/Podfile.lock",
				"${PODS_ROOT}/Manifest.lock",
			);
			name = "[CP] Check Pods Manifest.lock";
			outputFileListPaths = (
			);
			outputPaths = (
				"$(DERIVED_FILE_DIR)/Pods-VoiceConsultingApp-checkManifestLockResult.txt",
			);
			runOnlyForDeploymentPostprocessing = 0;
			shellPath = /bin/sh;
			shellScript = "diff \"${PODS_PODFILE_DIR_PATH}/Podfile.lock\" \"${PODS_ROOT}/Manifest.lock\" > /dev/null\nif [ $? != 0 ] ; then\n    # print error to STDERR\n    echo \"error: The sandbox is not in sync with the Podfile.lock. Run 'pod install' or update your CocoaPods installation.\" >&2\n    exit 1\nfi\n# This output is used by Xcode 'outputs' to avoid re-running this script phase.\necho \"SUCCESS\" > \"${SCRIPT_OUTPUT_FILE_0}\"\n";
			showEnvVarsInLog = 0;
		};
		A12EC5E611342FDF6F0C85E5 /* [CP] Check Pods Manifest.lock */ = {
			isa = PBXShellScriptBuildPhase;
			buildActionMask = 2147483647;
			files = (
			);
			inputFileListPaths = (
			);
			inputPaths = (
				"${PODS_PODFILE_DIR_PATH}/Podfile.lock",
				"${PODS_ROOT}/Manifest.lock",
			);
			name = "[CP] Check Pods Manifest.lock";
			outputFileListPaths = (
			);
			outputPaths = (
				"$(DERIVED_FILE_DIR)/Pods-VoiceConsultingApp-VoiceConsultingAppUITests-checkManifestLockResult.txt",
			);
			runOnlyForDeploymentPostprocessing = 0;
			shellPath = /bin/sh;
			shellScript = "diff \"${PODS_PODFILE_DIR_PATH}/Podfile.lock\" \"${PODS_ROOT}/Manifest.lock\" > /dev/null\nif [ $? != 0 ] ; then\n    # print error to STDERR\n    echo \"error: The sandbox is not in sync with the Podfile.lock. Run 'pod install' or update your CocoaPods installation.\" >&2\n    exit 1\nfi\n# This output is used by Xcode 'outputs' to avoid re-running this script phase.\necho \"SUCCESS\" > \"${SCRIPT_OUTPUT_FILE_0}\"\n";
			showEnvVarsInLog = 0;
		};
		AF96C294EEB22CB30A1EED3B /* [CP] Check Pods Manifest.lock */ = {
			isa = PBXShellScriptBuildPhase;
			buildActionMask = 2147483647;
			files = (
			);
			inputFileListPaths = (
			);
			inputPaths = (
				"${PODS_PODFILE_DIR_PATH}/Podfile.lock",
				"${PODS_ROOT}/Manifest.lock",
			);
			name = "[CP] Check Pods Manifest.lock";
			outputFileListPaths = (
			);
			outputPaths = (
				"$(DERIVED_FILE_DIR)/Pods-VoiceConsultingAppTests-checkManifestLockResult.txt",
			);
			runOnlyForDeploymentPostprocessing = 0;
			shellPath = /bin/sh;
			shellScript = "diff \"${PODS_PODFILE_DIR_PATH}/Podfile.lock\" \"${PODS_ROOT}/Manifest.lock\" > /dev/null\nif [ $? != 0 ] ; then\n    # print error to STDERR\n    echo \"error: The sandbox is not in sync with the Podfile.lock. Run 'pod install' or update your CocoaPods installation.\" >&2\n    exit 1\nfi\n# This output is used by Xcode 'outputs' to avoid re-running this script phase.\necho \"SUCCESS\" > \"${SCRIPT_OUTPUT_FILE_0}\"\n";
			showEnvVarsInLog = 0;
		};
/* End PBXShellScriptBuildPhase section */

/* Begin PBXSourcesBuildPhase section */
		35EAEAEB29CAF99500AAE587 /* Sources */ = {
			isa = PBXSourcesBuildPhase;
			buildActionMask = 2147483647;
			files = (
				3504E2AE29E3A669006AEED6 /* MoreType.swift in Sources */,
				35277D1E29DA8662002A2A14 /* MainListHeader.swift in Sources */,
				3504E2B229E3A894006AEED6 /* MorePopularVC.swift in Sources */,
				3500F74229DC07770080AC4F /* Extension+UIView.swift in Sources */,
				35277D2129DA8A95002A2A14 /* BannerCell.swift in Sources */,
				355EDEE229D5CD7A00F9BD5D /* SelectCategoryV.swift in Sources */,
				355EDEE029D5CD3600F9BD5D /* SelectCategoryVM.swift in Sources */,
				35277D2329DA8AB9002A2A14 /* LiveCell.swift in Sources */,
				35277D2729DA8ADA002A2A14 /* FitWellCell.swift in Sources */,
				355EDEC629D5C43D00F9BD5D /* Fonts.swift in Sources */,
				354664AF29E425EA0055375F /* ChattingListVC.swift in Sources */,
				3504E2B029E3A887006AEED6 /* MoreFitWellVC.swift in Sources */,
				35BC511929D1950F00BEA034 /* SelectUseTypeV.swift in Sources */,
				354664B929E43ADF0055375F /* BigCoinBlock.swift in Sources */,
				35277D2529DA8ACD002A2A14 /* PopularCell.swift in Sources */,
				3504E2A829E3A4F2006AEED6 /* MoreHeaderView.swift in Sources */,
				35EAEB2929CAFD4A00AAE587 /* BaseViewController.swift in Sources */,
				3504E2B429E3A8A0006AEED6 /* MoreLiveVC.swift in Sources */,
				354664BB29E43FC50055375F /* ServiceCenterBlock.swift in Sources */,
				3560437829DECBFD001CDA77 /* CategoryBlock.swift in Sources */,
				35EAEB2529CAFB5600AAE587 /* Cordinator.swift in Sources */,
				354609F529D70D8500FC5ABB /* LoginV.swift in Sources */,
				35DECCB829DBD26800DE5BE3 /* LiveCounselorCell.swift in Sources */,
				3560437629DECB6A001CDA77 /* FitWellCounselorCell.swift in Sources */,
				35E2987C29CBEC2D00847F49 /* SplashV.swift in Sources */,
				3509F82D29D5755800AD880C /* ColorSet.swift in Sources */,
				354609F729D70DA600FC5ABB /* LoginVC.swift in Sources */,
				35EAEAF729CAF99500AAE587 /* SplashVC.swift in Sources */,
				354664B329E42C1A0055375F /* CustomTabBarController.swift in Sources */,
				3504E2B829E3A8C4006AEED6 /* MorePopularV.swift in Sources */,
				354664B529E4359E0055375F /* MyPageV.swift in Sources */,
				359933C929D07A520098A0FC /* MainVC.swift in Sources */,
				355EDEDE29D5CD0300F9BD5D /* SelectCategoryVC.swift in Sources */,
				3504E2B629E3A8B1006AEED6 /* MoreFitWellV.swift in Sources */,
				3560437229DEB943001CDA77 /* CounselorBadge.swift in Sources */,
				35EAEAF329CAF99500AAE587 /* AppDelegate.swift in Sources */,
				35277D1C29DA84E4002A2A14 /* MainListSection.swift in Sources */,
				35277D1629DA6A66002A2A14 /* CoinBlock.swift in Sources */,
				35277D1829DA6BC9002A2A14 /* MainHeaderView.swift in Sources */,
				354609F929D70DF300FC5ABB /* LoginVM.swift in Sources */,
				35EAEAF529CAF99500AAE587 /* SceneDelegate.swift in Sources */,
				3504E2BA29E3A8CE006AEED6 /* MoreLiveV.swift in Sources */,
				3560437429DEBAD7001CDA77 /* PopularCounselorCell.swift in Sources */,
				354664B729E436200055375F /* MyPageHeader.swift in Sources */,
				359933CD29D07A750098A0FC /* MainVM.swift in Sources */,
				354609F229D6F46700FC5ABB /* Category.swift in Sources */,
				354664B129E4262D0055375F /* MyPageVC.swift in Sources */,
				35BC511B29D1968B00BEA034 /* SelectUseTypeVC.swift in Sources */,
				355EDEDB29D5C98800F9BD5D /* CompleteButton.swift in Sources */,
				354609FD29D70EEB00FC5ABB /* LoginType.swift in Sources */,
				354609F029D6F19500FC5ABB /* AssetImage.swift in Sources */,
				3504E2BC29E3B1B4006AEED6 /* MorePopularCell.swift in Sources */,
				35EAEB2C29CAFDAA00AAE587 /* BaseViewModel.swift in Sources */,
				354609EC29D6EBA000FC5ABB /* CategoryCell.swift in Sources */,
				35E2987E29CBEC5800847F49 /* SplashVM.swift in Sources */,
				35BC511D29D196FB00BEA034 /* SelectUseTypeVM.swift in Sources */,
				3504E2BE29E3B1C1006AEED6 /* MoreFitWellCell.swift in Sources */,
				359933CB29D07A690098A0FC /* MainV.swift in Sources */,
			);
			runOnlyForDeploymentPostprocessing = 0;
		};
		35EAEB0129CAF99600AAE587 /* Sources */ = {
			isa = PBXSourcesBuildPhase;
			buildActionMask = 2147483647;
			files = (
				35EAEB0A29CAF99600AAE587 /* VoiceConsultingAppTests.swift in Sources */,
			);
			runOnlyForDeploymentPostprocessing = 0;
		};
		35EAEB0B29CAF99600AAE587 /* Sources */ = {
			isa = PBXSourcesBuildPhase;
			buildActionMask = 2147483647;
			files = (
				35EAEB1429CAF99600AAE587 /* VoiceConsultingAppUITests.swift in Sources */,
				35EAEB1629CAF99600AAE587 /* VoiceConsultingAppUITestsLaunchTests.swift in Sources */,
			);
			runOnlyForDeploymentPostprocessing = 0;
		};
/* End PBXSourcesBuildPhase section */

/* Begin PBXTargetDependency section */
		35EAEB0729CAF99600AAE587 /* PBXTargetDependency */ = {
			isa = PBXTargetDependency;
			target = 35EAEAEE29CAF99500AAE587 /* VoiceConsultingApp */;
			targetProxy = 35EAEB0629CAF99600AAE587 /* PBXContainerItemProxy */;
		};
		35EAEB1129CAF99600AAE587 /* PBXTargetDependency */ = {
			isa = PBXTargetDependency;
			target = 35EAEAEE29CAF99500AAE587 /* VoiceConsultingApp */;
			targetProxy = 35EAEB1029CAF99600AAE587 /* PBXContainerItemProxy */;
		};
/* End PBXTargetDependency section */

/* Begin XCBuildConfiguration section */
		35EAEB1729CAF99600AAE587 /* Debug */ = {
			isa = XCBuildConfiguration;
			buildSettings = {
				ALWAYS_SEARCH_USER_PATHS = NO;
				CLANG_ANALYZER_NONNULL = YES;
				CLANG_ANALYZER_NUMBER_OBJECT_CONVERSION = YES_AGGRESSIVE;
				CLANG_CXX_LANGUAGE_STANDARD = "gnu++20";
				CLANG_ENABLE_MODULES = YES;
				CLANG_ENABLE_OBJC_ARC = YES;
				CLANG_ENABLE_OBJC_WEAK = YES;
				CLANG_WARN_BLOCK_CAPTURE_AUTORELEASING = YES;
				CLANG_WARN_BOOL_CONVERSION = YES;
				CLANG_WARN_COMMA = YES;
				CLANG_WARN_CONSTANT_CONVERSION = YES;
				CLANG_WARN_DEPRECATED_OBJC_IMPLEMENTATIONS = YES;
				CLANG_WARN_DIRECT_OBJC_ISA_USAGE = YES_ERROR;
				CLANG_WARN_DOCUMENTATION_COMMENTS = YES;
				CLANG_WARN_EMPTY_BODY = YES;
				CLANG_WARN_ENUM_CONVERSION = YES;
				CLANG_WARN_INFINITE_RECURSION = YES;
				CLANG_WARN_INT_CONVERSION = YES;
				CLANG_WARN_NON_LITERAL_NULL_CONVERSION = YES;
				CLANG_WARN_OBJC_IMPLICIT_RETAIN_SELF = YES;
				CLANG_WARN_OBJC_LITERAL_CONVERSION = YES;
				CLANG_WARN_OBJC_ROOT_CLASS = YES_ERROR;
				CLANG_WARN_QUOTED_INCLUDE_IN_FRAMEWORK_HEADER = YES;
				CLANG_WARN_RANGE_LOOP_ANALYSIS = YES;
				CLANG_WARN_STRICT_PROTOTYPES = YES;
				CLANG_WARN_SUSPICIOUS_MOVE = YES;
				CLANG_WARN_UNGUARDED_AVAILABILITY = YES_AGGRESSIVE;
				CLANG_WARN_UNREACHABLE_CODE = YES;
				CLANG_WARN__DUPLICATE_METHOD_MATCH = YES;
				COPY_PHASE_STRIP = NO;
				DEBUG_INFORMATION_FORMAT = dwarf;
				ENABLE_STRICT_OBJC_MSGSEND = YES;
				ENABLE_TESTABILITY = YES;
				GCC_C_LANGUAGE_STANDARD = gnu11;
				GCC_DYNAMIC_NO_PIC = NO;
				GCC_NO_COMMON_BLOCKS = YES;
				GCC_OPTIMIZATION_LEVEL = 0;
				GCC_PREPROCESSOR_DEFINITIONS = (
					"DEBUG=1",
					"$(inherited)",
				);
				GCC_WARN_64_TO_32_BIT_CONVERSION = YES;
				GCC_WARN_ABOUT_RETURN_TYPE = YES_ERROR;
				GCC_WARN_UNDECLARED_SELECTOR = YES;
				GCC_WARN_UNINITIALIZED_AUTOS = YES_AGGRESSIVE;
				GCC_WARN_UNUSED_FUNCTION = YES;
				GCC_WARN_UNUSED_VARIABLE = YES;
				IPHONEOS_DEPLOYMENT_TARGET = 16.2;
				MTL_ENABLE_DEBUG_INFO = INCLUDE_SOURCE;
				MTL_FAST_MATH = YES;
				ONLY_ACTIVE_ARCH = YES;
				SDKROOT = iphoneos;
				SWIFT_ACTIVE_COMPILATION_CONDITIONS = DEBUG;
				SWIFT_OPTIMIZATION_LEVEL = "-Onone";
			};
			name = Debug;
		};
		35EAEB1829CAF99600AAE587 /* Release */ = {
			isa = XCBuildConfiguration;
			buildSettings = {
				ALWAYS_SEARCH_USER_PATHS = NO;
				CLANG_ANALYZER_NONNULL = YES;
				CLANG_ANALYZER_NUMBER_OBJECT_CONVERSION = YES_AGGRESSIVE;
				CLANG_CXX_LANGUAGE_STANDARD = "gnu++20";
				CLANG_ENABLE_MODULES = YES;
				CLANG_ENABLE_OBJC_ARC = YES;
				CLANG_ENABLE_OBJC_WEAK = YES;
				CLANG_WARN_BLOCK_CAPTURE_AUTORELEASING = YES;
				CLANG_WARN_BOOL_CONVERSION = YES;
				CLANG_WARN_COMMA = YES;
				CLANG_WARN_CONSTANT_CONVERSION = YES;
				CLANG_WARN_DEPRECATED_OBJC_IMPLEMENTATIONS = YES;
				CLANG_WARN_DIRECT_OBJC_ISA_USAGE = YES_ERROR;
				CLANG_WARN_DOCUMENTATION_COMMENTS = YES;
				CLANG_WARN_EMPTY_BODY = YES;
				CLANG_WARN_ENUM_CONVERSION = YES;
				CLANG_WARN_INFINITE_RECURSION = YES;
				CLANG_WARN_INT_CONVERSION = YES;
				CLANG_WARN_NON_LITERAL_NULL_CONVERSION = YES;
				CLANG_WARN_OBJC_IMPLICIT_RETAIN_SELF = YES;
				CLANG_WARN_OBJC_LITERAL_CONVERSION = YES;
				CLANG_WARN_OBJC_ROOT_CLASS = YES_ERROR;
				CLANG_WARN_QUOTED_INCLUDE_IN_FRAMEWORK_HEADER = YES;
				CLANG_WARN_RANGE_LOOP_ANALYSIS = YES;
				CLANG_WARN_STRICT_PROTOTYPES = YES;
				CLANG_WARN_SUSPICIOUS_MOVE = YES;
				CLANG_WARN_UNGUARDED_AVAILABILITY = YES_AGGRESSIVE;
				CLANG_WARN_UNREACHABLE_CODE = YES;
				CLANG_WARN__DUPLICATE_METHOD_MATCH = YES;
				COPY_PHASE_STRIP = NO;
				DEBUG_INFORMATION_FORMAT = "dwarf-with-dsym";
				ENABLE_NS_ASSERTIONS = NO;
				ENABLE_STRICT_OBJC_MSGSEND = YES;
				GCC_C_LANGUAGE_STANDARD = gnu11;
				GCC_NO_COMMON_BLOCKS = YES;
				GCC_WARN_64_TO_32_BIT_CONVERSION = YES;
				GCC_WARN_ABOUT_RETURN_TYPE = YES_ERROR;
				GCC_WARN_UNDECLARED_SELECTOR = YES;
				GCC_WARN_UNINITIALIZED_AUTOS = YES_AGGRESSIVE;
				GCC_WARN_UNUSED_FUNCTION = YES;
				GCC_WARN_UNUSED_VARIABLE = YES;
				IPHONEOS_DEPLOYMENT_TARGET = 16.2;
				MTL_ENABLE_DEBUG_INFO = NO;
				MTL_FAST_MATH = YES;
				SDKROOT = iphoneos;
				SWIFT_COMPILATION_MODE = wholemodule;
				SWIFT_OPTIMIZATION_LEVEL = "-O";
				VALIDATE_PRODUCT = YES;
			};
			name = Release;
		};
		35EAEB1A29CAF99600AAE587 /* Debug */ = {
			isa = XCBuildConfiguration;
			baseConfigurationReference = 174FD441555BF452A7BD1D4F /* Pods-VoiceConsultingApp.debug.xcconfig */;
			buildSettings = {
				ASSETCATALOG_COMPILER_APPICON_NAME = AppIcon;
				ASSETCATALOG_COMPILER_GLOBAL_ACCENT_COLOR_NAME = AccentColor;
				CODE_SIGN_STYLE = Automatic;
				CURRENT_PROJECT_VERSION = 1;
				DEVELOPMENT_TEAM = 45K89U54K6;
				GENERATE_INFOPLIST_FILE = YES;
				INFOPLIST_FILE = VoiceConsultingApp/Common/Info.plist;
				INFOPLIST_KEY_UIApplicationSupportsIndirectInputEvents = YES;
				INFOPLIST_KEY_UILaunchStoryboardName = LaunchScreen;
				INFOPLIST_KEY_UISupportedInterfaceOrientations_iPad = "UIInterfaceOrientationPortrait UIInterfaceOrientationPortraitUpsideDown UIInterfaceOrientationLandscapeLeft UIInterfaceOrientationLandscapeRight";
				INFOPLIST_KEY_UISupportedInterfaceOrientations_iPhone = "UIInterfaceOrientationPortrait UIInterfaceOrientationLandscapeLeft UIInterfaceOrientationLandscapeRight";
				LD_RUNPATH_SEARCH_PATHS = (
					"$(inherited)",
					"@executable_path/Frameworks",
				);
				MARKETING_VERSION = 1.0;
				PRODUCT_BUNDLE_IDENTIFIER = com.team.winconsultingapp;
				PRODUCT_NAME = "$(TARGET_NAME)";
				SWIFT_EMIT_LOC_STRINGS = YES;
				SWIFT_VERSION = 5.0;
				TARGETED_DEVICE_FAMILY = "1,2";
			};
			name = Debug;
		};
		35EAEB1B29CAF99600AAE587 /* Release */ = {
			isa = XCBuildConfiguration;
			baseConfigurationReference = 11C6FAD789A814862E5AC563 /* Pods-VoiceConsultingApp.release.xcconfig */;
			buildSettings = {
				ASSETCATALOG_COMPILER_APPICON_NAME = AppIcon;
				ASSETCATALOG_COMPILER_GLOBAL_ACCENT_COLOR_NAME = AccentColor;
				CODE_SIGN_STYLE = Automatic;
				CURRENT_PROJECT_VERSION = 1;
				DEVELOPMENT_TEAM = 45K89U54K6;
				GENERATE_INFOPLIST_FILE = YES;
				INFOPLIST_FILE = VoiceConsultingApp/Common/Info.plist;
				INFOPLIST_KEY_UIApplicationSupportsIndirectInputEvents = YES;
				INFOPLIST_KEY_UILaunchStoryboardName = LaunchScreen;
				INFOPLIST_KEY_UISupportedInterfaceOrientations_iPad = "UIInterfaceOrientationPortrait UIInterfaceOrientationPortraitUpsideDown UIInterfaceOrientationLandscapeLeft UIInterfaceOrientationLandscapeRight";
				INFOPLIST_KEY_UISupportedInterfaceOrientations_iPhone = "UIInterfaceOrientationPortrait UIInterfaceOrientationLandscapeLeft UIInterfaceOrientationLandscapeRight";
				LD_RUNPATH_SEARCH_PATHS = (
					"$(inherited)",
					"@executable_path/Frameworks",
				);
				MARKETING_VERSION = 1.0;
				PRODUCT_BUNDLE_IDENTIFIER = com.team.winconsultingapp;
				PRODUCT_NAME = "$(TARGET_NAME)";
				SWIFT_EMIT_LOC_STRINGS = YES;
				SWIFT_VERSION = 5.0;
				TARGETED_DEVICE_FAMILY = "1,2";
			};
			name = Release;
		};
		35EAEB1D29CAF99600AAE587 /* Debug */ = {
			isa = XCBuildConfiguration;
			baseConfigurationReference = AAFCD1EDD26116E7D2CB911B /* Pods-VoiceConsultingAppTests.debug.xcconfig */;
			buildSettings = {
				ALWAYS_EMBED_SWIFT_STANDARD_LIBRARIES = YES;
				BUNDLE_LOADER = "$(TEST_HOST)";
				CODE_SIGN_STYLE = Automatic;
				CURRENT_PROJECT_VERSION = 1;
				DEVELOPMENT_TEAM = 45K89U54K6;
				GENERATE_INFOPLIST_FILE = YES;
				IPHONEOS_DEPLOYMENT_TARGET = 16.2;
				MARKETING_VERSION = 1.0;
				PRODUCT_BUNDLE_IDENTIFIER = com.team.com.team.winconsultingapp.VoiceConsultingAppTests;
				PRODUCT_NAME = "$(TARGET_NAME)";
				SWIFT_EMIT_LOC_STRINGS = NO;
				SWIFT_VERSION = 5.0;
				TARGETED_DEVICE_FAMILY = "1,2";
				TEST_HOST = "$(BUILT_PRODUCTS_DIR)/VoiceConsultingApp.app/$(BUNDLE_EXECUTABLE_FOLDER_PATH)/VoiceConsultingApp";
			};
			name = Debug;
		};
		35EAEB1E29CAF99600AAE587 /* Release */ = {
			isa = XCBuildConfiguration;
			baseConfigurationReference = 4CCD1FFD233711E924D3DC95 /* Pods-VoiceConsultingAppTests.release.xcconfig */;
			buildSettings = {
				ALWAYS_EMBED_SWIFT_STANDARD_LIBRARIES = YES;
				BUNDLE_LOADER = "$(TEST_HOST)";
				CODE_SIGN_STYLE = Automatic;
				CURRENT_PROJECT_VERSION = 1;
				DEVELOPMENT_TEAM = 45K89U54K6;
				GENERATE_INFOPLIST_FILE = YES;
				IPHONEOS_DEPLOYMENT_TARGET = 16.2;
				MARKETING_VERSION = 1.0;
				PRODUCT_BUNDLE_IDENTIFIER = com.team.com.team.winconsultingapp.VoiceConsultingAppTests;
				PRODUCT_NAME = "$(TARGET_NAME)";
				SWIFT_EMIT_LOC_STRINGS = NO;
				SWIFT_VERSION = 5.0;
				TARGETED_DEVICE_FAMILY = "1,2";
				TEST_HOST = "$(BUILT_PRODUCTS_DIR)/VoiceConsultingApp.app/$(BUNDLE_EXECUTABLE_FOLDER_PATH)/VoiceConsultingApp";
			};
			name = Release;
		};
		35EAEB2029CAF99600AAE587 /* Debug */ = {
			isa = XCBuildConfiguration;
			baseConfigurationReference = D03C10FFF46ABC13E2629FA7 /* Pods-VoiceConsultingApp-VoiceConsultingAppUITests.debug.xcconfig */;
			buildSettings = {
				ALWAYS_EMBED_SWIFT_STANDARD_LIBRARIES = YES;
				CODE_SIGN_STYLE = Automatic;
				CURRENT_PROJECT_VERSION = 1;
				DEVELOPMENT_TEAM = 45K89U54K6;
				GENERATE_INFOPLIST_FILE = YES;
				MARKETING_VERSION = 1.0;
				PRODUCT_BUNDLE_IDENTIFIER = com.team.com.team.winconsultingapp.VoiceConsultingAppUITests;
				PRODUCT_NAME = "$(TARGET_NAME)";
				SWIFT_EMIT_LOC_STRINGS = NO;
				SWIFT_VERSION = 5.0;
				TARGETED_DEVICE_FAMILY = "1,2";
				TEST_TARGET_NAME = VoiceConsultingApp;
			};
			name = Debug;
		};
		35EAEB2129CAF99600AAE587 /* Release */ = {
			isa = XCBuildConfiguration;
			baseConfigurationReference = 6D3BF40FAF432A10EB3330E0 /* Pods-VoiceConsultingApp-VoiceConsultingAppUITests.release.xcconfig */;
			buildSettings = {
				ALWAYS_EMBED_SWIFT_STANDARD_LIBRARIES = YES;
				CODE_SIGN_STYLE = Automatic;
				CURRENT_PROJECT_VERSION = 1;
				DEVELOPMENT_TEAM = 45K89U54K6;
				GENERATE_INFOPLIST_FILE = YES;
				MARKETING_VERSION = 1.0;
				PRODUCT_BUNDLE_IDENTIFIER = com.team.com.team.winconsultingapp.VoiceConsultingAppUITests;
				PRODUCT_NAME = "$(TARGET_NAME)";
				SWIFT_EMIT_LOC_STRINGS = NO;
				SWIFT_VERSION = 5.0;
				TARGETED_DEVICE_FAMILY = "1,2";
				TEST_TARGET_NAME = VoiceConsultingApp;
			};
			name = Release;
		};
/* End XCBuildConfiguration section */

/* Begin XCConfigurationList section */
		35EAEAEA29CAF99500AAE587 /* Build configuration list for PBXProject "VoiceConsultingApp" */ = {
			isa = XCConfigurationList;
			buildConfigurations = (
				35EAEB1729CAF99600AAE587 /* Debug */,
				35EAEB1829CAF99600AAE587 /* Release */,
			);
			defaultConfigurationIsVisible = 0;
			defaultConfigurationName = Release;
		};
		35EAEB1929CAF99600AAE587 /* Build configuration list for PBXNativeTarget "VoiceConsultingApp" */ = {
			isa = XCConfigurationList;
			buildConfigurations = (
				35EAEB1A29CAF99600AAE587 /* Debug */,
				35EAEB1B29CAF99600AAE587 /* Release */,
			);
			defaultConfigurationIsVisible = 0;
			defaultConfigurationName = Release;
		};
		35EAEB1C29CAF99600AAE587 /* Build configuration list for PBXNativeTarget "VoiceConsultingAppTests" */ = {
			isa = XCConfigurationList;
			buildConfigurations = (
				35EAEB1D29CAF99600AAE587 /* Debug */,
				35EAEB1E29CAF99600AAE587 /* Release */,
			);
			defaultConfigurationIsVisible = 0;
			defaultConfigurationName = Release;
		};
		35EAEB1F29CAF99600AAE587 /* Build configuration list for PBXNativeTarget "VoiceConsultingAppUITests" */ = {
			isa = XCConfigurationList;
			buildConfigurations = (
				35EAEB2029CAF99600AAE587 /* Debug */,
				35EAEB2129CAF99600AAE587 /* Release */,
			);
			defaultConfigurationIsVisible = 0;
			defaultConfigurationName = Release;
		};
/* End XCConfigurationList section */
	};
	rootObject = 35EAEAE729CAF99500AAE587 /* Project object */;
}
